{
  "version": 4,
  "terraform_version": "1.2.9",
  "serial": 53,
  "lineage": "10c46fff-2cb0-632d-7fb0-0841e3315380",
  "outputs": {
    "LB_IP": {
      "value": [
        "193.122.204.59"
      ],
      "type": [
        "list",
        "string"
      ]
    },
    "comments": {
      "value": "The application URL will be unavailable for a few minutes after provisioning while the application is configured and deployed to Kubernetes",
      "type": "string"
    },
    "deploy_id": {
      "value": "efBn",
      "type": "string"
    },
    "deployed_oke_kubernetes_version": {
      "value": "v1.24.1",
      "type": "string"
    },
    "deployed_to_region": {
      "value": "us-ashburn-1",
      "type": "string"
    },
    "dev": {
      "value": "Made with ❤ by Oracle Developers",
      "type": "string"
    },
    "generated_private_key_pem": {
      "value": "-----BEGIN RSA PRIVATE KEY-----\nMIIEpAIBAAKCAQEAtJQLKoDMcnRBmDepwRzCVeXtFJkdfM52NfoZmDh3N1fiNxvw\nLr+gdKB9PPIX3uKK+EP3D4U7hoYDAT0ZVyg+Bi9IvFgvJTtsMZnvS1u/RorVBEJq\nGZrBUr9AE7Raor5//IU/eoT4LVqvDjAEDH8NCCl3X2dlDHNdbniPu5h5wy1NiCqx\n53AuPM9sMmGzIQquxNJo3X/fmxQ0sjI2jHUIG+y9/0JNu+0RwvgImcZG1ke/rVHt\nIlYzRfPfPMzTuRD3cGU5D7y+GCu1RA3CODjvVEYZlqH6MXeIAoD8cMCehBtmfnfg\njvmkL32dpewpUDwfl7F9Ivn8BV1yW5N6ClveLQIDAQABAoIBAF6F0+Z2rw4GPsOv\n92LHbA5MobITh/TpmcUdWkJs5DKLBTW1oR7HXfVOgN/jFY2s5fOYl/1+zy7WfUIr\nulT+EqFoJNm6C0ug9DxuiGzY5KHHUEO/hAxNDn8C70ahNIRV1WbYVOcMLWCIRHPX\nvHbSFn88PWkqFSHUTYbjAtG+uZXpAmCBv3GavmgVtNaLt41ZHnICueeNXnlts2QD\ncmDvm1zNo6YGzhBfy4GYf2K6ziOJeuCH2X1YLTijszZZcFMuDiz+aAa71YpcEV3X\nLNtLnRqHqLFDL+9qQCi9tXXF7b/MvvKIRzGm+u2dbhsn0KqA58CNaGxlc/vSkwSP\nhV+ARX0CgYEAytvoXv/2/5OWODuU70IhFm+aodTsPBiSbtBw4qiX7i73umK8EHVi\n/lQjhGJmis8ia+KQ9VHFYbU1n8u32CQdlEoM8LXuFGahvVhZUYB9eznhcjTLpJpr\nVAZXTUrIMXrSJCkEo0G9RYVx282DQErI8r2Li1TDTVN/2qSQ3IHzsEsCgYEA4+Hz\nWzrMQwjr2uXJ69MG+AfWmCjfSwON2T3bsndxCuDStpYYhoSyAEJJYP3jnqNeNAJf\npHFLewgwIjfkZ407UL1QUAODJ9KdkwszK5MM+l/Nqf6f5tAJgyWeKhLwLvcp4Z48\nxd90QmRYAsOzuQruONGK9Os4nMKqusmYX2hZ0GcCgYAv7AdW+ezlr33bRugGJX8f\nh7nl5SDxiXR+TSt9wAo0MFBBbbWzxadfIY1KZtyGiiw9hEZuTaTtUhua5ktF+jIq\np9uqua/GjgBDdK2U/V+nTqMdka9R8VDNhrn0/meQmM0v0ajQ0GTgGYguPrx04bXa\n8kAW6C1DBSi9BAdcsC5bRQKBgQC5NDbDK1s9E/ATvHPJ/H0KcdxfV8B6R84uA88d\nEWPHEodOK1iNYyUDftwCPvWSRXXXUSKIFCfjOvlbpg80dZ0CdoniLaiXYd381rpk\nrKN8jQYqJa2xOdyxQI515WRc1zWrjx4XNw9WshSxUnorZo3LkcmcWdtt0+xL2HHF\nAJsV+wKBgQCxjK7Q0f/rvixvgNhUff1c4mVQS2StVqJsHJ6xjfA8hrkB9jme4Hmk\n+b56klFBCZ4ds0DTJEbtmwDCitBVGq/gg5NIBCUchWz7IzQA2zUkrlrUnmXiKf/7\n8cKSfbAgYzU0ymTaCJzkCBZlRLQH3u2X7yIFnQ3nl7IC3CTuL4FrdQ==\n-----END RSA PRIVATE KEY-----\n",
      "type": "string",
      "sensitive": true
    },
    "kubeconfig_for_kubectl": {
      "value": "export KUBECONFIG=./generated/kubeconfig",
      "type": "string"
    }
  },
  "resources": [
    {
      "mode": "data",
      "type": "oci_containerengine_cluster_kube_config",
      "name": "oke_cluster_kube_config",
      "provider": "provider[\"registry.terraform.io/oracle/oci\"]",
      "instances": [
        {
          "schema_version": 0,
          "attributes": {
            "cluster_id": "ocid1.cluster.oc1.iad.aaaaaaaag65co3xrekpcmlt226wtq3bjbaz6fdn22u7fckzebc2blo2mc5bq",
            "content": "---\napiVersion: v1\nkind: \"\"\nclusters:\n- name: cluster-c2blo2mc5bq\n  cluster:\n    server: https://141.148.72.33:6443\n    certificate-authority-data: LS0tLS1CRUdJTiBDRVJUSUZJQ0FURS0tLS0tCk1JSURpRENDQW5DZ0F3SUJBZ0lRQ1hTbE81aU53SG9sMGt4MXFvUC9XekFOQmdrcWhraUc5dzBCQVFzRkFEQmUKTVE4d0RRWURWUVFEREFaTE9ITWdRMEV4Q3pBSkJnTlZCQVlUQWxWVE1ROHdEUVlEVlFRSERBWkJkWE4wYVc0eApEekFOQmdOVkJBb01Cazl5WVdOc1pURU1NQW9HQTFVRUN3d0RUMk5wTVE0d0RBWURWUVFJREFWVVpYaGhjekFlCkZ3MHlNakE1TVRVeE16QXlNRE5hRncweU56QTVNVFV4TXpBeU1ETmFNRjR4RHpBTkJnTlZCQU1NQmtzNGN5QkQKUVRFTE1Ba0dBMVVFQmhNQ1ZWTXhEekFOQmdOVkJBY01Ca0YxYzNScGJqRVBNQTBHQTFVRUNnd0dUM0poWTJ4bApNUXd3Q2dZRFZRUUxEQU5QWTJreERqQU1CZ05WQkFnTUJWUmxlR0Z6TUlJQklqQU5CZ2txaGtpRzl3MEJBUUVGCkFBT0NBUThBTUlJQkNnS0NBUUVBczVtbmErdVcwUWo5ZHJoSWp0dU1tV1pJNXZUWkpISmU4R1o0N0hCb00yYnkKamRqUkxHeFE0ejRiUmVmbEo0aENwaXBqL0RPdjZibXd5bFl2RHRHYmlRTHFZNDY5QVNQYlJRRVZmOXExT0JvVQpSWG5NUFo5MDk0WWI5RXdKZkR6SERvWnRYOVFQaFJYd3ZxQysyZ3FrQUZkWkJaejFjeWxOMVdmUVV5ZnAvOVVRCkNLZFVQTUFGTWVoZEZCejRmY3FBaUxMNkF6ZFhONDlNSS85dHRsZTFrYy9yM2RIYjZOSlBYQUZDKzRsV1ozWGMKalNuL3VZdks4QXNOdDAxWVJ6bDVtSE1JTXFGbXFOYSs0OGU2ekNmZlJublNCZXhtMnBtVVhLUy9PSXo1dVZBbQpyZnlYVWtJbXUrUjM1NUV4SENLWHJNTllKc1kxYmRtclFyYXZNRGhYNVFJREFRQUJvMEl3UURBUEJnTlZIUk1CCkFmOEVCVEFEQVFIL01BNEdBMVVkRHdFQi93UUVBd0lCQmpBZEJnTlZIUTRFRmdRVW9ZTE91TFlZVjZjNVZvL2kKNWdLbTAwQjhrb2d3RFFZSktvWklodmNOQVFFTEJRQURnZ0VCQUpLTGVYVHhnV0FHK2dFSEFQcFZiZ01xVWZHaQpqUDNycm5UZHNMVXFRWlJ6RElZZ1g3d3J2VzFvZEtPa0NtVUJVTmlobmt1UWhSS2d5YnZNV2dOZ0JDL0Y0VGt5ClhiaHB1ZlE5QlhBZ0FobUY0T2Fmem1TZlZNWmJNRFh2SXRCMEVuK2hGdW9Zci92N2JsYWFZT3ppbVNuMUdRR0gKaW4xanF2Wk9kN2hYdG9CY3BGNGlLTWp3dlFpTklIWjJMN3AyYmFVQjYxdHh4L01qcWE5azZ4dVpXTjVuQXlKZwpkcGtWSlprTE5mZkI5RE1lVE9JbzdOOVlWM0VkY252SDl2b201ZFRvNkFrcy9sdkdBYUlrcmYzblZHK0VWYmI1CjY2RFNJc2Z4SExIRElTYzhSbmxOc24vNzdNUU9QMURPNmpXcTFHTU1DWVM2aHV6bHdtRjZuS3lnWkpjPQotLS0tLUVORCBDRVJUSUZJQ0FURS0tLS0tCg==\nusers:\n- name: user-c2blo2mc5bq\n  user:\n    exec:\n      apiVersion: client.authentication.k8s.io/v1beta1\n      command: oci\n      args:\n      - ce\n      - cluster\n      - generate-token\n      - --cluster-id\n      - ocid1.cluster.oc1.iad.aaaaaaaag65co3xrekpcmlt226wtq3bjbaz6fdn22u7fckzebc2blo2mc5bq\n      - --region\n      - us-ashburn-1\n      env: []\ncontexts:\n- name: context-c2blo2mc5bq\n  context:\n    cluster: cluster-c2blo2mc5bq\n    user: user-c2blo2mc5bq\ncurrent-context: context-c2blo2mc5bq\n",
            "endpoint": null,
            "expiration": null,
            "id": "ContainerengineClusterKubeConfigDataSource-3883464989",
            "token_version": null
          },
          "sensitive_attributes": []
        }
      ]
    },
    {
      "mode": "data",
      "type": "oci_containerengine_cluster_option",
      "name": "oke",
      "provider": "provider[\"registry.terraform.io/oracle/oci\"]",
      "instances": [
        {
          "schema_version": 0,
          "attributes": {
            "cluster_option_id": "all",
            "cluster_pod_network_options": [
              {
                "cni_type": "OCI_VCN_IP_NATIVE"
              },
              {
                "cni_type": "FLANNEL_OVERLAY"
              }
            ],
            "compartment_id": null,
            "id": "ContainerengineClusterOptionDataSource-1870923232",
            "kubernetes_versions": [
              "v1.21.5",
              "v1.22.5",
              "v1.23.4",
              "v1.24.1"
            ]
          },
          "sensitive_attributes": []
        }
      ]
    },
    {
      "mode": "data",
      "type": "oci_containerengine_node_pool_option",
      "name": "oke",
      "provider": "provider[\"registry.terraform.io/oracle/oci\"]",
      "instances": [
        {
          "schema_version": 0,
          "attributes": {
            "compartment_id": null,
            "id": "ContainerengineNodePoolOptionDataSource-1870923232",
            "images": [
              "Oracle-Linux-7.4",
              "Oracle-Linux-7.5",
              "Oracle-Linux-7.6"
            ],
            "kubernetes_versions": [
              "v1.21.5",
              "v1.22.5",
              "v1.23.4",
              "v1.24.1"
            ],
            "node_pool_option_id": "all",
            "shapes": [
              "BM.DenseIO.E4.128",
              "BM.DenseIO2.52",
              "BM.GPU2.2",
              "BM.GPU3.8",
              "BM.HPC2.36",
              "BM.Optimized3.36",
              "BM.Standard.A1.160",
              "BM.Standard.B1.44",
              "BM.Standard.E2.64",
              "BM.Standard.E3.128",
              "BM.Standard.E4.128",
              "BM.Standard1.36",
              "BM.Standard2.52",
              "BM.Standard3.64",
              "VM.DenseIO.E4.Flex",
              "VM.DenseIO2.16",
              "VM.DenseIO2.24",
              "VM.DenseIO2.8",
              "VM.GPU2.1",
              "VM.GPU3.1",
              "VM.GPU3.2",
              "VM.GPU3.4",
              "VM.Optimized3.Flex",
              "VM.Standard.A1.Flex",
              "VM.Standard.B1.1",
              "VM.Standard.B1.16",
              "VM.Standard.B1.2",
              "VM.Standard.B1.4",
              "VM.Standard.B1.8",
              "VM.Standard.E2.1",
              "VM.Standard.E2.2",
              "VM.Standard.E2.4",
              "VM.Standard.E2.8",
              "VM.Standard.E3.Flex",
              "VM.Standard.E4.Flex",
              "VM.Standard1.1",
              "VM.Standard1.16",
              "VM.Standard1.2",
              "VM.Standard1.4",
              "VM.Standard1.8",
              "VM.Standard2.1",
              "VM.Standard2.16",
              "VM.Standard2.2",
              "VM.Standard2.24",
              "VM.Standard2.4",
              "VM.Standard2.8",
              "VM.Standard3.Flex"
            ],
            "sources": [
              {
                "image_id": "ocid1.image.oc1.iad.aaaaaaaax2qgsvj7glbaurba3d22asvmd4fwy7jbfeofai7aggo3cyaguigq",
                "source_name": "Oracle-Linux-7.9-2022.06.30-0-OKE-1.23.4-392",
                "source_type": "IMAGE"
              },
              {
                "image_id": "ocid1.image.oc1.iad.aaaaaaaanwu6jgqy6axn7tyohl6rn2p6vnkkgy2ap53ixefi5xkesgdfutza",
                "source_name": "Oracle-Linux-7.9-2022.05.31-0-OKE-1.23.4-312",
                "source_type": "IMAGE"
              },
              {
                "image_id": "ocid1.image.oc1.iad.aaaaaaaacich65ocy3fp6uqg66qqjmku7yeqwjz5ojfhvhwxvcwqo44kj2oq",
                "source_name": "Oracle-Linux-7.9-2022.04.26-0-OKE-1.23.4-248",
                "source_type": "IMAGE"
              },
              {
                "image_id": "ocid1.image.oc1.iad.aaaaaaaaqb5sfzgvpnlk43ou54ou5553lthn2l3xjuti6jgawoqjgnfixkeq",
                "source_name": "Oracle-Linux-7.9-Gen2-GPU-2022.06.30-0-OKE-1.23.4-392",
                "source_type": "IMAGE"
              },
              {
                "image_id": "ocid1.image.oc1.iad.aaaaaaaaggx5ruu4x2qjh6tfbu5uu2gdkz53eefpu5bsgd3u74zrc2qszcla",
                "source_name": "Oracle-Linux-7.9-Gen2-GPU-2022.05.31-0-OKE-1.23.4-312",
                "source_type": "IMAGE"
              },
              {
                "image_id": "ocid1.image.oc1.iad.aaaaaaaa2d2gy4gwndxk4pblirred4lisfg3dj4yu4noqyz2zikpucurneoa",
                "source_name": "Oracle-Linux-7.9-Gen2-GPU-2022.04.25-0-OKE-1.23.4-251",
                "source_type": "IMAGE"
              },
              {
                "image_id": "ocid1.image.oc1.iad.aaaaaaaa3ibobhdxnkycnsk7wfhjgf36xzt6z4kjpwmqlbsvoh5foyvzfboa",
                "source_name": "Oracle-Linux-7.9-aarch64-2022.06.30-0-OKE-1.23.4-392",
                "source_type": "IMAGE"
              },
              {
                "image_id": "ocid1.image.oc1.iad.aaaaaaaawkpo4hfaqcvbstmsjhoo4itb5ydkiwggbpgkjfk6mlvrhfo5jmtq",
                "source_name": "Oracle-Linux-7.9-aarch64-2022.05.30-0-OKE-1.23.4-309",
                "source_type": "IMAGE"
              },
              {
                "image_id": "ocid1.image.oc1.iad.aaaaaaaat25yy37g6docsbikjpr2ekuex6yquohxztfzawpilxbvxq32u73a",
                "source_name": "Oracle-Linux-7.9-aarch64-2022.04.26-0-OKE-1.23.4-246",
                "source_type": "IMAGE"
              },
              {
                "image_id": "ocid1.image.oc1.iad.aaaaaaaal2ji5v6zd3tuckxl3zhkvbkhb7cdywb5minqud4xfo4partzrqnq",
                "source_name": "Oracle-Linux-7.9-2022.06.30-0-OKE-1.22.5-392",
                "source_type": "IMAGE"
              },
              {
                "image_id": "ocid1.image.oc1.iad.aaaaaaaap4ijun3sz56cpql7r7lus63acwz26rnt73tx73hphhaftr23heya",
                "source_name": "Oracle-Linux-7.9-2022.05.31-0-OKE-1.22.5-312",
                "source_type": "IMAGE"
              },
              {
                "image_id": "ocid1.image.oc1.iad.aaaaaaaawqwjpvwefv565gkp5q3ojvppsyts7eljuf4xd6vihjy2se2arbpq",
                "source_name": "Oracle-Linux-7.9-2022.04.26-0-OKE-1.22.5-248",
                "source_type": "IMAGE"
              },
              {
                "image_id": "ocid1.image.oc1.iad.aaaaaaaavx6aofxk2tv4zmyjsswkv2tvbijv6562qbwjw4zftgl73mytu4cq",
                "source_name": "Oracle-Linux-7.9-Gen2-GPU-2022.06.30-0-OKE-1.22.5-392",
                "source_type": "IMAGE"
              },
              {
                "image_id": "ocid1.image.oc1.iad.aaaaaaaadbgbalas6ziqgkpr744sldc2bmcclgmr6pjoojkpd2f6blvgwjra",
                "source_name": "Oracle-Linux-7.9-Gen2-GPU-2022.05.31-0-OKE-1.22.5-312",
                "source_type": "IMAGE"
              },
              {
                "image_id": "ocid1.image.oc1.iad.aaaaaaaa3xo7tlzist4ac726qernbtyjxssbktrbkg4n5q5m5yllnzzf6ssa",
                "source_name": "Oracle-Linux-7.9-Gen2-GPU-2022.04.25-0-OKE-1.22.5-252",
                "source_type": "IMAGE"
              },
              {
                "image_id": "ocid1.image.oc1.iad.aaaaaaaac22wo5lfac2xss5myhtiqvhtby3bx7of7xd3osax5rxvw7xlddsa",
                "source_name": "Oracle-Linux-7.9-aarch64-2022.06.30-0-OKE-1.22.5-392",
                "source_type": "IMAGE"
              },
              {
                "image_id": "ocid1.image.oc1.iad.aaaaaaaacdcddtiagmoblojg3fzsygzuvmox2poj4pkxq623ii643k2kypcq",
                "source_name": "Oracle-Linux-7.9-aarch64-2022.05.30-0-OKE-1.22.5-309",
                "source_type": "IMAGE"
              },
              {
                "image_id": "ocid1.image.oc1.iad.aaaaaaaacqixpnt45ixkqjrcze32s3l4qv2zyak5eojgax46xdfpkgp4czha",
                "source_name": "Oracle-Linux-7.9-aarch64-2022.04.26-0-OKE-1.22.5-250",
                "source_type": "IMAGE"
              },
              {
                "image_id": "ocid1.image.oc1.iad.aaaaaaaa2qh2cwwm7f23wrj2qamec5vmw3w72uvxbnsng5rddnizflsypsva",
                "source_name": "Oracle-Linux-7.9-2022.06.30-0-OKE-1.21.5-392",
                "source_type": "IMAGE"
              },
              {
                "image_id": "ocid1.image.oc1.iad.aaaaaaaasga5xvg577hhrs5pgecd36audczqnk5zxjbedorx5sms7yzrc6bq",
                "source_name": "Oracle-Linux-7.9-2022.05.31-0-OKE-1.21.5-315",
                "source_type": "IMAGE"
              },
              {
                "image_id": "ocid1.image.oc1.iad.aaaaaaaal4ylfzxz7i6s4ynmouzbnjwtxmlydkep2d2ohdx2xlesjqcvmugq",
                "source_name": "Oracle-Linux-7.9-2022.04.26-0-OKE-1.21.5-248",
                "source_type": "IMAGE"
              },
              {
                "image_id": "ocid1.image.oc1.iad.aaaaaaaawfnjrmfx7zetbskgt2ssv75kwizghvodx3an4n3b6kwzi5tcnukq",
                "source_name": "Oracle-Linux-7.9-Gen2-GPU-2022.06.30-0-OKE-1.21.5-392",
                "source_type": "IMAGE"
              },
              {
                "image_id": "ocid1.image.oc1.iad.aaaaaaaadypwc3q7wpxv5qnppqeqkopsvq7wlltsattf6pl72iuys62varqq",
                "source_name": "Oracle-Linux-7.9-Gen2-GPU-2022.05.31-0-OKE-1.21.5-316",
                "source_type": "IMAGE"
              },
              {
                "image_id": "ocid1.image.oc1.iad.aaaaaaaaf6zaaprnphrbv57ynkchntwfelu67pr3ckocjvw5ofluowtf5sfq",
                "source_name": "Oracle-Linux-7.9-Gen2-GPU-2022.04.25-0-OKE-1.21.5-251",
                "source_type": "IMAGE"
              },
              {
                "image_id": "ocid1.image.oc1.iad.aaaaaaaayh36i4ktxyok3dt2q6y5m75w3knpmmk4dosct3qammwgfg7emusq",
                "source_name": "Oracle-Linux-7.9-aarch64-2022.06.30-0-OKE-1.21.5-392",
                "source_type": "IMAGE"
              },
              {
                "image_id": "ocid1.image.oc1.iad.aaaaaaaarvlnyq6k37uyviulxg6sfoaramsn5f3e4jvesidgg6s4nrl7m3ya",
                "source_name": "Oracle-Linux-7.9-aarch64-2022.05.30-0-OKE-1.21.5-309",
                "source_type": "IMAGE"
              },
              {
                "image_id": "ocid1.image.oc1.iad.aaaaaaaa3xucevqgdret5ssdcwuoj4xt6l5i3rtothjkficzzob6m4imxxza",
                "source_name": "Oracle-Linux-7.9-aarch64-2022.04.26-0-OKE-1.21.5-250",
                "source_type": "IMAGE"
              },
              {
                "image_id": "ocid1.image.oc1.iad.aaaaaaaabq34jg7e6v3niwwytgxloo5eges3zy4vbvdpjcb7ojtrew3edbda",
                "source_name": "Oracle-Linux-7.9-2022.06.30-0-OKE-1.24.1-417",
                "source_type": "IMAGE"
              },
              {
                "image_id": "ocid1.image.oc1.iad.aaaaaaaa7lyt5l4dhpqdp6ddzbvmj3getvqhmhlrw6akpkospfjscmbsxjmq",
                "source_name": "Oracle-Linux-7.9-Gen2-GPU-2022.06.30-0-OKE-1.24.1-417",
                "source_type": "IMAGE"
              },
              {
                "image_id": "ocid1.image.oc1.iad.aaaaaaaaauzhh6fwwdyadbr743hfam7iuh5eqaxturj43a24j2cshhshwk2q",
                "source_name": "Oracle-Linux-7.9-aarch64-2022.06.30-0-OKE-1.24.1-417",
                "source_type": "IMAGE"
              },
              {
                "image_id": "ocid1.image.oc1.iad.aaaaaaaammndnkjpb2fz5cjwpxhfthvx7wfcst2ihezze276lkei2cnon4vq",
                "source_name": "Oracle-Linux-8.6-2022.06.30-0-OKE-1.23.4-392",
                "source_type": "IMAGE"
              },
              {
                "image_id": "ocid1.image.oc1.iad.aaaaaaaaev3phftpcnv35ofzhevkj2e3hrqxsvzuz4fhylbcawvmgd2qe3gq",
                "source_name": "Oracle-Linux-8.6-2022.05.31-0-OKE-1.23.4-309",
                "source_type": "IMAGE"
              },
              {
                "image_id": "ocid1.image.oc1.iad.aaaaaaaankve2e2lp2wlvohoh2oho5ldrc7djma2vbv7ct6lx3b7v7avxkya",
                "source_name": "Oracle-Linux-8.5-2022.04.26-0-OKE-1.23.4-250",
                "source_type": "IMAGE"
              },
              {
                "image_id": "ocid1.image.oc1.iad.aaaaaaaaqar44shvmohx5fcdfxdgj7zrw7mu75k2xuss2yoeeqzdpk2xbkla",
                "source_name": "Oracle-Linux-8.6-Gen2-GPU-2022.06.30-0-OKE-1.23.4-392",
                "source_type": "IMAGE"
              },
              {
                "image_id": "ocid1.image.oc1.iad.aaaaaaaab3uvzxljj5tworqf4j4mnktswxsdl2xj77sluxirdmon7l5acccq",
                "source_name": "Oracle-Linux-8.6-Gen2-GPU-2022.05.31-0-OKE-1.23.4-311",
                "source_type": "IMAGE"
              },
              {
                "image_id": "ocid1.image.oc1.iad.aaaaaaaaev4vopmuia6dlt2ycy4tmcy2n2uuvkkds2lmr6ky5teopz4t2wcq",
                "source_name": "Oracle-Linux-8.5-Gen2-GPU-2022.04.25-0-OKE-1.23.4-250",
                "source_type": "IMAGE"
              },
              {
                "image_id": "ocid1.image.oc1.iad.aaaaaaaacl5qd37luerbwp57thhpyrabjlzoj2eh2z73wipr5ud75ifxnrua",
                "source_name": "Oracle-Linux-8.6-aarch64-2022.06.30-0-OKE-1.23.4-392",
                "source_type": "IMAGE"
              },
              {
                "image_id": "ocid1.image.oc1.iad.aaaaaaaaiiqhdnlwlfrlrtnwalhrell23mvtzxopreyk5qgcvcjeffvi5una",
                "source_name": "Oracle-Linux-8.6-aarch64-2022.05.30-0-OKE-1.23.4-311",
                "source_type": "IMAGE"
              },
              {
                "image_id": "ocid1.image.oc1.iad.aaaaaaaais6sbdphbvos4ro5qjlzix4qovkgkzofxgzsksdlivtfgin6xsqa",
                "source_name": "Oracle-Linux-8.5-aarch64-2022.04.26-0-OKE-1.23.4-246",
                "source_type": "IMAGE"
              },
              {
                "image_id": "ocid1.image.oc1.iad.aaaaaaaawtzypmhqmhft4m7mkgybe2butmpy7e5xw7r6ulpewvb74sk7wkaa",
                "source_name": "Oracle-Linux-8.6-2022.06.30-0-OKE-1.22.5-392",
                "source_type": "IMAGE"
              },
              {
                "image_id": "ocid1.image.oc1.iad.aaaaaaaad5vdq76fjxo5dqwxvnl53eq4rugcwufbk4z5b4d4s6zvxoewqkga",
                "source_name": "Oracle-Linux-8.6-2022.05.31-0-OKE-1.22.5-309",
                "source_type": "IMAGE"
              },
              {
                "image_id": "ocid1.image.oc1.iad.aaaaaaaaozzqpqz5bgezptxlusfiflqwqppinbajkv5tghldueofl2gti3rq",
                "source_name": "Oracle-Linux-8.5-2022.04.26-0-OKE-1.22.5-250",
                "source_type": "IMAGE"
              },
              {
                "image_id": "ocid1.image.oc1.iad.aaaaaaaax5vkp4de5fckvkm73owp3dggi7n6bdbrlo3zkellhfejbcxgggxa",
                "source_name": "Oracle-Linux-8.6-Gen2-GPU-2022.06.30-0-OKE-1.22.5-392",
                "source_type": "IMAGE"
              },
              {
                "image_id": "ocid1.image.oc1.iad.aaaaaaaaqrhuskx5x344ey6tn2d66nnx5osnm3iubq65hv4cwlztcxbllcnq",
                "source_name": "Oracle-Linux-8.6-Gen2-GPU-2022.05.31-0-OKE-1.22.5-311",
                "source_type": "IMAGE"
              },
              {
                "image_id": "ocid1.image.oc1.iad.aaaaaaaajvp2l3ijz6yx766fem6vuqnzswuluct2mzqwqe7pjjuhw3vnwyhq",
                "source_name": "Oracle-Linux-8.5-Gen2-GPU-2022.04.25-0-OKE-1.22.5-252",
                "source_type": "IMAGE"
              },
              {
                "image_id": "ocid1.image.oc1.iad.aaaaaaaa4nixs32b5vjlhgzpbmupklriafia7ejrvyc5plhsu5q2ej274dxa",
                "source_name": "Oracle-Linux-8.6-aarch64-2022.06.30-0-OKE-1.22.5-392",
                "source_type": "IMAGE"
              },
              {
                "image_id": "ocid1.image.oc1.iad.aaaaaaaac4hyff6coauzrt3csiwxtipup5eyilcgmfic5o4cgkiubf7xddyq",
                "source_name": "Oracle-Linux-8.6-aarch64-2022.05.30-0-OKE-1.22.5-311",
                "source_type": "IMAGE"
              },
              {
                "image_id": "ocid1.image.oc1.iad.aaaaaaaa25o4mhr37q3z7j5b4o4tzesgmd6oidnh4jb27pxbln2em2rhfmfq",
                "source_name": "Oracle-Linux-8.5-aarch64-2022.04.26-0-OKE-1.22.5-246",
                "source_type": "IMAGE"
              },
              {
                "image_id": "ocid1.image.oc1.iad.aaaaaaaafqyb26kj55yp6jqmtjinarv2bbhypsky3xls6tkoa5bupbgcgvpq",
                "source_name": "Oracle-Linux-8.6-2022.06.30-0-OKE-1.21.5-392",
                "source_type": "IMAGE"
              },
              {
                "image_id": "ocid1.image.oc1.iad.aaaaaaaa2mafuq2ykskolwcx626meqjn44t2r7dkp3rapx762hhvu2kfunka",
                "source_name": "Oracle-Linux-8.6-2022.05.31-0-OKE-1.21.5-309",
                "source_type": "IMAGE"
              },
              {
                "image_id": "ocid1.image.oc1.iad.aaaaaaaadvfx42i7kwpwhwwxos5phqr7er3soimdde3ms5h7jand6xafilka",
                "source_name": "Oracle-Linux-8.5-2022.04.26-0-OKE-1.21.5-250",
                "source_type": "IMAGE"
              },
              {
                "image_id": "ocid1.image.oc1.iad.aaaaaaaapdzuwscpvijhj4r4nsvmyun6qwdq6ysbzz7yunjehbeuccbbghgq",
                "source_name": "Oracle-Linux-8.6-Gen2-GPU-2022.06.30-0-OKE-1.21.5-392",
                "source_type": "IMAGE"
              },
              {
                "image_id": "ocid1.image.oc1.iad.aaaaaaaanvhxwjtrns3vpewyqjslr6p52jqrphrtzucwrbday6inwedu6u4a",
                "source_name": "Oracle-Linux-8.6-Gen2-GPU-2022.05.31-0-OKE-1.21.5-311",
                "source_type": "IMAGE"
              },
              {
                "image_id": "ocid1.image.oc1.iad.aaaaaaaadzv7zpnib33ptdhicjeqm42mzopvhjhnn6xaolple2gouauqwkvq",
                "source_name": "Oracle-Linux-8.5-Gen2-GPU-2022.04.25-0-OKE-1.21.5-248",
                "source_type": "IMAGE"
              },
              {
                "image_id": "ocid1.image.oc1.iad.aaaaaaaapmges56kbakqbhscp4johy5jtzc4hmqnv3wekxgqkvm2vaedeuja",
                "source_name": "Oracle-Linux-8.6-aarch64-2022.06.30-0-OKE-1.21.5-392",
                "source_type": "IMAGE"
              },
              {
                "image_id": "ocid1.image.oc1.iad.aaaaaaaa2caix56v5ul62sdeeb25uogau3fgklit5subvkd62sbqetvvoy5q",
                "source_name": "Oracle-Linux-8.6-aarch64-2022.05.30-0-OKE-1.21.5-311",
                "source_type": "IMAGE"
              },
              {
                "image_id": "ocid1.image.oc1.iad.aaaaaaaatjpjpp6dvmt2hhess3ekilybdvcpwl5cuijaaj6mnndxoa6s3lka",
                "source_name": "Oracle-Linux-8.5-aarch64-2022.04.26-0-OKE-1.21.5-246",
                "source_type": "IMAGE"
              },
              {
                "image_id": "ocid1.image.oc1.iad.aaaaaaaamlvsgoxcm5ekjiouodayntysovjxjcggle3aioweoptwwrfdy77a",
                "source_name": "Oracle-Linux-8.6-2022.06.30-0-OKE-1.24.1-417",
                "source_type": "IMAGE"
              },
              {
                "image_id": "ocid1.image.oc1.iad.aaaaaaaacpxx4kxgknrz5ks4bsql32wat5653oq4jixtfula7zfhvnilineq",
                "source_name": "Oracle-Linux-8.6-Gen2-GPU-2022.06.30-0-OKE-1.24.1-417",
                "source_type": "IMAGE"
              },
              {
                "image_id": "ocid1.image.oc1.iad.aaaaaaaadl5lond67wh3qx64qjpzh2apqmnranxaorhww3vlxxoipjqa53lq",
                "source_name": "Oracle-Linux-8.6-aarch64-2022.06.30-0-OKE-1.24.1-417",
                "source_type": "IMAGE"
              },
              {
                "image_id": "ocid1.image.oc1.iad.aaaaaaaa7l6ujcgbc4sljhemjxyn2nohi3bwuxiz75iqyxp7o4ir4bl5j63a",
                "source_name": "Oracle-Linux-8.6-aarch64-2022.08.29-0",
                "source_type": "IMAGE"
              },
              {
                "image_id": "ocid1.image.oc1.iad.aaaaaaaaznxeujxmpb4spx23p7lo4ovgurzljfgvw7fdk4haivkcxjk7wraa",
                "source_name": "Oracle-Linux-8.6-aarch64-2022.08.08-0",
                "source_type": "IMAGE"
              },
              {
                "image_id": "ocid1.image.oc1.iad.aaaaaaaabibzfmbo7aulkqsh4vnb3h5noehrvd366yr3bpmrqg6dxjunlrda",
                "source_name": "Oracle-Linux-8.6-aarch64-2022.06.30-0",
                "source_type": "IMAGE"
              },
              {
                "image_id": "ocid1.image.oc1.iad.aaaaaaaa3bpybqycr2fp3mwusjdmdnrg6mwx7xevn35av6obekjizma4ph4q",
                "source_name": "Oracle-Linux-8.6-Gen2-GPU-2022.08.29-0",
                "source_type": "IMAGE"
              },
              {
                "image_id": "ocid1.image.oc1.iad.aaaaaaaa5r5rrmygz247s5z7lco3p5oghiuazqfifalxodpvrx4b3uppiuwa",
                "source_name": "Oracle-Linux-8.6-Gen2-GPU-2022.06.30-0",
                "source_type": "IMAGE"
              },
              {
                "image_id": "ocid1.image.oc1.iad.aaaaaaaaayz3f3gtuo64fmiochcvbhw6d6dodtawncoiqvrzvsgpxzulvrla",
                "source_name": "Oracle-Linux-8.6-Gen2-GPU-2022.05.31-0",
                "source_type": "IMAGE"
              },
              {
                "image_id": "ocid1.image.oc1.iad.aaaaaaaasdqmcux7p5sdhhsqygmfzf2n6smemihykfv4bv7qh4235zre75da",
                "source_name": "Oracle-Linux-8.6-2022.08.29-0",
                "source_type": "IMAGE"
              },
              {
                "image_id": "ocid1.image.oc1.iad.aaaaaaaanpammf3j2xcbcoykbwlk3m35ko6svsdj2sut2fjtmnmujcnh3pvq",
                "source_name": "Oracle-Linux-8.6-2022.08.08-0",
                "source_type": "IMAGE"
              },
              {
                "image_id": "ocid1.image.oc1.iad.aaaaaaaapcf3o54qeigj22nowwdtceyepisigpz3fho67l3xm7lmqkrgb62q",
                "source_name": "Oracle-Linux-8.6-2022.06.30-0",
                "source_type": "IMAGE"
              },
              {
                "image_id": "ocid1.image.oc1.iad.aaaaaaaanzjxwelzastd5shw6dp5vp27mun5pbho6wx6stq3bkkdd6qavipq",
                "source_name": "Oracle-Linux-7.9-aarch64-2022.08.29-0",
                "source_type": "IMAGE"
              },
              {
                "image_id": "ocid1.image.oc1.iad.aaaaaaaapmxc6w2u7okcabgaxi4kn6fpqafqbe5aunvieujej6nggpwbtssa",
                "source_name": "Oracle-Linux-7.9-aarch64-2022.08.08-0",
                "source_type": "IMAGE"
              },
              {
                "image_id": "ocid1.image.oc1.iad.aaaaaaaaqzv6xstora7q2kgpnqzy64qcltpbheslarcb4uosal5oudos3vsa",
                "source_name": "Oracle-Linux-7.9-aarch64-2022.06.30-0",
                "source_type": "IMAGE"
              },
              {
                "image_id": "ocid1.image.oc1.iad.aaaaaaaapb2bjo6cirbbitdkyv5723n5ei6h3vocaay2h6b6kqmdajlhjs6a",
                "source_name": "Oracle-Linux-7.9-Gen2-GPU-2022.08.29-0",
                "source_type": "IMAGE"
              },
              {
                "image_id": "ocid1.image.oc1.iad.aaaaaaaa3enxrw3zmppgfydgkmjww32gcwzaqlzqrjg6l4tbz7ntqiwmelba",
                "source_name": "Oracle-Linux-7.9-Gen2-GPU-2022.06.30-0",
                "source_type": "IMAGE"
              },
              {
                "image_id": "ocid1.image.oc1.iad.aaaaaaaa7poxzuhgc4thyi6ozxyrbedzbl56bh3tczfbjiwmzz7aqkdaabwq",
                "source_name": "Oracle-Linux-7.9-Gen2-GPU-2022.05.31-0",
                "source_type": "IMAGE"
              },
              {
                "image_id": "ocid1.image.oc1.iad.aaaaaaaakv7vhpdllpbotmmjvxus3j5nh6wt2n43ddcg3cl5fnq5p6kngkza",
                "source_name": "Oracle-Linux-7.9-2022.08.29-0",
                "source_type": "IMAGE"
              },
              {
                "image_id": "ocid1.image.oc1.iad.aaaaaaaay7aycmqdnjc3y4prhsapf73c6awhevptoik5qeqgzi43s2cdtifq",
                "source_name": "Oracle-Linux-7.9-2022.08.08-0",
                "source_type": "IMAGE"
              },
              {
                "image_id": "ocid1.image.oc1.iad.aaaaaaaaueyjkij7hhvyofeqw5l3efhead27amqvv6dxeq2cbi5ho65iud3a",
                "source_name": "Oracle-Linux-7.9-2022.06.30-0",
                "source_type": "IMAGE"
              },
              {
                "image_id": "ocid1.image.oc1.iad.aaaaaaaay66pu7z27ltbx2uuatzgfywzixbp34wx7xoze52pk33psz47vlfa",
                "source_name": "Oracle-Linux-7.6",
                "source_type": "IMAGE"
              }
            ]
          },
          "sensitive_attributes": []
        }
      ]
    },
    {
      "mode": "data",
      "type": "oci_core_images",
      "name": "node_pool_images",
      "provider": "provider[\"registry.terraform.io/oracle/oci\"]",
      "instances": [
        {
          "schema_version": 0,
          "attributes": {
            "compartment_id": "ocid1.compartment.oc1..aaaaaaaalpco7s53yuj7s7d42neodtn7rtj6e2trjijpgvywy4rxnnegc4iq",
            "display_name": null,
            "filter": null,
            "id": "CoreImagesDataSource-2766625574",
            "images": [
              {
                "agent_features": [],
                "base_image_id": "",
                "billable_size_in_gbs": "4",
                "compartment_id": "",
                "create_image_allowed": true,
                "defined_tags": {},
                "display_name": "Oracle-Linux-7.9-2022.08.29-0",
                "freeform_tags": {},
                "id": "ocid1.image.oc1.iad.aaaaaaaakv7vhpdllpbotmmjvxus3j5nh6wt2n43ddcg3cl5fnq5p6kngkza",
                "image_source_details": [],
                "instance_id": "",
                "launch_mode": "NATIVE",
                "launch_options": [
                  {
                    "boot_volume_type": "PARAVIRTUALIZED",
                    "firmware": "UEFI_64",
                    "is_consistent_volume_naming_enabled": true,
                    "is_pv_encryption_in_transit_enabled": true,
                    "network_type": "PARAVIRTUALIZED",
                    "remote_data_volume_type": "PARAVIRTUALIZED"
                  }
                ],
                "listing_type": "",
                "operating_system": "Oracle Linux",
                "operating_system_version": "7.9",
                "size_in_mbs": "47694",
                "state": "AVAILABLE",
                "time_created": "2022-09-05 05:23:47.99 +0000 UTC"
              },
              {
                "agent_features": [],
                "base_image_id": "",
                "billable_size_in_gbs": "4",
                "compartment_id": "",
                "create_image_allowed": true,
                "defined_tags": {},
                "display_name": "Oracle-Linux-7.9-2022.08.08-0",
                "freeform_tags": {},
                "id": "ocid1.image.oc1.iad.aaaaaaaay7aycmqdnjc3y4prhsapf73c6awhevptoik5qeqgzi43s2cdtifq",
                "image_source_details": [],
                "instance_id": "",
                "launch_mode": "NATIVE",
                "launch_options": [
                  {
                    "boot_volume_type": "PARAVIRTUALIZED",
                    "firmware": "UEFI_64",
                    "is_consistent_volume_naming_enabled": true,
                    "is_pv_encryption_in_transit_enabled": true,
                    "network_type": "PARAVIRTUALIZED",
                    "remote_data_volume_type": "PARAVIRTUALIZED"
                  }
                ],
                "listing_type": "",
                "operating_system": "Oracle Linux",
                "operating_system_version": "7.9",
                "size_in_mbs": "47694",
                "state": "AVAILABLE",
                "time_created": "2022-08-10 06:47:17.843 +0000 UTC"
              },
              {
                "agent_features": [],
                "base_image_id": "",
                "billable_size_in_gbs": "4",
                "compartment_id": "",
                "create_image_allowed": true,
                "defined_tags": {},
                "display_name": "Oracle-Linux-7.9-2022.06.30-0",
                "freeform_tags": {},
                "id": "ocid1.image.oc1.iad.aaaaaaaaueyjkij7hhvyofeqw5l3efhead27amqvv6dxeq2cbi5ho65iud3a",
                "image_source_details": [],
                "instance_id": "",
                "launch_mode": "NATIVE",
                "launch_options": [
                  {
                    "boot_volume_type": "PARAVIRTUALIZED",
                    "firmware": "UEFI_64",
                    "is_consistent_volume_naming_enabled": true,
                    "is_pv_encryption_in_transit_enabled": true,
                    "network_type": "PARAVIRTUALIZED",
                    "remote_data_volume_type": "PARAVIRTUALIZED"
                  }
                ],
                "listing_type": "",
                "operating_system": "Oracle Linux",
                "operating_system_version": "7.9",
                "size_in_mbs": "47694",
                "state": "AVAILABLE",
                "time_created": "2022-07-07 09:19:56.284 +0000 UTC"
              }
            ],
            "operating_system": "Oracle Linux",
            "operating_system_version": "7.9",
            "shape": "VM.Standard.E3.Flex",
            "sort_by": "TIMECREATED",
            "sort_order": "DESC",
            "state": null
          },
          "sensitive_attributes": []
        }
      ]
    },
    {
      "mode": "data",
      "type": "oci_core_services",
      "name": "all_services",
      "provider": "provider[\"registry.terraform.io/oracle/oci\"]",
      "instances": [
        {
          "schema_version": 0,
          "attributes": {
            "filter": [
              {
                "name": "name",
                "regex": true,
                "values": [
                  "All .* Services In Oracle Services Network"
                ]
              }
            ],
            "id": "CoreServicesDataSource-0",
            "services": [
              {
                "cidr_block": "all-iad-services-in-oracle-services-network",
                "description": "All IAD Services In Oracle Services Network",
                "id": "ocid1.service.oc1.iad.aaaaaaaam4zfmy2rjue6fmglumm3czgisxzrnvrwqeodtztg7hwa272mlfna",
                "name": "All IAD Services In Oracle Services Network"
              }
            ]
          },
          "sensitive_attributes": []
        }
      ]
    },
    {
      "mode": "data",
      "type": "oci_identity_availability_domains",
      "name": "ADs",
      "provider": "provider[\"registry.terraform.io/oracle/oci\"]",
      "instances": [
        {
          "schema_version": 0,
          "attributes": {
            "availability_domains": [
              {
                "compartment_id": "ocid1.tenancy.oc1..aaaaaaaaro7aox2fclu4urtpgsbacnrmjv46e7n4fw3sc2wbq24l7dzf3kba",
                "id": "ocid1.availabilitydomain.oc1..aaaaaaaaztunlny6ae4yw2vghp5go2zceaonwp6wiioe3tnh2vlaxjjl2n3a",
                "name": "bxtG:US-ASHBURN-AD-1"
              },
              {
                "compartment_id": "ocid1.tenancy.oc1..aaaaaaaaro7aox2fclu4urtpgsbacnrmjv46e7n4fw3sc2wbq24l7dzf3kba",
                "id": "ocid1.availabilitydomain.oc1..aaaaaaaauvt2n7pijol7uqgdnnsoojcukrijtmcltvfwxazmitk235wyohta",
                "name": "bxtG:US-ASHBURN-AD-2"
              },
              {
                "compartment_id": "ocid1.tenancy.oc1..aaaaaaaaro7aox2fclu4urtpgsbacnrmjv46e7n4fw3sc2wbq24l7dzf3kba",
                "id": "ocid1.availabilitydomain.oc1..aaaaaaaatrwxaogr7dl4yschqtrmqrdv6uzis3mgbnomiagqrfhcb7mxsfdq",
                "name": "bxtG:US-ASHBURN-AD-3"
              }
            ],
            "compartment_id": "ocid1.tenancy.oc1..aaaaaaaaro7aox2fclu4urtpgsbacnrmjv46e7n4fw3sc2wbq24l7dzf3kba",
            "filter": null,
            "id": "IdentityAvailabilityDomainsDataSource-1169075442"
          },
          "sensitive_attributes": []
        }
      ]
    },
    {
      "mode": "data",
      "type": "oci_identity_regions",
      "name": "current_region",
      "provider": "provider[\"registry.terraform.io/oracle/oci\"].current_region",
      "instances": [
        {
          "schema_version": 0,
          "attributes": {
            "filter": [
              {
                "name": "name",
                "regex": false,
                "values": [
                  "us-ashburn-1"
                ]
              }
            ],
            "id": "IdentityRegionsDataSource-0",
            "regions": [
              {
                "key": "IAD",
                "name": "us-ashburn-1"
              }
            ]
          },
          "sensitive_attributes": []
        }
      ]
    },
    {
      "mode": "data",
      "type": "oci_identity_regions",
      "name": "home_region",
      "provider": "provider[\"registry.terraform.io/oracle/oci\"].current_region",
      "instances": [
        {
          "schema_version": 0,
          "attributes": {
            "filter": [
              {
                "name": "key",
                "regex": false,
                "values": [
                  "IAD"
                ]
              }
            ],
            "id": "IdentityRegionsDataSource-0",
            "regions": [
              {
                "key": "IAD",
                "name": "us-ashburn-1"
              }
            ]
          },
          "sensitive_attributes": []
        }
      ]
    },
    {
      "mode": "data",
      "type": "oci_identity_tenancy",
      "name": "tenant_details",
      "provider": "provider[\"registry.terraform.io/oracle/oci\"].current_region",
      "instances": [
        {
          "schema_version": 0,
          "attributes": {
            "defined_tags": {
              "OracleInternalReserved.CostCenter": "104985",
              "OracleInternalReserved.OwnerEmail": "vikram.kurma@oracle.com",
              "OracleInternalReserved.ServiceType": "Other",
              "OracleInternalReserved.UsageType": "field-sales"
            },
            "description": "sehubjapacprod",
            "freeform_tags": {},
            "home_region_key": "IAD",
            "id": "ocid1.tenancy.oc1..aaaaaaaaro7aox2fclu4urtpgsbacnrmjv46e7n4fw3sc2wbq24l7dzf3kba",
            "name": "sehubjapacprod",
            "tenancy_id": "ocid1.tenancy.oc1..aaaaaaaaro7aox2fclu4urtpgsbacnrmjv46e7n4fw3sc2wbq24l7dzf3kba",
            "upi_idcs_compatibility_layer_endpoint": null
          },
          "sensitive_attributes": []
        }
      ]
    },
    {
      "mode": "data",
      "type": "oci_load_balancer_load_balancers",
      "name": "LBs",
      "provider": "provider[\"registry.terraform.io/oracle/oci\"]",
      "instances": [
        {
          "schema_version": 0,
          "attributes": {
            "compartment_id": "ocid1.compartment.oc1..aaaaaaaalpco7s53yuj7s7d42neodtn7rtj6e2trjijpgvywy4rxnnegc4iq",
            "detail": null,
            "display_name": null,
            "filter": null,
            "id": "LoadBalancerLoadBalancersDataSource-927490829",
            "load_balancers": [
              {
                "compartment_id": "ocid1.compartment.oc1..aaaaaaaalpco7s53yuj7s7d42neodtn7rtj6e2trjijpgvywy4rxnnegc4iq",
                "defined_tags": {
                  "default_tags.CreatedBy": "ocid1.cluster.oc1.iad.aaaaaaaaqibba6fzr4m6lk6xxoiu5rgq2v5ifsv5zjsutqoddcfphg74a5dq",
                  "default_tags.CreatedOn": "2022-08-09T09:13:05.534Z"
                },
                "display_name": "c1852723-e57c-4015-be52-a1bab2da42a7",
                "freeform_tags": {
                  "OKEclusterName": "cluster2"
                },
                "id": "ocid1.loadbalancer.oc1.iad.aaaaaaaa4jusl6xikckyy4dxih23r42vfbicmax7rt4qaawfuvmieku3tcsa",
                "ip_address_details": [
                  {
                    "ip_address": "193.122.204.59",
                    "is_public": true,
                    "reserved_ip": []
                  }
                ],
                "ip_addresses": [
                  "193.122.204.59"
                ],
                "ip_mode": "IPV4",
                "is_private": false,
                "network_security_group_ids": [],
                "reserved_ips": [],
                "shape": "100Mbps",
                "shape_details": [],
                "state": "ACTIVE",
                "subnet_ids": [
                  "ocid1.subnet.oc1.iad.aaaaaaaadtecx545l3iwj2wyovy5jvldhtpbpxhscelffm5ubsfig52p5wya"
                ],
                "system_tags": {},
                "time_created": "2022-08-09 09:13:06.328 +0000 UTC"
              },
              {
                "compartment_id": "ocid1.compartment.oc1..aaaaaaaalpco7s53yuj7s7d42neodtn7rtj6e2trjijpgvywy4rxnnegc4iq",
                "defined_tags": {
                  "default_tags.CreatedBy": "ocid1.cluster.oc1.iad.aaaaaaaaqibba6fzr4m6lk6xxoiu5rgq2v5ifsv5zjsutqoddcfphg74a5dq",
                  "default_tags.CreatedOn": "2022-08-09T09:52:43.518Z"
                },
                "display_name": "7cc4f623-1338-46fd-8438-ac95df470717",
                "freeform_tags": {
                  "OKEclusterName": "cluster2"
                },
                "id": "ocid1.loadbalancer.oc1.iad.aaaaaaaafbggsw2mf66ucgutn2nroe7cel4p67ltgqlcjjskqpc7jflffewa",
                "ip_address_details": [
                  {
                    "ip_address": "152.70.203.224",
                    "is_public": true,
                    "reserved_ip": []
                  }
                ],
                "ip_addresses": [
                  "152.70.203.224"
                ],
                "ip_mode": "IPV4",
                "is_private": false,
                "network_security_group_ids": [],
                "reserved_ips": [],
                "shape": "100Mbps",
                "shape_details": [],
                "state": "ACTIVE",
                "subnet_ids": [
                  "ocid1.subnet.oc1.iad.aaaaaaaadtecx545l3iwj2wyovy5jvldhtpbpxhscelffm5ubsfig52p5wya"
                ],
                "system_tags": {},
                "time_created": "2022-08-09 09:52:44.076 +0000 UTC"
              },
              {
                "compartment_id": "ocid1.compartment.oc1..aaaaaaaalpco7s53yuj7s7d42neodtn7rtj6e2trjijpgvywy4rxnnegc4iq",
                "defined_tags": {
                  "default_tags.CreatedBy": "ocid1.cluster.oc1.iad.aaaaaaaaqibba6fzr4m6lk6xxoiu5rgq2v5ifsv5zjsutqoddcfphg74a5dq",
                  "default_tags.CreatedOn": "2022-08-09T10:51:27.459Z"
                },
                "display_name": "50db12f4-04f4-46e7-ae6c-79877ea0ea5d",
                "freeform_tags": {
                  "OKEclusterName": "cluster2"
                },
                "id": "ocid1.loadbalancer.oc1.iad.aaaaaaaahwy4jvk5dg2g33dfpgkqhg6e4ycaqyuhhm6bs766fql6hjbh4r7a",
                "ip_address_details": [
                  {
                    "ip_address": "129.153.39.62",
                    "is_public": true,
                    "reserved_ip": []
                  }
                ],
                "ip_addresses": [
                  "129.153.39.62"
                ],
                "ip_mode": "IPV4",
                "is_private": false,
                "network_security_group_ids": [],
                "reserved_ips": [],
                "shape": "100Mbps",
                "shape_details": [],
                "state": "ACTIVE",
                "subnet_ids": [
                  "ocid1.subnet.oc1.iad.aaaaaaaadtecx545l3iwj2wyovy5jvldhtpbpxhscelffm5ubsfig52p5wya"
                ],
                "system_tags": {},
                "time_created": "2022-08-09 10:51:28.106 +0000 UTC"
              },
              {
                "compartment_id": "ocid1.compartment.oc1..aaaaaaaalpco7s53yuj7s7d42neodtn7rtj6e2trjijpgvywy4rxnnegc4iq",
                "defined_tags": {
                  "default_tags.CreatedBy": "ocid1.cluster.oc1.iad.aaaaaaaaqibba6fzr4m6lk6xxoiu5rgq2v5ifsv5zjsutqoddcfphg74a5dq",
                  "default_tags.CreatedOn": "2022-08-25T18:29:14.881Z"
                },
                "display_name": "a3ea123e-7dd0-4f58-b9f0-66efc876a6c1",
                "freeform_tags": {
                  "OKEclusterName": "cluster2"
                },
                "id": "ocid1.loadbalancer.oc1.iad.aaaaaaaax4izgwgqd3zpw4la3wg62kfmk25pnvc3ztnwkacqliay37gk7taq",
                "ip_address_details": [
                  {
                    "ip_address": "129.158.42.246",
                    "is_public": true,
                    "reserved_ip": []
                  }
                ],
                "ip_addresses": [
                  "129.158.42.246"
                ],
                "ip_mode": "IPV4",
                "is_private": false,
                "network_security_group_ids": [],
                "reserved_ips": [],
                "shape": "flexible",
                "shape_details": [
                  {
                    "maximum_bandwidth_in_mbps": 100,
                    "minimum_bandwidth_in_mbps": 10
                  }
                ],
                "state": "ACTIVE",
                "subnet_ids": [
                  "ocid1.subnet.oc1.iad.aaaaaaaadtecx545l3iwj2wyovy5jvldhtpbpxhscelffm5ubsfig52p5wya"
                ],
                "system_tags": {},
                "time_created": "2022-08-25 18:29:15.546 +0000 UTC"
              },
              {
                "compartment_id": "ocid1.compartment.oc1..aaaaaaaalpco7s53yuj7s7d42neodtn7rtj6e2trjijpgvywy4rxnnegc4iq",
                "defined_tags": {
                  "default_tags.CreatedBy": "ocid1.cluster.oc1.iad.aaaaaaaaqibba6fzr4m6lk6xxoiu5rgq2v5ifsv5zjsutqoddcfphg74a5dq",
                  "default_tags.CreatedOn": "2022-09-01T07:13:50.101Z"
                },
                "display_name": "5975576d-3149-44a6-a9fd-88eb19a36d3b",
                "freeform_tags": {
                  "OKEclusterName": "cluster2"
                },
                "id": "ocid1.loadbalancer.oc1.iad.aaaaaaaa6osr3kfsujqk2mioyvqtqyhnrx2yaj37pdxzypux3acfh3vt66ha",
                "ip_address_details": [
                  {
                    "ip_address": "141.148.43.111",
                    "is_public": true,
                    "reserved_ip": []
                  }
                ],
                "ip_addresses": [
                  "141.148.43.111"
                ],
                "ip_mode": "IPV4",
                "is_private": false,
                "network_security_group_ids": [],
                "reserved_ips": [],
                "shape": "10Mbps",
                "shape_details": [],
                "state": "ACTIVE",
                "subnet_ids": [
                  "ocid1.subnet.oc1.iad.aaaaaaaadtecx545l3iwj2wyovy5jvldhtpbpxhscelffm5ubsfig52p5wya"
                ],
                "system_tags": {},
                "time_created": "2022-09-01 07:13:51.198 +0000 UTC"
              },
              {
                "compartment_id": "ocid1.compartment.oc1..aaaaaaaalpco7s53yuj7s7d42neodtn7rtj6e2trjijpgvywy4rxnnegc4iq",
                "defined_tags": {
                  "default_tags.CreatedBy": "oracleidentitycloudservice/diksha.m.munjal@oracle.com",
                  "default_tags.CreatedOn": "2022-09-06T09:43:28.836Z"
                },
                "display_name": "lb_2022-0906-1512",
                "freeform_tags": {},
                "id": "ocid1.loadbalancer.oc1.iad.aaaaaaaaxboj2jkvxgt332frf5g3ism7xhtw6au5nnntnk4h5kp5ebyfm5uq",
                "ip_address_details": [
                  {
                    "ip_address": "10.0.20.205",
                    "is_public": false,
                    "reserved_ip": []
                  }
                ],
                "ip_addresses": [
                  "10.0.20.205"
                ],
                "ip_mode": "IPV4",
                "is_private": true,
                "network_security_group_ids": [],
                "reserved_ips": [],
                "shape": "flexible",
                "shape_details": [
                  {
                    "maximum_bandwidth_in_mbps": 10,
                    "minimum_bandwidth_in_mbps": 10
                  }
                ],
                "state": "ACTIVE",
                "subnet_ids": [
                  "ocid1.subnet.oc1.iad.aaaaaaaadtecx545l3iwj2wyovy5jvldhtpbpxhscelffm5ubsfig52p5wya"
                ],
                "system_tags": {},
                "time_created": "2022-09-06 09:43:29.849 +0000 UTC"
              },
              {
                "compartment_id": "ocid1.compartment.oc1..aaaaaaaalpco7s53yuj7s7d42neodtn7rtj6e2trjijpgvywy4rxnnegc4iq",
                "defined_tags": {
                  "default_tags.CreatedBy": "ocid1.cluster.oc1.iad.aaaaaaaaqibba6fzr4m6lk6xxoiu5rgq2v5ifsv5zjsutqoddcfphg74a5dq",
                  "default_tags.CreatedOn": "2022-09-06T10:27:54.957Z"
                },
                "display_name": "8341a99b-db89-40ce-a3ab-77d6fc3f909b",
                "freeform_tags": {
                  "OKEclusterName": "cluster2"
                },
                "id": "ocid1.loadbalancer.oc1.iad.aaaaaaaa6f2hhdtrmr3jbwyhhkisoiszvfu3gwsfhp4ec7vmhdtbiaamgnlq",
                "ip_address_details": [
                  {
                    "ip_address": "129.80.4.16",
                    "is_public": true,
                    "reserved_ip": []
                  }
                ],
                "ip_addresses": [
                  "129.80.4.16"
                ],
                "ip_mode": "IPV4",
                "is_private": false,
                "network_security_group_ids": [],
                "reserved_ips": [],
                "shape": "100Mbps",
                "shape_details": [],
                "state": "ACTIVE",
                "subnet_ids": [
                  "ocid1.subnet.oc1.iad.aaaaaaaadtecx545l3iwj2wyovy5jvldhtpbpxhscelffm5ubsfig52p5wya"
                ],
                "system_tags": {},
                "time_created": "2022-09-06 10:27:55.803 +0000 UTC"
              },
              {
                "compartment_id": "ocid1.compartment.oc1..aaaaaaaalpco7s53yuj7s7d42neodtn7rtj6e2trjijpgvywy4rxnnegc4iq",
                "defined_tags": {
                  "default_tags.CreatedBy": "ocid1.cluster.oc1.iad.aaaaaaaa57dhkicvrrdpn7peq6mvc2jmhkciawhmyhizx26iwcpeha6j4h3a",
                  "default_tags.CreatedOn": "2022-09-13T04:01:28.078Z"
                },
                "display_name": "c1e508a8-36fa-4ad6-83fa-133804a6c52c",
                "freeform_tags": {},
                "id": "ocid1.loadbalancer.oc1.iad.aaaaaaaaftppbxwxo6fvrgk5cy3jnk62d7zbqbxokaqpofop4p4dlp24oo3a",
                "ip_address_details": [
                  {
                    "ip_address": "143.47.121.92",
                    "is_public": true,
                    "reserved_ip": []
                  }
                ],
                "ip_addresses": [
                  "143.47.121.92"
                ],
                "ip_mode": "IPV4",
                "is_private": false,
                "network_security_group_ids": [],
                "reserved_ips": [],
                "shape": "10Mbps",
                "shape_details": [],
                "state": "ACTIVE",
                "subnet_ids": [
                  "ocid1.subnet.oc1.iad.aaaaaaaamd2p4hz24p2licj3v42givtokn6mpqirt2ghxiodstq73fraoenq"
                ],
                "system_tags": {},
                "time_created": "2022-09-13 04:01:29.654 +0000 UTC"
              },
              {
                "compartment_id": "ocid1.compartment.oc1..aaaaaaaalpco7s53yuj7s7d42neodtn7rtj6e2trjijpgvywy4rxnnegc4iq",
                "defined_tags": {
                  "default_tags.CreatedBy": "ocid1.cluster.oc1.iad.aaaaaaaagtfboekxzlbfzeufxlxagy6r4e3apl5surniu5roacahlfpnwumq",
                  "default_tags.CreatedOn": "2022-09-13T05:35:03.570Z"
                },
                "display_name": "00522e69-ea84-4c78-ac2f-34d118e4662e",
                "freeform_tags": {},
                "id": "ocid1.loadbalancer.oc1.iad.aaaaaaaadu74jcdvcnz6bu4phrdmwtldflm5qcfq6omvnq2wehkpuub2pbja",
                "ip_address_details": [
                  {
                    "ip_address": "129.80.12.66",
                    "is_public": true,
                    "reserved_ip": []
                  }
                ],
                "ip_addresses": [
                  "129.80.12.66"
                ],
                "ip_mode": "IPV4",
                "is_private": false,
                "network_security_group_ids": [],
                "reserved_ips": [],
                "shape": "10Mbps",
                "shape_details": [],
                "state": "ACTIVE",
                "subnet_ids": [
                  "ocid1.subnet.oc1.iad.aaaaaaaaathkjdbkjhb3fl2ljvx2md5vyscsix2r2uoezqohmza2kiutcx2q"
                ],
                "system_tags": {},
                "time_created": "2022-09-13 05:35:05.274 +0000 UTC"
              },
              {
                "compartment_id": "ocid1.compartment.oc1..aaaaaaaalpco7s53yuj7s7d42neodtn7rtj6e2trjijpgvywy4rxnnegc4iq",
                "defined_tags": {
                  "default_tags.CreatedBy": "ocid1.cluster.oc1.iad.aaaaaaaaqibba6fzr4m6lk6xxoiu5rgq2v5ifsv5zjsutqoddcfphg74a5dq",
                  "default_tags.CreatedOn": "2022-09-14T18:07:52.602Z"
                },
                "display_name": "8f36c327-c6f3-487f-b475-eb10fc2aea29",
                "freeform_tags": {
                  "OKEclusterName": "cluster2"
                },
                "id": "ocid1.loadbalancer.oc1.iad.aaaaaaaaot6mkna33nbjmw2vms7awwww5yeywjygriqfqrp5nayqdzztsjoq",
                "ip_address_details": [
                  {
                    "ip_address": "129.80.113.164",
                    "is_public": true,
                    "reserved_ip": []
                  }
                ],
                "ip_addresses": [
                  "129.80.113.164"
                ],
                "ip_mode": "IPV4",
                "is_private": false,
                "network_security_group_ids": [],
                "reserved_ips": [],
                "shape": "10Mbps",
                "shape_details": [],
                "state": "ACTIVE",
                "subnet_ids": [
                  "ocid1.subnet.oc1.iad.aaaaaaaadtecx545l3iwj2wyovy5jvldhtpbpxhscelffm5ubsfig52p5wya"
                ],
                "system_tags": {},
                "time_created": "2022-09-14 18:07:54.155 +0000 UTC"
              },
              {
                "compartment_id": "ocid1.compartment.oc1..aaaaaaaalpco7s53yuj7s7d42neodtn7rtj6e2trjijpgvywy4rxnnegc4iq",
                "defined_tags": {
                  "default_tags.CreatedBy": "ocid1.cluster.oc1.iad.aaaaaaaatd55ogxmoaygbgd4paj3ofbn5zr4hvdfpkobzmiklcqnwmld6aca",
                  "default_tags.CreatedOn": "2022-09-15T08:48:45.064Z"
                },
                "display_name": "d9a70ae9-ca5d-4fbd-9ae9-4646e5a151b8",
                "freeform_tags": {
                  "OKEclusterName": "democluster"
                },
                "id": "ocid1.loadbalancer.oc1.iad.aaaaaaaapvcwxbfdienmsxq36eyo6iaiadvai6daa3ka65esdfckj4ydyumq",
                "ip_address_details": [
                  {
                    "ip_address": "129.153.163.158",
                    "is_public": true,
                    "reserved_ip": []
                  }
                ],
                "ip_addresses": [
                  "129.153.163.158"
                ],
                "ip_mode": "IPV4",
                "is_private": false,
                "network_security_group_ids": [],
                "reserved_ips": [],
                "shape": "10Mbps",
                "shape_details": [],
                "state": "ACTIVE",
                "subnet_ids": [
                  "ocid1.subnet.oc1.iad.aaaaaaaakdgfeitei44asxrny26eyodlmlb3q5awwh7fbxmqtlpcvzdzzm6a"
                ],
                "system_tags": {},
                "time_created": "2022-09-15 08:48:46.484 +0000 UTC"
              },
              {
                "compartment_id": "ocid1.compartment.oc1..aaaaaaaalpco7s53yuj7s7d42neodtn7rtj6e2trjijpgvywy4rxnnegc4iq",
                "defined_tags": {
                  "default_tags.CreatedBy": "ocid1.cluster.oc1.iad.aaaaaaaag65co3xrekpcmlt226wtq3bjbaz6fdn22u7fckzebc2blo2mc5bq",
                  "default_tags.CreatedOn": "2022-09-15T13:19:05.993Z"
                },
                "display_name": "9e9a7727-6ca7-4407-a95a-c54abaf994ad",
                "freeform_tags": {},
                "id": "ocid1.loadbalancer.oc1.iad.aaaaaaaa5sejredfc4valjgzqz5r3aovzauwhmyrm7ck4aq7c3hec3gvm46q",
                "ip_address_details": [
                  {
                    "ip_address": "129.80.250.14",
                    "is_public": true,
                    "reserved_ip": []
                  }
                ],
                "ip_addresses": [
                  "129.80.250.14"
                ],
                "ip_mode": "IPV4",
                "is_private": false,
                "network_security_group_ids": [],
                "reserved_ips": [],
                "shape": "10Mbps",
                "shape_details": [],
                "state": "ACTIVE",
                "subnet_ids": [
                  "ocid1.subnet.oc1.iad.aaaaaaaaxaalzjpebuhpppjsse4o3fbviamlr2uzq4crqo4mkbop75v7tr7q"
                ],
                "system_tags": {},
                "time_created": "2022-09-15 13:19:07.084 +0000 UTC"
              }
            ],
            "state": null
          },
          "sensitive_attributes": []
        }
      ]
    },
    {
      "mode": "data",
      "type": "oci_objectstorage_namespace",
      "name": "ns",
      "provider": "provider[\"registry.terraform.io/oracle/oci\"]",
      "instances": [
        {
          "schema_version": 0,
          "attributes": {
            "compartment_id": "ocid1.compartment.oc1..aaaaaaaalpco7s53yuj7s7d42neodtn7rtj6e2trjijpgvywy4rxnnegc4iq",
            "id": "ObjectStorageNamespaceDataSource-927490829",
            "namespace": "sehubjapacprod"
          },
          "sensitive_attributes": []
        }
      ]
    },
    {
      "mode": "managed",
      "type": "local_file",
      "name": "kubeconfig",
      "provider": "provider[\"registry.terraform.io/hashicorp/local\"]",
      "instances": [
        {
          "schema_version": 0,
          "attributes": {
            "content": "---\napiVersion: v1\nkind: \"\"\nclusters:\n- name: cluster-c2blo2mc5bq\n  cluster:\n    server: https://141.148.72.33:6443\n    certificate-authority-data: LS0tLS1CRUdJTiBDRVJUSUZJQ0FURS0tLS0tCk1JSURpRENDQW5DZ0F3SUJBZ0lRQ1hTbE81aU53SG9sMGt4MXFvUC9XekFOQmdrcWhraUc5dzBCQVFzRkFEQmUKTVE4d0RRWURWUVFEREFaTE9ITWdRMEV4Q3pBSkJnTlZCQVlUQWxWVE1ROHdEUVlEVlFRSERBWkJkWE4wYVc0eApEekFOQmdOVkJBb01Cazl5WVdOc1pURU1NQW9HQTFVRUN3d0RUMk5wTVE0d0RBWURWUVFJREFWVVpYaGhjekFlCkZ3MHlNakE1TVRVeE16QXlNRE5hRncweU56QTVNVFV4TXpBeU1ETmFNRjR4RHpBTkJnTlZCQU1NQmtzNGN5QkQKUVRFTE1Ba0dBMVVFQmhNQ1ZWTXhEekFOQmdOVkJBY01Ca0YxYzNScGJqRVBNQTBHQTFVRUNnd0dUM0poWTJ4bApNUXd3Q2dZRFZRUUxEQU5QWTJreERqQU1CZ05WQkFnTUJWUmxlR0Z6TUlJQklqQU5CZ2txaGtpRzl3MEJBUUVGCkFBT0NBUThBTUlJQkNnS0NBUUVBczVtbmErdVcwUWo5ZHJoSWp0dU1tV1pJNXZUWkpISmU4R1o0N0hCb00yYnkKamRqUkxHeFE0ejRiUmVmbEo0aENwaXBqL0RPdjZibXd5bFl2RHRHYmlRTHFZNDY5QVNQYlJRRVZmOXExT0JvVQpSWG5NUFo5MDk0WWI5RXdKZkR6SERvWnRYOVFQaFJYd3ZxQysyZ3FrQUZkWkJaejFjeWxOMVdmUVV5ZnAvOVVRCkNLZFVQTUFGTWVoZEZCejRmY3FBaUxMNkF6ZFhONDlNSS85dHRsZTFrYy9yM2RIYjZOSlBYQUZDKzRsV1ozWGMKalNuL3VZdks4QXNOdDAxWVJ6bDVtSE1JTXFGbXFOYSs0OGU2ekNmZlJublNCZXhtMnBtVVhLUy9PSXo1dVZBbQpyZnlYVWtJbXUrUjM1NUV4SENLWHJNTllKc1kxYmRtclFyYXZNRGhYNVFJREFRQUJvMEl3UURBUEJnTlZIUk1CCkFmOEVCVEFEQVFIL01BNEdBMVVkRHdFQi93UUVBd0lCQmpBZEJnTlZIUTRFRmdRVW9ZTE91TFlZVjZjNVZvL2kKNWdLbTAwQjhrb2d3RFFZSktvWklodmNOQVFFTEJRQURnZ0VCQUpLTGVYVHhnV0FHK2dFSEFQcFZiZ01xVWZHaQpqUDNycm5UZHNMVXFRWlJ6RElZZ1g3d3J2VzFvZEtPa0NtVUJVTmlobmt1UWhSS2d5YnZNV2dOZ0JDL0Y0VGt5ClhiaHB1ZlE5QlhBZ0FobUY0T2Fmem1TZlZNWmJNRFh2SXRCMEVuK2hGdW9Zci92N2JsYWFZT3ppbVNuMUdRR0gKaW4xanF2Wk9kN2hYdG9CY3BGNGlLTWp3dlFpTklIWjJMN3AyYmFVQjYxdHh4L01qcWE5azZ4dVpXTjVuQXlKZwpkcGtWSlprTE5mZkI5RE1lVE9JbzdOOVlWM0VkY252SDl2b201ZFRvNkFrcy9sdkdBYUlrcmYzblZHK0VWYmI1CjY2RFNJc2Z4SExIRElTYzhSbmxOc24vNzdNUU9QMURPNmpXcTFHTU1DWVM2aHV6bHdtRjZuS3lnWkpjPQotLS0tLUVORCBDRVJUSUZJQ0FURS0tLS0tCg==\nusers:\n- name: user-c2blo2mc5bq\n  user:\n    exec:\n      apiVersion: client.authentication.k8s.io/v1beta1\n      command: oci\n      args:\n      - ce\n      - cluster\n      - generate-token\n      - --cluster-id\n      - ocid1.cluster.oc1.iad.aaaaaaaag65co3xrekpcmlt226wtq3bjbaz6fdn22u7fckzebc2blo2mc5bq\n      - --region\n      - us-ashburn-1\n      env: []\ncontexts:\n- name: context-c2blo2mc5bq\n  context:\n    cluster: cluster-c2blo2mc5bq\n    user: user-c2blo2mc5bq\ncurrent-context: context-c2blo2mc5bq\n",
            "content_base64": null,
            "directory_permission": "0777",
            "file_permission": "0777",
            "filename": "generated/kubeconfig",
            "id": "bf77ecbaddd8a2ff771d65a472a9311fa6ae3898",
            "sensitive_content": null,
            "source": null
          },
          "sensitive_attributes": [],
          "private": "bnVsbA==",
          "dependencies": [
            "data.oci_containerengine_cluster_kube_config.oke_cluster_kube_config",
            "data.oci_containerengine_cluster_option.oke",
            "data.oci_core_services.all_services",
            "data.oci_identity_regions.home_region",
            "module.oci-oke.oci_containerengine_cluster.oci_oke_cluster",
            "module.oci-oke.oci_core_subnet.oke_api_endpoint_subnet",
            "module.oci-oke.oci_core_subnet.oke_lb_subnet",
            "module.oci-oke.oci_core_vcn.oke_vcn",
            "oci_core_internet_gateway.oke_internet_gateway",
            "oci_core_nat_gateway.oke_nat_gateway",
            "oci_core_route_table.oke_private_route_table",
            "oci_core_route_table.oke_public_route_table",
            "oci_core_security_list.oke_endpoint_security_list",
            "oci_core_security_list.oke_lb_security_list",
            "oci_core_service_gateway.oke_service_gateway",
            "oci_core_subnet.oke_k8s_endpoint_subnet",
            "oci_core_subnet.oke_lb_subnet",
            "oci_core_virtual_network.oke_vcn",
            "oci_identity_tag.ArchitectureCenterTag",
            "oci_identity_tag_namespace.ArchitectureCenterTagNamespace",
            "random_id.tag",
            "random_string.deploy_id"
          ]
        }
      ]
    },
    {
      "mode": "managed",
      "type": "null_resource",
      "name": "clonefromgithub",
      "provider": "provider[\"registry.terraform.io/hashicorp/null\"]",
      "instances": [
        {
          "schema_version": 0,
          "attributes": {
            "id": "3231533561448195854",
            "triggers": null
          },
          "sensitive_attributes": [],
          "private": "bnVsbA=="
        }
      ]
    },
    {
      "mode": "managed",
      "type": "null_resource",
      "name": "clonerepo",
      "provider": "provider[\"registry.terraform.io/hashicorp/null\"]",
      "instances": [
        {
          "schema_version": 0,
          "attributes": {
            "id": "5485608642014781125",
            "triggers": null
          },
          "sensitive_attributes": [],
          "private": "bnVsbA==",
          "dependencies": [
            "data.oci_identity_regions.home_region",
            "data.oci_objectstorage_namespace.ns",
            "oci_devops_project.test_project",
            "oci_devops_repository.test_repository",
            "oci_identity_tag.ArchitectureCenterTag",
            "oci_identity_tag_namespace.ArchitectureCenterTagNamespace",
            "oci_ons_notification_topic.test_notification_topic",
            "random_id.tag",
            "random_string.deploy_id"
          ]
        }
      ]
    },
    {
      "mode": "managed",
      "type": "null_resource",
      "name": "copyfiles",
      "provider": "provider[\"registry.terraform.io/hashicorp/null\"]",
      "instances": [
        {
          "schema_version": 0,
          "attributes": {
            "id": "9083135332907098562",
            "triggers": null
          },
          "sensitive_attributes": [],
          "private": "bnVsbA==",
          "dependencies": [
            "data.oci_identity_regions.home_region",
            "data.oci_objectstorage_namespace.ns",
            "null_resource.clonerepo",
            "oci_devops_project.test_project",
            "oci_devops_repository.test_repository",
            "oci_identity_tag.ArchitectureCenterTag",
            "oci_identity_tag_namespace.ArchitectureCenterTagNamespace",
            "oci_ons_notification_topic.test_notification_topic",
            "random_id.tag",
            "random_string.deploy_id"
          ]
        }
      ]
    },
    {
      "mode": "managed",
      "type": "null_resource",
      "name": "pushcode",
      "provider": "provider[\"registry.terraform.io/hashicorp/null\"]",
      "instances": [
        {
          "schema_version": 0,
          "attributes": {
            "id": "296763321663764219",
            "triggers": null
          },
          "sensitive_attributes": [],
          "private": "bnVsbA==",
          "dependencies": [
            "data.oci_identity_regions.home_region",
            "data.oci_objectstorage_namespace.ns",
            "null_resource.clonerepo",
            "null_resource.copyfiles",
            "oci_devops_project.test_project",
            "oci_devops_repository.test_repository",
            "oci_identity_tag.ArchitectureCenterTag",
            "oci_identity_tag_namespace.ArchitectureCenterTagNamespace",
            "oci_ons_notification_topic.test_notification_topic",
            "random_id.tag",
            "random_string.deploy_id"
          ]
        }
      ]
    },
    {
      "mode": "managed",
      "type": "oci_artifacts_container_repository",
      "name": "test_container_repository",
      "provider": "provider[\"registry.terraform.io/oracle/oci\"]",
      "instances": [
        {
          "schema_version": 0,
          "attributes": {
            "billable_size_in_gbs": "0",
            "compartment_id": "ocid1.compartment.oc1..aaaaaaaalpco7s53yuj7s7d42neodtn7rtj6e2trjijpgvywy4rxnnegc4iq",
            "created_by": "ocid1.user.oc1..aaaaaaaaubwuervv4b4x2dczcxqpbd25wldhv5ayin2fdh4s3elb7wd52cba",
            "display_name": "node-express-getting-starter-63b2",
            "id": "ocid1.containerrepo.oc1.iad.0.sehubjapacprod.aaaaaaaagkuprfa5hmqhqplc34p37tdwvdartiavndjpnaev4hf7hh7jsbma",
            "image_count": 0,
            "is_immutable": false,
            "is_public": true,
            "layer_count": 0,
            "layers_size_in_bytes": "0",
            "readme": [],
            "state": "AVAILABLE",
            "time_created": "2022-09-15 12:58:57.976 +0000 UTC",
            "time_last_pushed": null,
            "timeouts": null
          },
          "sensitive_attributes": [],
          "private": "eyJlMmJmYjczMC1lY2FhLTExZTYtOGY4OC0zNDM2M2JjN2M0YzAiOnsiY3JlYXRlIjoxMjAwMDAwMDAwMDAwLCJkZWxldGUiOjEyMDAwMDAwMDAwMDAsInVwZGF0ZSI6MTIwMDAwMDAwMDAwMH19",
          "dependencies": [
            "random_id.tag"
          ]
        }
      ]
    },
    {
      "mode": "managed",
      "type": "oci_core_internet_gateway",
      "name": "oke_internet_gateway",
      "provider": "provider[\"registry.terraform.io/oracle/oci\"]",
      "instances": [
        {
          "index_key": 0,
          "schema_version": 0,
          "attributes": {
            "compartment_id": "ocid1.compartment.oc1..aaaaaaaalpco7s53yuj7s7d42neodtn7rtj6e2trjijpgvywy4rxnnegc4iq",
            "defined_tags": {
              "ArchitectureCenter\\ci-cd-pipe-oci-devops-63b2.release": "1.1.2",
              "default_tags.CreatedBy": "oracleidentitycloudservice/diksha.m.munjal@oracle.com",
              "default_tags.CreatedOn": "2022-09-15T13:01:14.092Z"
            },
            "display_name": "oke-internet-gateway-efBn",
            "enabled": true,
            "freeform_tags": {},
            "id": "ocid1.internetgateway.oc1.iad.aaaaaaaax6zcd6w36ai53gmrwtvhreandqyi4ydhrzqzjrq3zgjrtmxf4uha",
            "route_table_id": null,
            "state": "AVAILABLE",
            "time_created": "2022-09-15 13:01:14.145 +0000 UTC",
            "timeouts": null,
            "vcn_id": "ocid1.vcn.oc1.iad.amaaaaaaak7gbrias3pznj6j4jwz4dd5tfz2if76kuzbv3voh46s25xq5mkq"
          },
          "sensitive_attributes": [],
          "private": "eyJlMmJmYjczMC1lY2FhLTExZTYtOGY4OC0zNDM2M2JjN2M0YzAiOnsiY3JlYXRlIjoxMjAwMDAwMDAwMDAwLCJkZWxldGUiOjEyMDAwMDAwMDAwMDAsInVwZGF0ZSI6MTIwMDAwMDAwMDAwMH19",
          "dependencies": [
            "data.oci_identity_regions.home_region",
            "oci_core_virtual_network.oke_vcn",
            "oci_identity_tag.ArchitectureCenterTag",
            "oci_identity_tag_namespace.ArchitectureCenterTagNamespace",
            "random_id.tag",
            "random_string.deploy_id"
          ]
        }
      ]
    },
    {
      "mode": "managed",
      "type": "oci_core_nat_gateway",
      "name": "oke_nat_gateway",
      "provider": "provider[\"registry.terraform.io/oracle/oci\"]",
      "instances": [
        {
          "index_key": 0,
          "schema_version": 0,
          "attributes": {
            "block_traffic": false,
            "compartment_id": "ocid1.compartment.oc1..aaaaaaaalpco7s53yuj7s7d42neodtn7rtj6e2trjijpgvywy4rxnnegc4iq",
            "defined_tags": {
              "ArchitectureCenter\\ci-cd-pipe-oci-devops-63b2.release": "1.1.2",
              "default_tags.CreatedBy": "oracleidentitycloudservice/diksha.m.munjal@oracle.com",
              "default_tags.CreatedOn": "2022-09-15T13:01:14.764Z"
            },
            "display_name": "oke-nat-gateway-efBn",
            "freeform_tags": {},
            "id": "ocid1.natgateway.oc1.iad.aaaaaaaavjytui7ppjax2256we37ve6guddbanf4zcmhjmgpwgrbr4o4zyoq",
            "nat_ip": "129.213.189.21",
            "public_ip_id": "ocid1.publicip.oc1.iad.aaaaaaaa2rpl4rogmoh2ubzkcdofwbnczymzlpwcocweoxvnwbrhngztclfq",
            "route_table_id": null,
            "state": "AVAILABLE",
            "time_created": "2022-09-15 13:01:15.148 +0000 UTC",
            "timeouts": null,
            "vcn_id": "ocid1.vcn.oc1.iad.amaaaaaaak7gbrias3pznj6j4jwz4dd5tfz2if76kuzbv3voh46s25xq5mkq"
          },
          "sensitive_attributes": [],
          "private": "eyJlMmJmYjczMC1lY2FhLTExZTYtOGY4OC0zNDM2M2JjN2M0YzAiOnsiY3JlYXRlIjoxMjAwMDAwMDAwMDAwLCJkZWxldGUiOjEyMDAwMDAwMDAwMDAsInVwZGF0ZSI6MTIwMDAwMDAwMDAwMH19",
          "dependencies": [
            "data.oci_identity_regions.home_region",
            "oci_core_virtual_network.oke_vcn",
            "oci_identity_tag.ArchitectureCenterTag",
            "oci_identity_tag_namespace.ArchitectureCenterTagNamespace",
            "random_id.tag",
            "random_string.deploy_id"
          ]
        }
      ]
    },
    {
      "mode": "managed",
      "type": "oci_core_route_table",
      "name": "oke_private_route_table",
      "provider": "provider[\"registry.terraform.io/oracle/oci\"]",
      "instances": [
        {
          "index_key": 0,
          "schema_version": 0,
          "attributes": {
            "compartment_id": "ocid1.compartment.oc1..aaaaaaaalpco7s53yuj7s7d42neodtn7rtj6e2trjijpgvywy4rxnnegc4iq",
            "defined_tags": {
              "ArchitectureCenter\\ci-cd-pipe-oci-devops-63b2.release": "1.1.2",
              "default_tags.CreatedBy": "oracleidentitycloudservice/diksha.m.munjal@oracle.com",
              "default_tags.CreatedOn": "2022-09-15T13:01:17.974Z"
            },
            "display_name": "oke-private-route-table-efBn",
            "freeform_tags": {},
            "id": "ocid1.routetable.oc1.iad.aaaaaaaaedf35b6ahuku5dtmhwm5aqyhxujuvpzm7inaibhz5pemtqvmuqsa",
            "route_rules": [
              {
                "cidr_block": "",
                "description": "Traffic to OCI services",
                "destination": "all-iad-services-in-oracle-services-network",
                "destination_type": "SERVICE_CIDR_BLOCK",
                "network_entity_id": "ocid1.servicegateway.oc1.iad.aaaaaaaau45wge4hjp3itmvxpe66qc6fkab7srov6wslgnepsmytdem6lvoa",
                "route_type": ""
              },
              {
                "cidr_block": "",
                "description": "Traffic to the internet",
                "destination": "0.0.0.0/0",
                "destination_type": "CIDR_BLOCK",
                "network_entity_id": "ocid1.natgateway.oc1.iad.aaaaaaaavjytui7ppjax2256we37ve6guddbanf4zcmhjmgpwgrbr4o4zyoq",
                "route_type": ""
              }
            ],
            "state": "AVAILABLE",
            "time_created": "2022-09-15 13:01:18.033 +0000 UTC",
            "timeouts": null,
            "vcn_id": "ocid1.vcn.oc1.iad.amaaaaaaak7gbrias3pznj6j4jwz4dd5tfz2if76kuzbv3voh46s25xq5mkq"
          },
          "sensitive_attributes": [],
          "private": "eyJlMmJmYjczMC1lY2FhLTExZTYtOGY4OC0zNDM2M2JjN2M0YzAiOnsiY3JlYXRlIjoxMjAwMDAwMDAwMDAwLCJkZWxldGUiOjEyMDAwMDAwMDAwMDAsInVwZGF0ZSI6MTIwMDAwMDAwMDAwMH19",
          "dependencies": [
            "data.oci_core_services.all_services",
            "data.oci_identity_regions.home_region",
            "oci_core_nat_gateway.oke_nat_gateway",
            "oci_core_service_gateway.oke_service_gateway",
            "oci_core_virtual_network.oke_vcn",
            "oci_identity_tag.ArchitectureCenterTag",
            "oci_identity_tag_namespace.ArchitectureCenterTagNamespace",
            "random_id.tag",
            "random_string.deploy_id"
          ]
        }
      ]
    },
    {
      "mode": "managed",
      "type": "oci_core_route_table",
      "name": "oke_public_route_table",
      "provider": "provider[\"registry.terraform.io/oracle/oci\"]",
      "instances": [
        {
          "index_key": 0,
          "schema_version": 0,
          "attributes": {
            "compartment_id": "ocid1.compartment.oc1..aaaaaaaalpco7s53yuj7s7d42neodtn7rtj6e2trjijpgvywy4rxnnegc4iq",
            "defined_tags": {
              "ArchitectureCenter\\ci-cd-pipe-oci-devops-63b2.release": "1.1.2",
              "default_tags.CreatedBy": "oracleidentitycloudservice/diksha.m.munjal@oracle.com",
              "default_tags.CreatedOn": "2022-09-15T13:01:15.984Z"
            },
            "display_name": "oke-public-route-table-efBn",
            "freeform_tags": {},
            "id": "ocid1.routetable.oc1.iad.aaaaaaaay5g5vcqews3pokloqo5j2kwm3odtrcds7u6g6was77hd5dm4oqza",
            "route_rules": [
              {
                "cidr_block": "",
                "description": "Traffic to/from internet",
                "destination": "0.0.0.0/0",
                "destination_type": "CIDR_BLOCK",
                "network_entity_id": "ocid1.internetgateway.oc1.iad.aaaaaaaax6zcd6w36ai53gmrwtvhreandqyi4ydhrzqzjrq3zgjrtmxf4uha",
                "route_type": ""
              }
            ],
            "state": "AVAILABLE",
            "time_created": "2022-09-15 13:01:16.005 +0000 UTC",
            "timeouts": null,
            "vcn_id": "ocid1.vcn.oc1.iad.amaaaaaaak7gbrias3pznj6j4jwz4dd5tfz2if76kuzbv3voh46s25xq5mkq"
          },
          "sensitive_attributes": [],
          "private": "eyJlMmJmYjczMC1lY2FhLTExZTYtOGY4OC0zNDM2M2JjN2M0YzAiOnsiY3JlYXRlIjoxMjAwMDAwMDAwMDAwLCJkZWxldGUiOjEyMDAwMDAwMDAwMDAsInVwZGF0ZSI6MTIwMDAwMDAwMDAwMH19",
          "dependencies": [
            "data.oci_identity_regions.home_region",
            "oci_core_internet_gateway.oke_internet_gateway",
            "oci_core_virtual_network.oke_vcn",
            "oci_identity_tag.ArchitectureCenterTag",
            "oci_identity_tag_namespace.ArchitectureCenterTagNamespace",
            "random_id.tag",
            "random_string.deploy_id"
          ]
        }
      ]
    },
    {
      "mode": "managed",
      "type": "oci_core_security_list",
      "name": "oke_endpoint_security_list",
      "provider": "provider[\"registry.terraform.io/oracle/oci\"]",
      "instances": [
        {
          "index_key": 0,
          "schema_version": 0,
          "attributes": {
            "compartment_id": "ocid1.compartment.oc1..aaaaaaaalpco7s53yuj7s7d42neodtn7rtj6e2trjijpgvywy4rxnnegc4iq",
            "defined_tags": {
              "ArchitectureCenter\\ci-cd-pipe-oci-devops-63b2.release": "1.1.2",
              "default_tags.CreatedBy": "oracleidentitycloudservice/diksha.m.munjal@oracle.com",
              "default_tags.CreatedOn": "2022-09-15T13:01:14.899Z"
            },
            "display_name": "oke-k8s-api-endpoint-seclist-efBn",
            "egress_security_rules": [
              {
                "description": "All traffic to worker nodes",
                "destination": "10.20.10.0/24",
                "destination_type": "CIDR_BLOCK",
                "icmp_options": [],
                "protocol": "6",
                "stateless": false,
                "tcp_options": [],
                "udp_options": []
              },
              {
                "description": "Allow Kubernetes Control Plane to communicate with OKE",
                "destination": "all-iad-services-in-oracle-services-network",
                "destination_type": "SERVICE_CIDR_BLOCK",
                "icmp_options": [],
                "protocol": "6",
                "stateless": false,
                "tcp_options": [
                  {
                    "max": 443,
                    "min": 443,
                    "source_port_range": []
                  }
                ],
                "udp_options": []
              },
              {
                "description": "Path discovery",
                "destination": "10.20.10.0/24",
                "destination_type": "CIDR_BLOCK",
                "icmp_options": [
                  {
                    "code": 4,
                    "type": 3
                  }
                ],
                "protocol": "1",
                "stateless": false,
                "tcp_options": [],
                "udp_options": []
              }
            ],
            "freeform_tags": {},
            "id": "ocid1.securitylist.oc1.iad.aaaaaaaabhpbmv54rh562p23wpws3jg7szdax36vynjdwd6gagetatist2sa",
            "ingress_security_rules": [
              {
                "description": "External access to Kubernetes API endpoint",
                "icmp_options": [],
                "protocol": "6",
                "source": "0.0.0.0/0",
                "source_type": "CIDR_BLOCK",
                "stateless": false,
                "tcp_options": [
                  {
                    "max": 6443,
                    "min": 6443,
                    "source_port_range": []
                  }
                ],
                "udp_options": []
              },
              {
                "description": "Kubernetes worker to Kubernetes API endpoint communication",
                "icmp_options": [],
                "protocol": "6",
                "source": "10.20.10.0/24",
                "source_type": "CIDR_BLOCK",
                "stateless": false,
                "tcp_options": [
                  {
                    "max": 6443,
                    "min": 6443,
                    "source_port_range": []
                  }
                ],
                "udp_options": []
              },
              {
                "description": "Kubernetes worker to control plane communication",
                "icmp_options": [],
                "protocol": "6",
                "source": "10.20.10.0/24",
                "source_type": "CIDR_BLOCK",
                "stateless": false,
                "tcp_options": [
                  {
                    "max": 12250,
                    "min": 12250,
                    "source_port_range": []
                  }
                ],
                "udp_options": []
              },
              {
                "description": "Path discovery",
                "icmp_options": [
                  {
                    "code": 4,
                    "type": 3
                  }
                ],
                "protocol": "1",
                "source": "10.20.10.0/24",
                "source_type": "CIDR_BLOCK",
                "stateless": false,
                "tcp_options": [],
                "udp_options": []
              }
            ],
            "state": "AVAILABLE",
            "time_created": "2022-09-15 13:01:14.966 +0000 UTC",
            "timeouts": null,
            "vcn_id": "ocid1.vcn.oc1.iad.amaaaaaaak7gbrias3pznj6j4jwz4dd5tfz2if76kuzbv3voh46s25xq5mkq"
          },
          "sensitive_attributes": [],
          "private": "eyJlMmJmYjczMC1lY2FhLTExZTYtOGY4OC0zNDM2M2JjN2M0YzAiOnsiY3JlYXRlIjoxMjAwMDAwMDAwMDAwLCJkZWxldGUiOjEyMDAwMDAwMDAwMDAsInVwZGF0ZSI6MTIwMDAwMDAwMDAwMH19",
          "dependencies": [
            "data.oci_core_services.all_services",
            "data.oci_identity_regions.home_region",
            "oci_core_virtual_network.oke_vcn",
            "oci_identity_tag.ArchitectureCenterTag",
            "oci_identity_tag_namespace.ArchitectureCenterTagNamespace",
            "random_id.tag",
            "random_string.deploy_id"
          ]
        }
      ]
    },
    {
      "mode": "managed",
      "type": "oci_core_security_list",
      "name": "oke_lb_security_list",
      "provider": "provider[\"registry.terraform.io/oracle/oci\"]",
      "instances": [
        {
          "index_key": 0,
          "schema_version": 0,
          "attributes": {
            "compartment_id": "ocid1.compartment.oc1..aaaaaaaalpco7s53yuj7s7d42neodtn7rtj6e2trjijpgvywy4rxnnegc4iq",
            "defined_tags": {
              "ArchitectureCenter\\ci-cd-pipe-oci-devops-63b2.release": "1.1.2",
              "default_tags.CreatedBy": "oracleidentitycloudservice/diksha.m.munjal@oracle.com",
              "default_tags.CreatedOn": "2022-09-15T13:01:15.075Z"
            },
            "display_name": "oke-lb-seclist-efBn",
            "egress_security_rules": [],
            "freeform_tags": {},
            "id": "ocid1.securitylist.oc1.iad.aaaaaaaaifzm2bdy2cfnb7zqhszgrqxrqkdvknwmubfqvphktohshafrvm3q",
            "ingress_security_rules": [],
            "state": "AVAILABLE",
            "time_created": "2022-09-15 13:01:15.141 +0000 UTC",
            "timeouts": null,
            "vcn_id": "ocid1.vcn.oc1.iad.amaaaaaaak7gbrias3pznj6j4jwz4dd5tfz2if76kuzbv3voh46s25xq5mkq"
          },
          "sensitive_attributes": [],
          "private": "eyJlMmJmYjczMC1lY2FhLTExZTYtOGY4OC0zNDM2M2JjN2M0YzAiOnsiY3JlYXRlIjoxMjAwMDAwMDAwMDAwLCJkZWxldGUiOjEyMDAwMDAwMDAwMDAsInVwZGF0ZSI6MTIwMDAwMDAwMDAwMH19",
          "dependencies": [
            "data.oci_identity_regions.home_region",
            "oci_core_virtual_network.oke_vcn",
            "oci_identity_tag.ArchitectureCenterTag",
            "oci_identity_tag_namespace.ArchitectureCenterTagNamespace",
            "random_id.tag",
            "random_string.deploy_id"
          ]
        }
      ]
    },
    {
      "mode": "managed",
      "type": "oci_core_security_list",
      "name": "oke_nodes_security_list",
      "provider": "provider[\"registry.terraform.io/oracle/oci\"]",
      "instances": [
        {
          "index_key": 0,
          "schema_version": 0,
          "attributes": {
            "compartment_id": "ocid1.compartment.oc1..aaaaaaaalpco7s53yuj7s7d42neodtn7rtj6e2trjijpgvywy4rxnnegc4iq",
            "defined_tags": {
              "ArchitectureCenter\\ci-cd-pipe-oci-devops-63b2.release": "1.1.2",
              "default_tags.CreatedBy": "oracleidentitycloudservice/diksha.m.munjal@oracle.com",
              "default_tags.CreatedOn": "2022-09-15T13:01:15.126Z"
            },
            "display_name": "oke-nodes-wkr-seclist-efBn",
            "egress_security_rules": [
              {
                "description": "Access to Kubernetes API Endpoint",
                "destination": "10.20.0.0/28",
                "destination_type": "CIDR_BLOCK",
                "icmp_options": [],
                "protocol": "6",
                "stateless": false,
                "tcp_options": [
                  {
                    "max": 6443,
                    "min": 6443,
                    "source_port_range": []
                  }
                ],
                "udp_options": []
              },
              {
                "description": "Allow nodes to communicate with OKE to ensure correct start-up and continued functioning",
                "destination": "all-iad-services-in-oracle-services-network",
                "destination_type": "SERVICE_CIDR_BLOCK",
                "icmp_options": [],
                "protocol": "6",
                "stateless": false,
                "tcp_options": [
                  {
                    "max": 443,
                    "min": 443,
                    "source_port_range": []
                  }
                ],
                "udp_options": []
              },
              {
                "description": "Allow pods on one worker node to communicate with pods on other worker nodes",
                "destination": "10.20.10.0/24",
                "destination_type": "CIDR_BLOCK",
                "icmp_options": [],
                "protocol": "all",
                "stateless": false,
                "tcp_options": [],
                "udp_options": []
              },
              {
                "description": "ICMP Access from Kubernetes Control Plane",
                "destination": "0.0.0.0/0",
                "destination_type": "CIDR_BLOCK",
                "icmp_options": [
                  {
                    "code": 4,
                    "type": 3
                  }
                ],
                "protocol": "1",
                "stateless": false,
                "tcp_options": [],
                "udp_options": []
              },
              {
                "description": "Kubernetes worker to control plane communication",
                "destination": "10.20.0.0/28",
                "destination_type": "CIDR_BLOCK",
                "icmp_options": [],
                "protocol": "6",
                "stateless": false,
                "tcp_options": [
                  {
                    "max": 12250,
                    "min": 12250,
                    "source_port_range": []
                  }
                ],
                "udp_options": []
              },
              {
                "description": "Path discovery",
                "destination": "10.20.0.0/28",
                "destination_type": "CIDR_BLOCK",
                "icmp_options": [
                  {
                    "code": 4,
                    "type": 3
                  }
                ],
                "protocol": "1",
                "stateless": false,
                "tcp_options": [],
                "udp_options": []
              },
              {
                "description": "Worker Nodes access to Internet",
                "destination": "0.0.0.0/0",
                "destination_type": "CIDR_BLOCK",
                "icmp_options": [],
                "protocol": "all",
                "stateless": false,
                "tcp_options": [],
                "udp_options": []
              }
            ],
            "freeform_tags": {},
            "id": "ocid1.securitylist.oc1.iad.aaaaaaaapa3ki3v4w7xp3qw4yeb5iqahpqagtnkevl6i2wlbpnzm44gkvlua",
            "ingress_security_rules": [
              {
                "description": "Allow pods on one worker node to communicate with pods on other worker nodes",
                "icmp_options": [],
                "protocol": "all",
                "source": "10.20.10.0/24",
                "source_type": "CIDR_BLOCK",
                "stateless": false,
                "tcp_options": [],
                "udp_options": []
              },
              {
                "description": "Inbound SSH traffic to worker nodes",
                "icmp_options": [],
                "protocol": "6",
                "source": "10.20.0.0/16",
                "source_type": "CIDR_BLOCK",
                "stateless": false,
                "tcp_options": [
                  {
                    "max": 22,
                    "min": 22,
                    "source_port_range": []
                  }
                ],
                "udp_options": []
              },
              {
                "description": "Path discovery",
                "icmp_options": [
                  {
                    "code": 4,
                    "type": 3
                  }
                ],
                "protocol": "1",
                "source": "10.20.0.0/28",
                "source_type": "CIDR_BLOCK",
                "stateless": false,
                "tcp_options": [],
                "udp_options": []
              },
              {
                "description": "TCP access from Kubernetes Control Plane",
                "icmp_options": [],
                "protocol": "6",
                "source": "10.20.0.0/28",
                "source_type": "CIDR_BLOCK",
                "stateless": false,
                "tcp_options": [],
                "udp_options": []
              }
            ],
            "state": "AVAILABLE",
            "time_created": "2022-09-15 13:01:15.264 +0000 UTC",
            "timeouts": null,
            "vcn_id": "ocid1.vcn.oc1.iad.amaaaaaaak7gbrias3pznj6j4jwz4dd5tfz2if76kuzbv3voh46s25xq5mkq"
          },
          "sensitive_attributes": [],
          "private": "eyJlMmJmYjczMC1lY2FhLTExZTYtOGY4OC0zNDM2M2JjN2M0YzAiOnsiY3JlYXRlIjoxMjAwMDAwMDAwMDAwLCJkZWxldGUiOjEyMDAwMDAwMDAwMDAsInVwZGF0ZSI6MTIwMDAwMDAwMDAwMH19",
          "dependencies": [
            "data.oci_core_services.all_services",
            "data.oci_identity_regions.home_region",
            "oci_core_virtual_network.oke_vcn",
            "oci_identity_tag.ArchitectureCenterTag",
            "oci_identity_tag_namespace.ArchitectureCenterTagNamespace",
            "random_id.tag",
            "random_string.deploy_id"
          ]
        }
      ]
    },
    {
      "mode": "managed",
      "type": "oci_core_service_gateway",
      "name": "oke_service_gateway",
      "provider": "provider[\"registry.terraform.io/oracle/oci\"]",
      "instances": [
        {
          "index_key": 0,
          "schema_version": 0,
          "attributes": {
            "block_traffic": false,
            "compartment_id": "ocid1.compartment.oc1..aaaaaaaalpco7s53yuj7s7d42neodtn7rtj6e2trjijpgvywy4rxnnegc4iq",
            "defined_tags": {
              "ArchitectureCenter\\ci-cd-pipe-oci-devops-63b2.release": "1.1.2",
              "default_tags.CreatedBy": "oracleidentitycloudservice/diksha.m.munjal@oracle.com",
              "default_tags.CreatedOn": "2022-09-15T13:01:14.883Z"
            },
            "display_name": "oke-service-gateway-efBn",
            "freeform_tags": {},
            "id": "ocid1.servicegateway.oc1.iad.aaaaaaaau45wge4hjp3itmvxpe66qc6fkab7srov6wslgnepsmytdem6lvoa",
            "route_table_id": null,
            "services": [
              {
                "service_id": "ocid1.service.oc1.iad.aaaaaaaam4zfmy2rjue6fmglumm3czgisxzrnvrwqeodtztg7hwa272mlfna",
                "service_name": "All IAD Services In Oracle Services Network"
              }
            ],
            "state": "AVAILABLE",
            "time_created": "2022-09-15 13:01:16.506 +0000 UTC",
            "timeouts": null,
            "vcn_id": "ocid1.vcn.oc1.iad.amaaaaaaak7gbrias3pznj6j4jwz4dd5tfz2if76kuzbv3voh46s25xq5mkq"
          },
          "sensitive_attributes": [],
          "private": "eyJlMmJmYjczMC1lY2FhLTExZTYtOGY4OC0zNDM2M2JjN2M0YzAiOnsiY3JlYXRlIjoxMjAwMDAwMDAwMDAwLCJkZWxldGUiOjEyMDAwMDAwMDAwMDAsInVwZGF0ZSI6MTIwMDAwMDAwMDAwMH19",
          "dependencies": [
            "data.oci_core_services.all_services",
            "data.oci_identity_regions.home_region",
            "oci_core_virtual_network.oke_vcn",
            "oci_identity_tag.ArchitectureCenterTag",
            "oci_identity_tag_namespace.ArchitectureCenterTagNamespace",
            "random_id.tag",
            "random_string.deploy_id"
          ]
        }
      ]
    },
    {
      "mode": "managed",
      "type": "oci_core_subnet",
      "name": "oke_k8s_endpoint_subnet",
      "provider": "provider[\"registry.terraform.io/oracle/oci\"]",
      "instances": [
        {
          "index_key": 0,
          "schema_version": 0,
          "attributes": {
            "availability_domain": null,
            "cidr_block": "10.20.0.0/28",
            "compartment_id": "ocid1.compartment.oc1..aaaaaaaalpco7s53yuj7s7d42neodtn7rtj6e2trjijpgvywy4rxnnegc4iq",
            "defined_tags": {
              "ArchitectureCenter\\ci-cd-pipe-oci-devops-63b2.release": "1.1.2",
              "default_tags.CreatedBy": "oracleidentitycloudservice/diksha.m.munjal@oracle.com",
              "default_tags.CreatedOn": "2022-09-15T13:01:17.169Z"
            },
            "dhcp_options_id": "ocid1.dhcpoptions.oc1.iad.aaaaaaaabwnvwoxxas5mqeib7f5ik3q7leo56eoviawahvsnvyux4mp3kj7a",
            "display_name": "oke-k8s-endpoint-subnet-efBn",
            "dns_label": "okek8snefbn",
            "freeform_tags": {},
            "id": "ocid1.subnet.oc1.iad.aaaaaaaagxbcephymi46rqjg5v6fr66ixutaamg23vd26frnr7y2cadiih7a",
            "ipv6cidr_block": null,
            "ipv6cidr_blocks": [],
            "ipv6virtual_router_ip": null,
            "prohibit_internet_ingress": false,
            "prohibit_public_ip_on_vnic": false,
            "route_table_id": "ocid1.routetable.oc1.iad.aaaaaaaay5g5vcqews3pokloqo5j2kwm3odtrcds7u6g6was77hd5dm4oqza",
            "security_list_ids": [
              "ocid1.securitylist.oc1.iad.aaaaaaaabhpbmv54rh562p23wpws3jg7szdax36vynjdwd6gagetatist2sa"
            ],
            "state": "AVAILABLE",
            "subnet_domain_name": "okek8snefbn.okeefbn.oraclevcn.com",
            "time_created": "2022-09-15 13:01:19.806 +0000 UTC",
            "timeouts": null,
            "vcn_id": "ocid1.vcn.oc1.iad.amaaaaaaak7gbrias3pznj6j4jwz4dd5tfz2if76kuzbv3voh46s25xq5mkq",
            "virtual_router_ip": "10.20.0.1",
            "virtual_router_mac": "00:00:17:2F:E4:5E"
          },
          "sensitive_attributes": [],
          "private": "eyJlMmJmYjczMC1lY2FhLTExZTYtOGY4OC0zNDM2M2JjN2M0YzAiOnsiY3JlYXRlIjoxMjAwMDAwMDAwMDAwLCJkZWxldGUiOjEyMDAwMDAwMDAwMDAsInVwZGF0ZSI6MTIwMDAwMDAwMDAwMH19",
          "dependencies": [
            "data.oci_core_services.all_services",
            "data.oci_identity_regions.home_region",
            "oci_core_internet_gateway.oke_internet_gateway",
            "oci_core_nat_gateway.oke_nat_gateway",
            "oci_core_route_table.oke_private_route_table",
            "oci_core_route_table.oke_public_route_table",
            "oci_core_security_list.oke_endpoint_security_list",
            "oci_core_service_gateway.oke_service_gateway",
            "oci_core_virtual_network.oke_vcn",
            "oci_identity_tag.ArchitectureCenterTag",
            "oci_identity_tag_namespace.ArchitectureCenterTagNamespace",
            "random_id.tag",
            "random_string.deploy_id"
          ]
        }
      ]
    },
    {
      "mode": "managed",
      "type": "oci_core_subnet",
      "name": "oke_lb_subnet",
      "provider": "provider[\"registry.terraform.io/oracle/oci\"]",
      "instances": [
        {
          "index_key": 0,
          "schema_version": 0,
          "attributes": {
            "availability_domain": null,
            "cidr_block": "10.20.20.0/24",
            "compartment_id": "ocid1.compartment.oc1..aaaaaaaalpco7s53yuj7s7d42neodtn7rtj6e2trjijpgvywy4rxnnegc4iq",
            "defined_tags": {
              "ArchitectureCenter\\ci-cd-pipe-oci-devops-63b2.release": "1.1.2",
              "default_tags.CreatedBy": "oracleidentitycloudservice/diksha.m.munjal@oracle.com",
              "default_tags.CreatedOn": "2022-09-15T13:01:17.169Z"
            },
            "dhcp_options_id": "ocid1.dhcpoptions.oc1.iad.aaaaaaaabwnvwoxxas5mqeib7f5ik3q7leo56eoviawahvsnvyux4mp3kj7a",
            "display_name": "oke-lb-subnet-efBn",
            "dns_label": "okelbsnefbn",
            "freeform_tags": {},
            "id": "ocid1.subnet.oc1.iad.aaaaaaaaxaalzjpebuhpppjsse4o3fbviamlr2uzq4crqo4mkbop75v7tr7q",
            "ipv6cidr_block": null,
            "ipv6cidr_blocks": [],
            "ipv6virtual_router_ip": null,
            "prohibit_internet_ingress": false,
            "prohibit_public_ip_on_vnic": false,
            "route_table_id": "ocid1.routetable.oc1.iad.aaaaaaaay5g5vcqews3pokloqo5j2kwm3odtrcds7u6g6was77hd5dm4oqza",
            "security_list_ids": [
              "ocid1.securitylist.oc1.iad.aaaaaaaaifzm2bdy2cfnb7zqhszgrqxrqkdvknwmubfqvphktohshafrvm3q"
            ],
            "state": "AVAILABLE",
            "subnet_domain_name": "okelbsnefbn.okeefbn.oraclevcn.com",
            "time_created": "2022-09-15 13:01:17.602 +0000 UTC",
            "timeouts": null,
            "vcn_id": "ocid1.vcn.oc1.iad.amaaaaaaak7gbrias3pznj6j4jwz4dd5tfz2if76kuzbv3voh46s25xq5mkq",
            "virtual_router_ip": "10.20.20.1",
            "virtual_router_mac": "00:00:17:2F:E4:5E"
          },
          "sensitive_attributes": [],
          "private": "eyJlMmJmYjczMC1lY2FhLTExZTYtOGY4OC0zNDM2M2JjN2M0YzAiOnsiY3JlYXRlIjoxMjAwMDAwMDAwMDAwLCJkZWxldGUiOjEyMDAwMDAwMDAwMDAsInVwZGF0ZSI6MTIwMDAwMDAwMDAwMH19",
          "dependencies": [
            "data.oci_identity_regions.home_region",
            "oci_core_internet_gateway.oke_internet_gateway",
            "oci_core_route_table.oke_public_route_table",
            "oci_core_security_list.oke_lb_security_list",
            "oci_core_virtual_network.oke_vcn",
            "oci_identity_tag.ArchitectureCenterTag",
            "oci_identity_tag_namespace.ArchitectureCenterTagNamespace",
            "random_id.tag",
            "random_string.deploy_id"
          ]
        }
      ]
    },
    {
      "mode": "managed",
      "type": "oci_core_subnet",
      "name": "oke_nodes_subnet",
      "provider": "provider[\"registry.terraform.io/oracle/oci\"]",
      "instances": [
        {
          "index_key": 0,
          "schema_version": 0,
          "attributes": {
            "availability_domain": null,
            "cidr_block": "10.20.10.0/24",
            "compartment_id": "ocid1.compartment.oc1..aaaaaaaalpco7s53yuj7s7d42neodtn7rtj6e2trjijpgvywy4rxnnegc4iq",
            "defined_tags": {
              "ArchitectureCenter\\ci-cd-pipe-oci-devops-63b2.release": "1.1.2",
              "default_tags.CreatedBy": "oracleidentitycloudservice/diksha.m.munjal@oracle.com",
              "default_tags.CreatedOn": "2022-09-15T13:01:19.579Z"
            },
            "dhcp_options_id": "ocid1.dhcpoptions.oc1.iad.aaaaaaaabwnvwoxxas5mqeib7f5ik3q7leo56eoviawahvsnvyux4mp3kj7a",
            "display_name": "oke-nodes-subnet-efBn",
            "dns_label": "okenodesnefbn",
            "freeform_tags": {},
            "id": "ocid1.subnet.oc1.iad.aaaaaaaaxy4aygpfxe6lwk6dl54tdupwivsskliqxlqoxnh6jfilq7lyrxwa",
            "ipv6cidr_block": null,
            "ipv6cidr_blocks": [],
            "ipv6virtual_router_ip": null,
            "prohibit_internet_ingress": true,
            "prohibit_public_ip_on_vnic": true,
            "route_table_id": "ocid1.routetable.oc1.iad.aaaaaaaaedf35b6ahuku5dtmhwm5aqyhxujuvpzm7inaibhz5pemtqvmuqsa",
            "security_list_ids": [
              "ocid1.securitylist.oc1.iad.aaaaaaaapa3ki3v4w7xp3qw4yeb5iqahpqagtnkevl6i2wlbpnzm44gkvlua"
            ],
            "state": "AVAILABLE",
            "subnet_domain_name": "okenodesnefbn.okeefbn.oraclevcn.com",
            "time_created": "2022-09-15 13:01:21.71 +0000 UTC",
            "timeouts": null,
            "vcn_id": "ocid1.vcn.oc1.iad.amaaaaaaak7gbrias3pznj6j4jwz4dd5tfz2if76kuzbv3voh46s25xq5mkq",
            "virtual_router_ip": "10.20.10.1",
            "virtual_router_mac": "00:00:17:2F:E4:5E"
          },
          "sensitive_attributes": [],
          "private": "eyJlMmJmYjczMC1lY2FhLTExZTYtOGY4OC0zNDM2M2JjN2M0YzAiOnsiY3JlYXRlIjoxMjAwMDAwMDAwMDAwLCJkZWxldGUiOjEyMDAwMDAwMDAwMDAsInVwZGF0ZSI6MTIwMDAwMDAwMDAwMH19",
          "dependencies": [
            "data.oci_core_services.all_services",
            "data.oci_identity_regions.home_region",
            "oci_core_internet_gateway.oke_internet_gateway",
            "oci_core_nat_gateway.oke_nat_gateway",
            "oci_core_route_table.oke_private_route_table",
            "oci_core_route_table.oke_public_route_table",
            "oci_core_security_list.oke_nodes_security_list",
            "oci_core_service_gateway.oke_service_gateway",
            "oci_core_virtual_network.oke_vcn",
            "oci_identity_tag.ArchitectureCenterTag",
            "oci_identity_tag_namespace.ArchitectureCenterTagNamespace",
            "random_id.tag",
            "random_string.deploy_id"
          ]
        }
      ]
    },
    {
      "mode": "managed",
      "type": "oci_core_virtual_network",
      "name": "oke_vcn",
      "provider": "provider[\"registry.terraform.io/oracle/oci\"]",
      "instances": [
        {
          "index_key": 0,
          "schema_version": 0,
          "attributes": {
            "byoipv6cidr_blocks": [],
            "byoipv6cidr_details": null,
            "cidr_block": "10.20.0.0/16",
            "cidr_blocks": [
              "10.20.0.0/16"
            ],
            "compartment_id": "ocid1.compartment.oc1..aaaaaaaalpco7s53yuj7s7d42neodtn7rtj6e2trjijpgvywy4rxnnegc4iq",
            "default_dhcp_options_id": "ocid1.dhcpoptions.oc1.iad.aaaaaaaabwnvwoxxas5mqeib7f5ik3q7leo56eoviawahvsnvyux4mp3kj7a",
            "default_route_table_id": "ocid1.routetable.oc1.iad.aaaaaaaa2rhj5slumplkskcrrun4pnodv3u2m43ycl6ztkwexdt5weruifpa",
            "default_security_list_id": "ocid1.securitylist.oc1.iad.aaaaaaaava4xge5cvtfepfjzhcfhodofmmpvdw7ywlpeiiejnl7cqcfurwgq",
            "defined_tags": {
              "ArchitectureCenter\\ci-cd-pipe-oci-devops-63b2.release": "1.1.2",
              "default_tags.CreatedBy": "oracleidentitycloudservice/diksha.m.munjal@oracle.com",
              "default_tags.CreatedOn": "2022-09-15T13:01:12.640Z"
            },
            "display_name": "OKE-VCN-efBn",
            "dns_label": "okeefbn",
            "freeform_tags": {},
            "id": "ocid1.vcn.oc1.iad.amaaaaaaak7gbrias3pznj6j4jwz4dd5tfz2if76kuzbv3voh46s25xq5mkq",
            "ipv6cidr_blocks": [],
            "ipv6private_cidr_blocks": [],
            "is_ipv6enabled": false,
            "is_oracle_gua_allocation_enabled": null,
            "state": "AVAILABLE",
            "time_created": "2022-09-15 13:01:12.776 +0000 UTC",
            "timeouts": null,
            "vcn_domain_name": "okeefbn.oraclevcn.com"
          },
          "sensitive_attributes": [],
          "private": "eyJlMmJmYjczMC1lY2FhLTExZTYtOGY4OC0zNDM2M2JjN2M0YzAiOnsiY3JlYXRlIjoxMjAwMDAwMDAwMDAwLCJkZWxldGUiOjEyMDAwMDAwMDAwMDAsInVwZGF0ZSI6MTIwMDAwMDAwMDAwMH19",
          "dependencies": [
            "data.oci_identity_regions.home_region",
            "oci_identity_tag.ArchitectureCenterTag",
            "oci_identity_tag_namespace.ArchitectureCenterTagNamespace",
            "random_id.tag",
            "random_string.deploy_id"
          ]
        }
      ]
    },
    {
      "mode": "managed",
      "type": "oci_devops_build_pipeline",
      "name": "test_build_pipeline",
      "provider": "provider[\"registry.terraform.io/oracle/oci\"]",
      "instances": [
        {
          "schema_version": 0,
          "attributes": {
            "build_pipeline_parameters": [
              {
                "items": []
              }
            ],
            "compartment_id": "ocid1.compartment.oc1..aaaaaaaalpco7s53yuj7s7d42neodtn7rtj6e2trjijpgvywy4rxnnegc4iq",
            "defined_tags": {
              "default_tags.CreatedBy": "oracleidentitycloudservice/diksha.m.munjal@oracle.com",
              "default_tags.CreatedOn": "2022-09-15T13:01:17.846Z"
            },
            "description": "build pipeline for Node.JS application",
            "display_name": "NodeJS-build-pipeline",
            "freeform_tags": {},
            "id": "ocid1.devopsbuildpipeline.oc1.iad.amaaaaaaak7gbriac7gd4ifbzaeqnn2jgayel2mjzpvm7fmucnaawbihuphq",
            "lifecycle_details": null,
            "project_id": "ocid1.devopsproject.oc1.iad.amaaaaaaak7gbriaicbzqsvu5hrpvavsjfwcpkegprfgmagqt6mgpoovf5iq",
            "state": "ACTIVE",
            "system_tags": {},
            "time_created": "2022-09-15 13:01:19.127 +0000 UTC",
            "time_updated": "2022-09-15 13:01:37.353 +0000 UTC",
            "timeouts": null
          },
          "sensitive_attributes": [],
          "private": "eyJlMmJmYjczMC1lY2FhLTExZTYtOGY4OC0zNDM2M2JjN2M0YzAiOnsiY3JlYXRlIjoxMjAwMDAwMDAwMDAwLCJkZWxldGUiOjEyMDAwMDAwMDAwMDAsInVwZGF0ZSI6MTIwMDAwMDAwMDAwMH19",
          "dependencies": [
            "data.oci_identity_regions.home_region",
            "oci_devops_project.test_project",
            "oci_identity_tag.ArchitectureCenterTag",
            "oci_identity_tag_namespace.ArchitectureCenterTagNamespace",
            "oci_ons_notification_topic.test_notification_topic",
            "random_id.tag",
            "random_string.deploy_id"
          ]
        }
      ]
    },
    {
      "mode": "managed",
      "type": "oci_devops_build_pipeline_stage",
      "name": "test_build_pipeline_stage",
      "provider": "provider[\"registry.terraform.io/oracle/oci\"]",
      "instances": [
        {
          "schema_version": 0,
          "attributes": {
            "build_pipeline_id": "ocid1.devopsbuildpipeline.oc1.iad.amaaaaaaak7gbriac7gd4ifbzaeqnn2jgayel2mjzpvm7fmucnaawbihuphq",
            "build_pipeline_stage_predecessor_collection": [
              {
                "items": [
                  {
                    "id": "ocid1.devopsbuildpipeline.oc1.iad.amaaaaaaak7gbriac7gd4ifbzaeqnn2jgayel2mjzpvm7fmucnaawbihuphq"
                  }
                ]
              }
            ],
            "build_pipeline_stage_type": "BUILD",
            "build_source_collection": [
              {
                "items": [
                  {
                    "branch": "main",
                    "connection_id": "",
                    "connection_type": "DEVOPS_CODE_REPOSITORY",
                    "name": "node_express",
                    "repository_id": "ocid1.devopsrepository.oc1.iad.amaaaaaaak7gbriacsgt25b7q6vtacsicmj2tfowr7dy7a3gkqeudwu24kja",
                    "repository_url": "https://devops.scmservice.us-ashburn-1.oci.oraclecloud.com/namespaces/sehubjapacprod/projects/devopsproject_efBn/repositories/nodejs"
                  }
                ]
              }
            ],
            "build_spec_file": "",
            "compartment_id": "ocid1.compartment.oc1..aaaaaaaalpco7s53yuj7s7d42neodtn7rtj6e2trjijpgvywy4rxnnegc4iq",
            "defined_tags": {
              "ArchitectureCenter\\ci-cd-pipe-oci-devops-63b2.release": "1.1.2",
              "default_tags.CreatedBy": "oracleidentitycloudservice/diksha.m.munjal@oracle.com",
              "default_tags.CreatedOn": "2022-09-15T13:01:51.934Z"
            },
            "deliver_artifact_collection": null,
            "deploy_pipeline_id": null,
            "description": "nodejs managed build stage",
            "display_name": "nodejs-build-pipeline",
            "freeform_tags": {},
            "id": "ocid1.devopsbuildpipelinestage.oc1.iad.amaaaaaaak7gbriapzznpuv2lhllanefy2ok3hakk7r3msavuzjfhlvvdrzq",
            "image": "OL7_X86_64_STANDARD_10",
            "is_pass_all_parameters_enabled": null,
            "lifecycle_details": null,
            "primary_build_source": "node_express",
            "private_access_config": [],
            "project_id": "ocid1.devopsproject.oc1.iad.amaaaaaaak7gbriaicbzqsvu5hrpvavsjfwcpkegprfgmagqt6mgpoovf5iq",
            "stage_execution_timeout_in_seconds": 36000,
            "state": "ACTIVE",
            "system_tags": {},
            "time_created": "2022-09-15 13:01:52.618 +0000 UTC",
            "time_updated": "2022-09-15 13:01:52.618 +0000 UTC",
            "timeouts": null,
            "wait_criteria": [
              {
                "wait_duration": "waitDuration",
                "wait_type": "ABSOLUTE_WAIT"
              }
            ]
          },
          "sensitive_attributes": [],
          "private": "eyJlMmJmYjczMC1lY2FhLTExZTYtOGY4OC0zNDM2M2JjN2M0YzAiOnsiY3JlYXRlIjoxMjAwMDAwMDAwMDAwLCJkZWxldGUiOjEyMDAwMDAwMDAwMDAsInVwZGF0ZSI6MTIwMDAwMDAwMDAwMH19",
          "dependencies": [
            "data.oci_identity_regions.home_region",
            "data.oci_objectstorage_namespace.ns",
            "oci_devops_build_pipeline.test_build_pipeline",
            "oci_devops_project.test_project",
            "oci_devops_repository.test_repository",
            "oci_identity_tag.ArchitectureCenterTag",
            "oci_identity_tag_namespace.ArchitectureCenterTagNamespace",
            "oci_ons_notification_topic.test_notification_topic",
            "random_id.tag",
            "random_string.deploy_id"
          ]
        }
      ]
    },
    {
      "mode": "managed",
      "type": "oci_devops_build_pipeline_stage",
      "name": "test_deliver_artifact_stage",
      "provider": "provider[\"registry.terraform.io/oracle/oci\"]",
      "instances": [
        {
          "schema_version": 0,
          "attributes": {
            "build_pipeline_id": "ocid1.devopsbuildpipeline.oc1.iad.amaaaaaaak7gbriac7gd4ifbzaeqnn2jgayel2mjzpvm7fmucnaawbihuphq",
            "build_pipeline_stage_predecessor_collection": [
              {
                "items": [
                  {
                    "id": "ocid1.devopsbuildpipelinestage.oc1.iad.amaaaaaaak7gbriapzznpuv2lhllanefy2ok3hakk7r3msavuzjfhlvvdrzq"
                  }
                ]
              }
            ],
            "build_pipeline_stage_type": "DELIVER_ARTIFACT",
            "build_source_collection": null,
            "build_spec_file": null,
            "compartment_id": "ocid1.compartment.oc1..aaaaaaaalpco7s53yuj7s7d42neodtn7rtj6e2trjijpgvywy4rxnnegc4iq",
            "defined_tags": {
              "ArchitectureCenter\\ci-cd-pipe-oci-devops-63b2.release": "1.1.2",
              "default_tags.CreatedBy": "oracleidentitycloudservice/diksha.m.munjal@oracle.com",
              "default_tags.CreatedOn": "2022-09-15T13:02:08.291Z"
            },
            "deliver_artifact_collection": [
              {
                "items": [
                  {
                    "artifact_id": "ocid1.devopsdeployartifact.oc1.iad.amaaaaaaak7gbriaqrvcutamkyp6p4stwlf4uvwjr6s5b5lxzqudow64qiyq",
                    "artifact_name": "output01"
                  }
                ]
              }
            ],
            "deploy_pipeline_id": null,
            "description": "",
            "display_name": "deliver-artifact",
            "freeform_tags": {},
            "id": "ocid1.devopsbuildpipelinestage.oc1.iad.amaaaaaaak7gbria2jz2dz62exhy2adsxvr6dt7343dceitgx5gpvp6lvwla",
            "image": null,
            "is_pass_all_parameters_enabled": null,
            "lifecycle_details": null,
            "primary_build_source": null,
            "private_access_config": null,
            "project_id": "ocid1.devopsproject.oc1.iad.amaaaaaaak7gbriaicbzqsvu5hrpvavsjfwcpkegprfgmagqt6mgpoovf5iq",
            "stage_execution_timeout_in_seconds": null,
            "state": "ACTIVE",
            "system_tags": {},
            "time_created": "2022-09-15 13:02:08.986 +0000 UTC",
            "time_updated": "2022-09-15 13:02:08.986 +0000 UTC",
            "timeouts": null,
            "wait_criteria": null
          },
          "sensitive_attributes": [],
          "private": "eyJlMmJmYjczMC1lY2FhLTExZTYtOGY4OC0zNDM2M2JjN2M0YzAiOnsiY3JlYXRlIjoxMjAwMDAwMDAwMDAwLCJkZWxldGUiOjEyMDAwMDAwMDAwMDAsInVwZGF0ZSI6MTIwMDAwMDAwMDAwMH19",
          "dependencies": [
            "data.oci_identity_regions.current_region",
            "data.oci_identity_regions.home_region",
            "data.oci_objectstorage_namespace.ns",
            "oci_artifacts_container_repository.test_container_repository",
            "oci_devops_build_pipeline.test_build_pipeline",
            "oci_devops_build_pipeline_stage.test_build_pipeline_stage",
            "oci_devops_deploy_artifact.test_deploy_artifact",
            "oci_devops_project.test_project",
            "oci_devops_repository.test_repository",
            "oci_identity_tag.ArchitectureCenterTag",
            "oci_identity_tag_namespace.ArchitectureCenterTagNamespace",
            "oci_ons_notification_topic.test_notification_topic",
            "random_id.tag",
            "random_string.deploy_id"
          ]
        }
      ]
    },
    {
      "mode": "managed",
      "type": "oci_devops_build_pipeline_stage",
      "name": "test_deploy_stage",
      "provider": "provider[\"registry.terraform.io/oracle/oci\"]",
      "instances": [
        {
          "schema_version": 0,
          "attributes": {
            "build_pipeline_id": "ocid1.devopsbuildpipeline.oc1.iad.amaaaaaaak7gbriac7gd4ifbzaeqnn2jgayel2mjzpvm7fmucnaawbihuphq",
            "build_pipeline_stage_predecessor_collection": [
              {
                "items": [
                  {
                    "id": "ocid1.devopsbuildpipelinestage.oc1.iad.amaaaaaaak7gbria2jz2dz62exhy2adsxvr6dt7343dceitgx5gpvp6lvwla"
                  }
                ]
              }
            ],
            "build_pipeline_stage_type": "TRIGGER_DEPLOYMENT_PIPELINE",
            "build_source_collection": null,
            "build_spec_file": null,
            "compartment_id": "ocid1.compartment.oc1..aaaaaaaalpco7s53yuj7s7d42neodtn7rtj6e2trjijpgvywy4rxnnegc4iq",
            "defined_tags": {
              "ArchitectureCenter\\ci-cd-pipe-oci-devops-63b2.release": "1.1.2",
              "default_tags.CreatedBy": "oracleidentitycloudservice/diksha.m.munjal@oracle.com",
              "default_tags.CreatedOn": "2022-09-15T13:02:23.361Z"
            },
            "deliver_artifact_collection": null,
            "deploy_pipeline_id": "ocid1.devopsdeploypipeline.oc1.iad.amaaaaaaak7gbriatsp7clzwdznfnkqa73v4d4gtkaxxivdphjkfkklokj5a",
            "description": "",
            "display_name": "deploy-artifact",
            "freeform_tags": {},
            "id": "ocid1.devopsbuildpipelinestage.oc1.iad.amaaaaaaak7gbriazi6g4le4sw6m76xrirmsadymqlk2ahyiw6n3obsgploa",
            "image": null,
            "is_pass_all_parameters_enabled": true,
            "lifecycle_details": null,
            "primary_build_source": null,
            "private_access_config": null,
            "project_id": "ocid1.devopsproject.oc1.iad.amaaaaaaak7gbriaicbzqsvu5hrpvavsjfwcpkegprfgmagqt6mgpoovf5iq",
            "stage_execution_timeout_in_seconds": null,
            "state": "ACTIVE",
            "system_tags": {},
            "time_created": "2022-09-15 13:02:23.637 +0000 UTC",
            "time_updated": "2022-09-15 13:02:23.637 +0000 UTC",
            "timeouts": null,
            "wait_criteria": null
          },
          "sensitive_attributes": [],
          "private": "eyJlMmJmYjczMC1lY2FhLTExZTYtOGY4OC0zNDM2M2JjN2M0YzAiOnsiY3JlYXRlIjoxMjAwMDAwMDAwMDAwLCJkZWxldGUiOjEyMDAwMDAwMDAwMDAsInVwZGF0ZSI6MTIwMDAwMDAwMDAwMH19",
          "dependencies": [
            "data.oci_identity_regions.current_region",
            "data.oci_identity_regions.home_region",
            "data.oci_objectstorage_namespace.ns",
            "oci_artifacts_container_repository.test_container_repository",
            "oci_devops_build_pipeline.test_build_pipeline",
            "oci_devops_build_pipeline_stage.test_build_pipeline_stage",
            "oci_devops_build_pipeline_stage.test_deliver_artifact_stage",
            "oci_devops_deploy_artifact.test_deploy_artifact",
            "oci_devops_deploy_pipeline.test_deploy_pipeline",
            "oci_devops_project.test_project",
            "oci_devops_repository.test_repository",
            "oci_identity_tag.ArchitectureCenterTag",
            "oci_identity_tag_namespace.ArchitectureCenterTagNamespace",
            "oci_ons_notification_topic.test_notification_topic",
            "random_id.tag",
            "random_string.deploy_id"
          ]
        }
      ]
    },
    {
      "mode": "managed",
      "type": "oci_devops_build_run",
      "name": "test_build_run_1",
      "provider": "provider[\"registry.terraform.io/oracle/oci\"]",
      "instances": [
        {
          "schema_version": 0,
          "attributes": {
            "build_outputs": [
              {
                "artifact_override_parameters": [],
                "delivered_artifacts": [
                  {
                    "items": [
                      {
                        "artifact_repository_id": "",
                        "artifact_type": "OCIR",
                        "delivered_artifact_hash": "sha256:42e9d6dff296ae41e67e7d5c24615c4e4348ad7045ada55a99696160524b0f93",
                        "delivered_artifact_id": "",
                        "deploy_artifact_id": "",
                        "image_uri": "iad.ocir.io/sehubjapacprod/node-express-getting-starter-63b2:qkint5q",
                        "output_artifact_name": "",
                        "path": "",
                        "version": ""
                      }
                    ]
                  }
                ],
                "exported_variables": [
                  {
                    "items": [
                      {
                        "name": "BUILDRUN_HASH",
                        "value": "qkint5q"
                      }
                    ]
                  }
                ],
                "vulnerability_audit_summary_collection": []
              }
            ],
            "build_pipeline_id": "ocid1.devopsbuildpipeline.oc1.iad.amaaaaaaak7gbriac7gd4ifbzaeqnn2jgayel2mjzpvm7fmucnaawbihuphq",
            "build_run_arguments": [
              {
                "items": []
              }
            ],
            "build_run_progress": null,
            "build_run_source": [
              {
                "repository_id": "",
                "source_type": "MANUAL",
                "trigger_id": "",
                "trigger_info": []
              }
            ],
            "commit_info": [
              {
                "commit_hash": "",
                "repository_branch": "",
                "repository_url": ""
              }
            ],
            "compartment_id": "ocid1.compartment.oc1..aaaaaaaalpco7s53yuj7s7d42neodtn7rtj6e2trjijpgvywy4rxnnegc4iq",
            "defined_tags": {
              "default_tags.CreatedBy": "oracleidentitycloudservice/diksha.m.munjal@oracle.com",
              "default_tags.CreatedOn": "2022-09-15T13:14:27.929Z"
            },
            "display_name": "build_run_63b2",
            "freeform_tags": {},
            "id": "ocid1.devopsbuildrun.oc1.iad.amaaaaaaak7gbriamplsespnuaoyrdcibqwth2ukkniuqco7z5sejq5tnikq",
            "lifecycle_details": "",
            "project_id": "ocid1.devopsproject.oc1.iad.amaaaaaaak7gbriaicbzqsvu5hrpvavsjfwcpkegprfgmagqt6mgpoovf5iq",
            "state": "SUCCEEDED",
            "system_tags": {},
            "time_created": "2022-09-15 13:14:28.635 +0000 UTC",
            "time_updated": "2022-09-15 13:18:46.585 +0000 UTC",
            "timeouts": null
          },
          "sensitive_attributes": [],
          "private": "eyJlMmJmYjczMC1lY2FhLTExZTYtOGY4OC0zNDM2M2JjN2M0YzAiOnsiY3JlYXRlIjoxMjAwMDAwMDAwMDAwLCJkZWxldGUiOjEyMDAwMDAwMDAwMDAsInVwZGF0ZSI6MTIwMDAwMDAwMDAwMH19",
          "dependencies": [
            "data.oci_containerengine_cluster_option.oke",
            "data.oci_core_services.all_services",
            "data.oci_identity_regions.current_region",
            "data.oci_identity_regions.home_region",
            "data.oci_objectstorage_namespace.ns",
            "module.oci-oke.data.oci_containerengine_node_pool_option.oci_oke_node_pool_option",
            "module.oci-oke.data.oci_identity_availability_domains.AD",
            "module.oci-oke.data.oci_identity_availability_domains.ADs",
            "module.oci-oke.oci_containerengine_cluster.oci_oke_cluster",
            "module.oci-oke.oci_containerengine_node_pool.oci_oke_node_pool",
            "module.oci-oke.oci_core_subnet.oke_api_endpoint_subnet",
            "module.oci-oke.oci_core_subnet.oke_lb_subnet",
            "module.oci-oke.oci_core_subnet.oke_nodepool_subnet",
            "module.oci-oke.oci_core_vcn.oke_vcn",
            "module.oci-oke.tls_private_key.public_private_key_pair",
            "oci_artifacts_container_repository.test_container_repository",
            "oci_core_internet_gateway.oke_internet_gateway",
            "oci_core_nat_gateway.oke_nat_gateway",
            "oci_core_route_table.oke_private_route_table",
            "oci_core_route_table.oke_public_route_table",
            "oci_core_security_list.oke_endpoint_security_list",
            "oci_core_security_list.oke_lb_security_list",
            "oci_core_security_list.oke_nodes_security_list",
            "oci_core_service_gateway.oke_service_gateway",
            "oci_core_subnet.oke_k8s_endpoint_subnet",
            "oci_core_subnet.oke_lb_subnet",
            "oci_core_subnet.oke_nodes_subnet",
            "oci_core_virtual_network.oke_vcn",
            "oci_devops_build_pipeline.test_build_pipeline",
            "oci_devops_build_pipeline_stage.test_build_pipeline_stage",
            "oci_devops_build_pipeline_stage.test_deliver_artifact_stage",
            "oci_devops_build_pipeline_stage.test_deploy_stage",
            "oci_devops_deploy_artifact.test_deploy_artifact",
            "oci_devops_deploy_artifact.test_deploy_oke_artifact",
            "oci_devops_deploy_environment.test_environment",
            "oci_devops_deploy_pipeline.test_deploy_pipeline",
            "oci_devops_deploy_stage.test_deploy_stage",
            "oci_devops_project.test_project",
            "oci_devops_repository.test_repository",
            "oci_identity_tag.ArchitectureCenterTag",
            "oci_identity_tag_namespace.ArchitectureCenterTagNamespace",
            "oci_ons_notification_topic.test_notification_topic",
            "random_id.tag",
            "random_string.deploy_id",
            "tls_private_key.oke_worker_node_ssh_key"
          ]
        }
      ]
    },
    {
      "mode": "managed",
      "type": "oci_devops_deploy_artifact",
      "name": "test_deploy_artifact",
      "provider": "provider[\"registry.terraform.io/oracle/oci\"]",
      "instances": [
        {
          "schema_version": 0,
          "attributes": {
            "argument_substitution_mode": "SUBSTITUTE_PLACEHOLDERS",
            "compartment_id": "ocid1.compartment.oc1..aaaaaaaalpco7s53yuj7s7d42neodtn7rtj6e2trjijpgvywy4rxnnegc4iq",
            "defined_tags": {
              "default_tags.CreatedBy": "oracleidentitycloudservice/diksha.m.munjal@oracle.com",
              "default_tags.CreatedOn": "2022-09-15T13:01:42.974Z"
            },
            "deploy_artifact_source": [
              {
                "base64encoded_content": "",
                "chart_url": "",
                "deploy_artifact_path": "",
                "deploy_artifact_source_type": "OCIR",
                "deploy_artifact_version": "",
                "image_digest": " ",
                "image_uri": "iad.ocir.io/sehubjapacprod/node-express-getting-starter-63b2:${BUILDRUN_HASH}",
                "repository_id": ""
              }
            ],
            "deploy_artifact_type": "DOCKER_IMAGE",
            "description": "",
            "display_name": "node-express-getting-starter-63b2",
            "freeform_tags": {},
            "id": "ocid1.devopsdeployartifact.oc1.iad.amaaaaaaak7gbriaqrvcutamkyp6p4stwlf4uvwjr6s5b5lxzqudow64qiyq",
            "lifecycle_details": null,
            "project_id": "ocid1.devopsproject.oc1.iad.amaaaaaaak7gbriaicbzqsvu5hrpvavsjfwcpkegprfgmagqt6mgpoovf5iq",
            "state": "ACTIVE",
            "system_tags": {
              "orcl-cloud.free-tier-retained": "true"
            },
            "time_created": "2022-09-15 13:01:43.416 +0000 UTC",
            "time_updated": "2022-09-15 13:01:43.416 +0000 UTC",
            "timeouts": null
          },
          "sensitive_attributes": [],
          "private": "eyJlMmJmYjczMC1lY2FhLTExZTYtOGY4OC0zNDM2M2JjN2M0YzAiOnsiY3JlYXRlIjoxMjAwMDAwMDAwMDAwLCJkZWxldGUiOjEyMDAwMDAwMDAwMDAsInVwZGF0ZSI6MTIwMDAwMDAwMDAwMH19",
          "dependencies": [
            "data.oci_identity_regions.current_region",
            "data.oci_identity_regions.home_region",
            "data.oci_objectstorage_namespace.ns",
            "oci_artifacts_container_repository.test_container_repository",
            "oci_devops_project.test_project",
            "oci_devops_repository.test_repository",
            "oci_identity_tag.ArchitectureCenterTag",
            "oci_identity_tag_namespace.ArchitectureCenterTagNamespace",
            "oci_ons_notification_topic.test_notification_topic",
            "random_id.tag",
            "random_string.deploy_id"
          ]
        }
      ]
    },
    {
      "mode": "managed",
      "type": "oci_devops_deploy_artifact",
      "name": "test_deploy_oke_artifact",
      "provider": "provider[\"registry.terraform.io/oracle/oci\"]",
      "instances": [
        {
          "schema_version": 0,
          "attributes": {
            "argument_substitution_mode": "SUBSTITUTE_PLACEHOLDERS",
            "compartment_id": "ocid1.compartment.oc1..aaaaaaaalpco7s53yuj7s7d42neodtn7rtj6e2trjijpgvywy4rxnnegc4iq",
            "defined_tags": {
              "ArchitectureCenter\\ci-cd-pipe-oci-devops-63b2.release": "1.1.2",
              "default_tags.CreatedBy": "oracleidentitycloudservice/diksha.m.munjal@oracle.com",
              "default_tags.CreatedOn": "2022-09-15T13:01:18.442Z"
            },
            "deploy_artifact_source": [
              {
                "base64encoded_content": "kind: Namespace\napiVersion: v1\nmetadata:\n  name: ${namespace}\n---\napiVersion: apps/v1\nkind: Deployment\nmetadata:\n  name: node-gettingstarted-deployment\n  namespace: ${namespace}\nspec:\n  selector:\n    matchLabels:\n      app: node-gettingstarted\n  replicas: 3\n  template:\n    metadata:\n      labels:\n        app: node-gettingstarted\n    spec:\n      containers:\n        - name: node-gettingstarted\n          # enter the path to your image, be sure to include the correct region prefix\n          image: iad.ocir.io/sehubjapacprod/node-express-getting-starter-63b2:${BUILDRUN_HASH}\n          imagePullPolicy: Always\n          ports:\n            - containerPort: 3000\n              protocol: TCP\n---\napiVersion: v1\nkind: Service\nmetadata:\n  name: node-gettingstarted-service\n  namespace: ${namespace}\n  annotations: \n    service.beta.kubernetes.io/oci-load-balancer-shape: \"10Mbps\"\nspec:\n  type: LoadBalancer\n  ports:\n    - port: 80\n      protocol: TCP\n      targetPort: 3000\n  selector:\n    app: node-gettingstarted",
                "chart_url": "",
                "deploy_artifact_path": "",
                "deploy_artifact_source_type": "INLINE",
                "deploy_artifact_version": "",
                "image_digest": "",
                "image_uri": "",
                "repository_id": ""
              }
            ],
            "deploy_artifact_type": "KUBERNETES_MANIFEST",
            "description": "",
            "display_name": "devopsdeployartifact20220915130129",
            "freeform_tags": {},
            "id": "ocid1.devopsdeployartifact.oc1.iad.amaaaaaaak7gbriagcahey2y4v3ncbwvhecob6svqrx3z7ni3suy6hv7bega",
            "lifecycle_details": null,
            "project_id": "ocid1.devopsproject.oc1.iad.amaaaaaaak7gbriaicbzqsvu5hrpvavsjfwcpkegprfgmagqt6mgpoovf5iq",
            "state": "ACTIVE",
            "system_tags": {
              "orcl-cloud.free-tier-retained": "true"
            },
            "time_created": "2022-09-15 13:01:29.448 +0000 UTC",
            "time_updated": "2022-09-15 13:01:29.448 +0000 UTC",
            "timeouts": null
          },
          "sensitive_attributes": [],
          "private": "eyJlMmJmYjczMC1lY2FhLTExZTYtOGY4OC0zNDM2M2JjN2M0YzAiOnsiY3JlYXRlIjoxMjAwMDAwMDAwMDAwLCJkZWxldGUiOjEyMDAwMDAwMDAwMDAsInVwZGF0ZSI6MTIwMDAwMDAwMDAwMH19",
          "dependencies": [
            "data.oci_identity_regions.current_region",
            "data.oci_identity_regions.home_region",
            "data.oci_objectstorage_namespace.ns",
            "oci_artifacts_container_repository.test_container_repository",
            "oci_devops_project.test_project",
            "oci_identity_tag.ArchitectureCenterTag",
            "oci_identity_tag_namespace.ArchitectureCenterTagNamespace",
            "oci_ons_notification_topic.test_notification_topic",
            "random_id.tag",
            "random_string.deploy_id"
          ]
        }
      ]
    },
    {
      "mode": "managed",
      "type": "oci_devops_deploy_environment",
      "name": "test_environment",
      "provider": "provider[\"registry.terraform.io/oracle/oci\"]",
      "instances": [
        {
          "schema_version": 0,
          "attributes": {
            "cluster_id": "ocid1.cluster.oc1.iad.aaaaaaaag65co3xrekpcmlt226wtq3bjbaz6fdn22u7fckzebc2blo2mc5bq",
            "compartment_id": "ocid1.compartment.oc1..aaaaaaaalpco7s53yuj7s7d42neodtn7rtj6e2trjijpgvywy4rxnnegc4iq",
            "compute_instance_group_selectors": null,
            "defined_tags": {
              "ArchitectureCenter\\ci-cd-pipe-oci-devops-63b2.release": "1.1.2",
              "default_tags.CreatedBy": "oracleidentitycloudservice/diksha.m.munjal@oracle.com",
              "default_tags.CreatedOn": "2022-09-15T13:10:08.006Z"
            },
            "deploy_environment_type": "OKE_CLUSTER",
            "description": "oke based enviroment",
            "display_name": "oke_environment_63b2",
            "freeform_tags": {},
            "function_id": null,
            "id": "ocid1.devopsdeployenvironment.oc1.iad.amaaaaaaak7gbriatca7mqytyzag4ro4avhmwvxmzhy36uzym33dixyt46wa",
            "lifecycle_details": "",
            "network_channel": [],
            "project_id": "ocid1.devopsproject.oc1.iad.amaaaaaaak7gbriaicbzqsvu5hrpvavsjfwcpkegprfgmagqt6mgpoovf5iq",
            "state": "ACTIVE",
            "system_tags": {
              "orcl-cloud.free-tier-retained": "true"
            },
            "time_created": "2022-09-15 13:10:08.373 +0000 UTC",
            "time_updated": "2022-09-15 13:10:08.373 +0000 UTC",
            "timeouts": null
          },
          "sensitive_attributes": [],
          "private": "eyJlMmJmYjczMC1lY2FhLTExZTYtOGY4OC0zNDM2M2JjN2M0YzAiOnsiY3JlYXRlIjoxMjAwMDAwMDAwMDAwLCJkZWxldGUiOjEyMDAwMDAwMDAwMDAsInVwZGF0ZSI6MTIwMDAwMDAwMDAwMH19",
          "dependencies": [
            "data.oci_containerengine_cluster_option.oke",
            "data.oci_core_services.all_services",
            "data.oci_identity_regions.home_region",
            "module.oci-oke.oci_containerengine_cluster.oci_oke_cluster",
            "module.oci-oke.oci_core_subnet.oke_api_endpoint_subnet",
            "module.oci-oke.oci_core_subnet.oke_lb_subnet",
            "module.oci-oke.oci_core_vcn.oke_vcn",
            "oci_core_internet_gateway.oke_internet_gateway",
            "oci_core_nat_gateway.oke_nat_gateway",
            "oci_core_route_table.oke_private_route_table",
            "oci_core_route_table.oke_public_route_table",
            "oci_core_security_list.oke_endpoint_security_list",
            "oci_core_security_list.oke_lb_security_list",
            "oci_core_service_gateway.oke_service_gateway",
            "oci_core_subnet.oke_k8s_endpoint_subnet",
            "oci_core_subnet.oke_lb_subnet",
            "oci_core_virtual_network.oke_vcn",
            "oci_devops_project.test_project",
            "oci_identity_tag.ArchitectureCenterTag",
            "oci_identity_tag_namespace.ArchitectureCenterTagNamespace",
            "oci_ons_notification_topic.test_notification_topic",
            "random_id.tag",
            "random_string.deploy_id"
          ]
        }
      ]
    },
    {
      "mode": "managed",
      "type": "oci_devops_deploy_pipeline",
      "name": "test_deploy_pipeline",
      "provider": "provider[\"registry.terraform.io/oracle/oci\"]",
      "instances": [
        {
          "schema_version": 0,
          "attributes": {
            "compartment_id": "ocid1.compartment.oc1..aaaaaaaalpco7s53yuj7s7d42neodtn7rtj6e2trjijpgvywy4rxnnegc4iq",
            "defined_tags": {
              "ArchitectureCenter\\ci-cd-pipe-oci-devops-63b2.release": "1.1.2",
              "default_tags.CreatedBy": "oracleidentitycloudservice/diksha.m.munjal@oracle.com",
              "default_tags.CreatedOn": "2022-09-15T13:01:16.966Z"
            },
            "deploy_pipeline_artifacts": [
              {
                "items": []
              }
            ],
            "deploy_pipeline_environments": [
              {
                "items": []
              }
            ],
            "deploy_pipeline_parameters": [
              {
                "items": [
                  {
                    "default_value": "example",
                    "description": "exampleapp",
                    "name": "namespace"
                  }
                ]
              }
            ],
            "description": "Devops CI/CD Pipeline demo for OKE",
            "display_name": "devops-oke-pipeline_63b2",
            "freeform_tags": {},
            "id": "ocid1.devopsdeploypipeline.oc1.iad.amaaaaaaak7gbriatsp7clzwdznfnkqa73v4d4gtkaxxivdphjkfkklokj5a",
            "lifecycle_details": null,
            "project_id": "ocid1.devopsproject.oc1.iad.amaaaaaaak7gbriaicbzqsvu5hrpvavsjfwcpkegprfgmagqt6mgpoovf5iq",
            "state": "ACTIVE",
            "system_tags": {
              "orcl-cloud.free-tier-retained": "true"
            },
            "time_created": "2022-09-15 13:01:17.748 +0000 UTC",
            "time_updated": "2022-09-15 13:01:17.748 +0000 UTC",
            "timeouts": null
          },
          "sensitive_attributes": [],
          "private": "eyJlMmJmYjczMC1lY2FhLTExZTYtOGY4OC0zNDM2M2JjN2M0YzAiOnsiY3JlYXRlIjoxMjAwMDAwMDAwMDAwLCJkZWxldGUiOjEyMDAwMDAwMDAwMDAsInVwZGF0ZSI6MTIwMDAwMDAwMDAwMH19",
          "dependencies": [
            "data.oci_identity_regions.home_region",
            "oci_devops_project.test_project",
            "oci_identity_tag.ArchitectureCenterTag",
            "oci_identity_tag_namespace.ArchitectureCenterTagNamespace",
            "oci_ons_notification_topic.test_notification_topic",
            "random_id.tag",
            "random_string.deploy_id"
          ]
        }
      ]
    },
    {
      "mode": "managed",
      "type": "oci_devops_deploy_stage",
      "name": "test_deploy_stage",
      "provider": "provider[\"registry.terraform.io/oracle/oci\"]",
      "instances": [
        {
          "schema_version": 0,
          "attributes": {
            "approval_policy": null,
            "blue_backend_ips": null,
            "blue_green_strategy": null,
            "canary_strategy": null,
            "compartment_id": "ocid1.compartment.oc1..aaaaaaaalpco7s53yuj7s7d42neodtn7rtj6e2trjijpgvywy4rxnnegc4iq",
            "compute_instance_group_blue_green_deployment_deploy_stage_id": null,
            "compute_instance_group_canary_deploy_stage_id": null,
            "compute_instance_group_canary_traffic_shift_deploy_stage_id": null,
            "compute_instance_group_deploy_environment_id": null,
            "config": null,
            "defined_tags": {
              "ArchitectureCenter\\ci-cd-pipe-oci-devops-63b2.release": "1.1.2",
              "default_tags.CreatedBy": "oracleidentitycloudservice/diksha.m.munjal@oracle.com",
              "default_tags.CreatedOn": "2022-09-15T13:10:10.496Z"
            },
            "deploy_artifact_id": null,
            "deploy_artifact_ids": null,
            "deploy_environment_id_a": null,
            "deploy_environment_id_b": null,
            "deploy_pipeline_id": "ocid1.devopsdeploypipeline.oc1.iad.amaaaaaaak7gbriatsp7clzwdznfnkqa73v4d4gtkaxxivdphjkfkklokj5a",
            "deploy_stage_predecessor_collection": [
              {
                "items": [
                  {
                    "id": "ocid1.devopsdeploypipeline.oc1.iad.amaaaaaaak7gbriatsp7clzwdznfnkqa73v4d4gtkaxxivdphjkfkklokj5a"
                  }
                ]
              }
            ],
            "deploy_stage_type": "OKE_DEPLOYMENT",
            "deployment_spec_deploy_artifact_id": null,
            "description": "ci/cd deployment to OKE",
            "display_name": "deploy_to_OKE_63b2",
            "docker_image_deploy_artifact_id": null,
            "failure_policy": null,
            "freeform_tags": {},
            "function_deploy_environment_id": null,
            "function_timeout_in_seconds": null,
            "green_backend_ips": null,
            "helm_chart_deploy_artifact_id": null,
            "id": "ocid1.devopsdeploystage.oc1.iad.amaaaaaaak7gbriaxacukvnf2tpsrjnrrhlnkvnnduwzjqynp6skvqjdvpma",
            "is_async": null,
            "is_validation_enabled": null,
            "kubernetes_manifest_deploy_artifact_ids": [
              "ocid1.devopsdeployartifact.oc1.iad.amaaaaaaak7gbriagcahey2y4v3ncbwvhecob6svqrx3z7ni3suy6hv7bega"
            ],
            "lifecycle_details": null,
            "load_balancer_config": null,
            "max_memory_in_mbs": null,
            "namespace": "default",
            "oke_blue_green_deploy_stage_id": null,
            "oke_canary_deploy_stage_id": null,
            "oke_canary_traffic_shift_deploy_stage_id": null,
            "oke_cluster_deploy_environment_id": "ocid1.devopsdeployenvironment.oc1.iad.amaaaaaaak7gbriatca7mqytyzag4ro4avhmwvxmzhy36uzym33dixyt46wa",
            "production_load_balancer_config": null,
            "project_id": "ocid1.devopsproject.oc1.iad.amaaaaaaak7gbriaicbzqsvu5hrpvavsjfwcpkegprfgmagqt6mgpoovf5iq",
            "release_name": null,
            "rollback_policy": [],
            "rollout_policy": null,
            "state": "ACTIVE",
            "system_tags": {
              "orcl-cloud.free-tier-retained": "true"
            },
            "test_load_balancer_config": null,
            "time_created": "2022-09-15 13:10:11.013 +0000 UTC",
            "time_updated": "2022-09-15 13:10:11.013 +0000 UTC",
            "timeout_in_seconds": null,
            "timeouts": null,
            "traffic_shift_target": null,
            "values_artifact_ids": null,
            "wait_criteria": null
          },
          "sensitive_attributes": [],
          "private": "eyJlMmJmYjczMC1lY2FhLTExZTYtOGY4OC0zNDM2M2JjN2M0YzAiOnsiY3JlYXRlIjoxMjAwMDAwMDAwMDAwLCJkZWxldGUiOjEyMDAwMDAwMDAwMDAsInVwZGF0ZSI6MTIwMDAwMDAwMDAwMH19",
          "dependencies": [
            "data.oci_containerengine_cluster_option.oke",
            "data.oci_core_services.all_services",
            "data.oci_identity_regions.current_region",
            "data.oci_identity_regions.home_region",
            "data.oci_objectstorage_namespace.ns",
            "module.oci-oke.oci_containerengine_cluster.oci_oke_cluster",
            "module.oci-oke.oci_core_subnet.oke_api_endpoint_subnet",
            "module.oci-oke.oci_core_subnet.oke_lb_subnet",
            "module.oci-oke.oci_core_vcn.oke_vcn",
            "oci_artifacts_container_repository.test_container_repository",
            "oci_core_internet_gateway.oke_internet_gateway",
            "oci_core_nat_gateway.oke_nat_gateway",
            "oci_core_route_table.oke_private_route_table",
            "oci_core_route_table.oke_public_route_table",
            "oci_core_security_list.oke_endpoint_security_list",
            "oci_core_security_list.oke_lb_security_list",
            "oci_core_service_gateway.oke_service_gateway",
            "oci_core_subnet.oke_k8s_endpoint_subnet",
            "oci_core_subnet.oke_lb_subnet",
            "oci_core_virtual_network.oke_vcn",
            "oci_devops_deploy_artifact.test_deploy_oke_artifact",
            "oci_devops_deploy_environment.test_environment",
            "oci_devops_deploy_pipeline.test_deploy_pipeline",
            "oci_devops_project.test_project",
            "oci_identity_tag.ArchitectureCenterTag",
            "oci_identity_tag_namespace.ArchitectureCenterTagNamespace",
            "oci_ons_notification_topic.test_notification_topic",
            "random_id.tag",
            "random_string.deploy_id"
          ]
        }
      ]
    },
    {
      "mode": "managed",
      "type": "oci_devops_project",
      "name": "test_project",
      "provider": "provider[\"registry.terraform.io/oracle/oci\"]",
      "instances": [
        {
          "schema_version": 0,
          "attributes": {
            "compartment_id": "ocid1.compartment.oc1..aaaaaaaalpco7s53yuj7s7d42neodtn7rtj6e2trjijpgvywy4rxnnegc4iq",
            "defined_tags": {
              "ArchitectureCenter\\ci-cd-pipe-oci-devops-63b2.release": "1.1.2",
              "default_tags.CreatedBy": "oracleidentitycloudservice/diksha.m.munjal@oracle.com",
              "default_tags.CreatedOn": "2022-09-15T13:01:14.369Z"
            },
            "description": "DevOps CI/CD Sample Project",
            "freeform_tags": {},
            "id": "ocid1.devopsproject.oc1.iad.amaaaaaaak7gbriaicbzqsvu5hrpvavsjfwcpkegprfgmagqt6mgpoovf5iq",
            "lifecycle_details": null,
            "name": "devopsproject_efBn",
            "namespace": "sehubjapacprod",
            "notification_config": [
              {
                "topic_id": "ocid1.onstopic.oc1.iad.aaaaaaaaltry4grrz7zpubcroou75k6h2lcl3lpx4mfecly7mbrbp7wrzlgq"
              }
            ],
            "state": "ACTIVE",
            "system_tags": {
              "orcl-cloud.free-tier-retained": "true"
            },
            "time_created": "2022-09-15 13:01:14.807 +0000 UTC",
            "time_updated": "2022-09-15 13:01:14.807 +0000 UTC",
            "timeouts": null
          },
          "sensitive_attributes": [],
          "private": "eyJlMmJmYjczMC1lY2FhLTExZTYtOGY4OC0zNDM2M2JjN2M0YzAiOnsiY3JlYXRlIjoxMjAwMDAwMDAwMDAwLCJkZWxldGUiOjEyMDAwMDAwMDAwMDAsInVwZGF0ZSI6MTIwMDAwMDAwMDAwMH19",
          "dependencies": [
            "data.oci_identity_regions.home_region",
            "oci_identity_tag.ArchitectureCenterTag",
            "oci_identity_tag_namespace.ArchitectureCenterTagNamespace",
            "oci_ons_notification_topic.test_notification_topic",
            "random_id.tag",
            "random_string.deploy_id"
          ]
        }
      ]
    },
    {
      "mode": "managed",
      "type": "oci_devops_repository",
      "name": "test_repository",
      "provider": "provider[\"registry.terraform.io/oracle/oci\"]",
      "instances": [
        {
          "schema_version": 0,
          "attributes": {
            "branch_count": 0,
            "commit_count": 0,
            "compartment_id": "ocid1.compartment.oc1..aaaaaaaalpco7s53yuj7s7d42neodtn7rtj6e2trjijpgvywy4rxnnegc4iq",
            "default_branch": "refs/heads/main",
            "defined_tags": {
              "default_tags.CreatedBy": "oracleidentitycloudservice/diksha.m.munjal@oracle.com",
              "default_tags.CreatedOn": "2022-09-15T13:01:17.914Z"
            },
            "description": "nodejs sample application",
            "freeform_tags": {},
            "http_url": "https://devops.scmservice.us-ashburn-1.oci.oraclecloud.com/namespaces/sehubjapacprod/projects/devopsproject_efBn/repositories/nodejs",
            "id": "ocid1.devopsrepository.oc1.iad.amaaaaaaak7gbriacsgt25b7q6vtacsicmj2tfowr7dy7a3gkqeudwu24kja",
            "lifecyle_details": null,
            "mirror_repository_config": [],
            "name": "nodejs",
            "namespace": "sehubjapacprod",
            "project_id": "ocid1.devopsproject.oc1.iad.amaaaaaaak7gbriaicbzqsvu5hrpvavsjfwcpkegprfgmagqt6mgpoovf5iq",
            "project_name": "devopsproject_efBn",
            "repository_type": "HOSTED",
            "size_in_bytes": "0",
            "ssh_url": "ssh://devops.scmservice.us-ashburn-1.oci.oraclecloud.com/namespaces/sehubjapacprod/projects/devopsproject_efBn/repositories/nodejs",
            "state": "ACTIVE",
            "system_tags": {},
            "time_created": "2022-09-15 13:01:18.38 +0000 UTC",
            "time_updated": "2022-09-15 13:01:18.38 +0000 UTC",
            "timeouts": null,
            "trigger_build_events": [
              "PUSH"
            ]
          },
          "sensitive_attributes": [],
          "private": "eyJlMmJmYjczMC1lY2FhLTExZTYtOGY4OC0zNDM2M2JjN2M0YzAiOnsiY3JlYXRlIjoxMjAwMDAwMDAwMDAwLCJkZWxldGUiOjEyMDAwMDAwMDAwMDAsInVwZGF0ZSI6MTIwMDAwMDAwMDAwMH19",
          "dependencies": [
            "data.oci_identity_regions.home_region",
            "oci_devops_project.test_project",
            "oci_identity_tag.ArchitectureCenterTag",
            "oci_identity_tag_namespace.ArchitectureCenterTagNamespace",
            "oci_ons_notification_topic.test_notification_topic",
            "random_id.tag",
            "random_string.deploy_id"
          ]
        }
      ]
    },
    {
      "mode": "managed",
      "type": "oci_identity_dynamic_group",
      "name": "devopsgroup1",
      "provider": "provider[\"registry.terraform.io/oracle/oci\"].home_region",
      "instances": [
        {
          "schema_version": 0,
          "attributes": {
            "compartment_id": "ocid1.tenancy.oc1..aaaaaaaaro7aox2fclu4urtpgsbacnrmjv46e7n4fw3sc2wbq24l7dzf3kba",
            "defined_tags": {
              "default_tags.CreatedBy": "oracleidentitycloudservice/diksha.m.munjal@oracle.com",
              "default_tags.CreatedOn": "2022-09-15T12:58:57.903Z"
            },
            "description": "DevOps deploy pipeline dynamic group",
            "freeform_tags": {},
            "id": "ocid1.dynamicgroup.oc1..aaaaaaaajp2yfq477d6n3rozijaulehdlddngrns6ukyh3tlrddq6oin6dtq",
            "inactive_state": null,
            "matching_rule": "ALL {resource.type = 'devopsdeploypipeline', resource.compartment.id = 'ocid1.compartment.oc1..aaaaaaaalpco7s53yuj7s7d42neodtn7rtj6e2trjijpgvywy4rxnnegc4iq'}",
            "name": "devopsdyngroup-63b2",
            "state": "ACTIVE",
            "time_created": "2022-09-15 12:58:58.354 +0000 UTC",
            "timeouts": null
          },
          "sensitive_attributes": [],
          "private": "eyJlMmJmYjczMC1lY2FhLTExZTYtOGY4OC0zNDM2M2JjN2M0YzAiOnsiY3JlYXRlIjoxMjAwMDAwMDAwMDAwLCJkZWxldGUiOjEyMDAwMDAwMDAwMDAsInVwZGF0ZSI6MTIwMDAwMDAwMDAwMH19",
          "dependencies": [
            "data.oci_identity_regions.home_region",
            "random_id.tag"
          ]
        }
      ]
    },
    {
      "mode": "managed",
      "type": "oci_identity_dynamic_group",
      "name": "devopsgroup2",
      "provider": "provider[\"registry.terraform.io/oracle/oci\"].home_region",
      "instances": [
        {
          "schema_version": 0,
          "attributes": {
            "compartment_id": "ocid1.tenancy.oc1..aaaaaaaaro7aox2fclu4urtpgsbacnrmjv46e7n4fw3sc2wbq24l7dzf3kba",
            "defined_tags": {
              "default_tags.CreatedBy": "oracleidentitycloudservice/diksha.m.munjal@oracle.com",
              "default_tags.CreatedOn": "2022-09-15T12:58:58.465Z"
            },
            "description": "DevOps code repository dynamic group",
            "freeform_tags": {},
            "id": "ocid1.dynamicgroup.oc1..aaaaaaaasl5lsi3njtvjnfe7rglnpwpfzipxysbor7g3jadqpjtlil7hlwnq",
            "inactive_state": null,
            "matching_rule": "ALL {resource.type = 'devopsrepository'}",
            "name": "CodeReposDynamicGroup-63b2",
            "state": "ACTIVE",
            "time_created": "2022-09-15 12:58:58.512 +0000 UTC",
            "timeouts": null
          },
          "sensitive_attributes": [],
          "private": "eyJlMmJmYjczMC1lY2FhLTExZTYtOGY4OC0zNDM2M2JjN2M0YzAiOnsiY3JlYXRlIjoxMjAwMDAwMDAwMDAwLCJkZWxldGUiOjEyMDAwMDAwMDAwMDAsInVwZGF0ZSI6MTIwMDAwMDAwMDAwMH19",
          "dependencies": [
            "data.oci_identity_regions.home_region",
            "random_id.tag"
          ]
        }
      ]
    },
    {
      "mode": "managed",
      "type": "oci_identity_dynamic_group",
      "name": "devopsgroup3",
      "provider": "provider[\"registry.terraform.io/oracle/oci\"].home_region",
      "instances": [
        {
          "schema_version": 0,
          "attributes": {
            "compartment_id": "ocid1.tenancy.oc1..aaaaaaaaro7aox2fclu4urtpgsbacnrmjv46e7n4fw3sc2wbq24l7dzf3kba",
            "defined_tags": {
              "default_tags.CreatedBy": "oracleidentitycloudservice/diksha.m.munjal@oracle.com",
              "default_tags.CreatedOn": "2022-09-15T12:58:57.935Z"
            },
            "description": "DevOps repository build pipeline dynamic group",
            "freeform_tags": {},
            "id": "ocid1.dynamicgroup.oc1..aaaaaaaaqpwbnxa6mqmzwru3lxefz4i6mqwmkr4qxwqrgoq6cywcqogpqpwa",
            "inactive_state": null,
            "matching_rule": "ALL {resource.type = 'devopsbuildpipeline'}",
            "name": "MyDynamicGroup-63b2",
            "state": "ACTIVE",
            "time_created": "2022-09-15 12:58:58.643 +0000 UTC",
            "timeouts": null
          },
          "sensitive_attributes": [],
          "private": "eyJlMmJmYjczMC1lY2FhLTExZTYtOGY4OC0zNDM2M2JjN2M0YzAiOnsiY3JlYXRlIjoxMjAwMDAwMDAwMDAwLCJkZWxldGUiOjEyMDAwMDAwMDAwMDAsInVwZGF0ZSI6MTIwMDAwMDAwMDAwMH19",
          "dependencies": [
            "data.oci_identity_regions.home_region",
            "random_id.tag"
          ]
        }
      ]
    },
    {
      "mode": "managed",
      "type": "oci_identity_dynamic_group",
      "name": "oke_nodes_dg",
      "provider": "provider[\"registry.terraform.io/oracle/oci\"].home_region",
      "instances": [
        {
          "index_key": 0,
          "schema_version": 0,
          "attributes": {
            "compartment_id": "ocid1.tenancy.oc1..aaaaaaaaro7aox2fclu4urtpgsbacnrmjv46e7n4fw3sc2wbq24l7dzf3kba",
            "defined_tags": {
              "default_tags.CreatedBy": "oracleidentitycloudservice/diksha.m.munjal@oracle.com",
              "default_tags.CreatedOn": "2022-09-15T12:58:57.890Z"
            },
            "description": "Cluster Dynamic Group",
            "freeform_tags": {},
            "id": "ocid1.dynamicgroup.oc1..aaaaaaaavtz5x6jdbzwu73a5rzc76u4fftsviyjk4wwg6tcpfqtqgrsptqnq",
            "inactive_state": null,
            "matching_rule": "ANY {ALL {instance.compartment.id = 'ocid1.compartment.oc1..aaaaaaaalpco7s53yuj7s7d42neodtn7rtj6e2trjijpgvywy4rxnnegc4iq'},ALL {resource.type = 'cluster', resource.compartment.id = 'ocid1.compartment.oc1..aaaaaaaalpco7s53yuj7s7d42neodtn7rtj6e2trjijpgvywy4rxnnegc4iq'}}",
            "name": "oke-cluster-dg-efBn",
            "state": "ACTIVE",
            "time_created": "2022-09-15 12:58:57.961 +0000 UTC",
            "timeouts": null
          },
          "sensitive_attributes": [],
          "private": "eyJlMmJmYjczMC1lY2FhLTExZTYtOGY4OC0zNDM2M2JjN2M0YzAiOnsiY3JlYXRlIjoxMjAwMDAwMDAwMDAwLCJkZWxldGUiOjEyMDAwMDAwMDAwMDAsInVwZGF0ZSI6MTIwMDAwMDAwMDAwMH19",
          "dependencies": [
            "data.oci_identity_regions.home_region",
            "random_string.deploy_id"
          ]
        }
      ]
    },
    {
      "mode": "managed",
      "type": "oci_identity_policy",
      "name": "oke_compartment_policies",
      "provider": "provider[\"registry.terraform.io/oracle/oci\"].home_region",
      "instances": [
        {
          "index_key": 0,
          "schema_version": 0,
          "attributes": {
            "ETag": "371b3633759298071f62ba0586bcb4462bf0c0f8",
            "compartment_id": "ocid1.compartment.oc1..aaaaaaaalpco7s53yuj7s7d42neodtn7rtj6e2trjijpgvywy4rxnnegc4iq",
            "defined_tags": {
              "default_tags.CreatedBy": "oracleidentitycloudservice/diksha.m.munjal@oracle.com",
              "default_tags.CreatedOn": "2022-09-15T12:58:58.869Z"
            },
            "description": "OKE Cluster Compartment Policies",
            "freeform_tags": {},
            "id": "ocid1.policy.oc1..aaaaaaaa2m62yqufvjuxbpy2ieedftzbckegxl6x627hqqlrfiwosssa2p4q",
            "inactive_state": null,
            "lastUpdateETag": "371b3633759298071f62ba0586bcb4462bf0c0f8",
            "name": "oke-cluster-compartment-policies-efBn",
            "policyHash": "8d9052510ef9bc685bb9bb1697f9281c",
            "state": "ACTIVE",
            "statements": [
              "Allow dynamic-group oke-cluster-dg-efBn to read log-groups in compartment id ocid1.compartment.oc1..aaaaaaaalpco7s53yuj7s7d42neodtn7rtj6e2trjijpgvywy4rxnnegc4iq",
              "Allow dynamic-group oke-cluster-dg-efBn to read log-content in compartment id ocid1.compartment.oc1..aaaaaaaalpco7s53yuj7s7d42neodtn7rtj6e2trjijpgvywy4rxnnegc4iq"
            ],
            "time_created": "2022-09-15 12:58:58.888 +0000 UTC",
            "timeouts": null,
            "version_date": null
          },
          "sensitive_attributes": [],
          "private": "eyJlMmJmYjczMC1lY2FhLTExZTYtOGY4OC0zNDM2M2JjN2M0YzAiOnsiY3JlYXRlIjoxMjAwMDAwMDAwMDAwLCJkZWxldGUiOjEyMDAwMDAwMDAwMDAsInVwZGF0ZSI6MTIwMDAwMDAwMDAwMH19",
          "dependencies": [
            "data.oci_identity_regions.home_region",
            "oci_identity_dynamic_group.oke_nodes_dg",
            "random_string.deploy_id"
          ]
        }
      ]
    },
    {
      "mode": "managed",
      "type": "oci_identity_tag",
      "name": "ArchitectureCenterTag",
      "provider": "provider[\"registry.terraform.io/oracle/oci\"].home_region",
      "instances": [
        {
          "schema_version": 0,
          "attributes": {
            "defined_tags": {
              "default_tags.CreatedBy": "oracleidentitycloudservice/diksha.m.munjal@oracle.com",
              "default_tags.CreatedOn": "2022-09-15T12:59:09.822Z"
            },
            "description": "ArchitectureCenterTag",
            "freeform_tags": {},
            "id": "ocid1.tagdefinition.oc1..aaaaaaaa4ebapjqhmr5brm5pjavrhnmtba75ev3p2ilg7ybg5tiwfut3ibpq",
            "is_cost_tracking": false,
            "is_retired": false,
            "name": "release",
            "state": "ACTIVE",
            "tag_namespace_id": "ocid1.tagnamespace.oc1..aaaaaaaarbgqegvqfiugxxpn7r36tuybppptj44ia4y3xmx46747pm3moula",
            "time_created": "2022-09-15 12:59:09.929 +0000 UTC",
            "timeouts": null,
            "validator": [
              {
                "validator_type": "ENUM",
                "values": [
                  "release",
                  "1.1.2"
                ]
              }
            ]
          },
          "sensitive_attributes": [],
          "private": "eyJlMmJmYjczMC1lY2FhLTExZTYtOGY4OC0zNDM2M2JjN2M0YzAiOnsiY3JlYXRlIjo5MDAwMDAwMDAwMDAsImRlbGV0ZSI6NDMyMDAwMDAwMDAwMDAsInVwZGF0ZSI6OTAwMDAwMDAwMDAwfX0=",
          "dependencies": [
            "data.oci_identity_regions.home_region",
            "oci_identity_tag_namespace.ArchitectureCenterTagNamespace",
            "random_id.tag"
          ]
        }
      ]
    },
    {
      "mode": "managed",
      "type": "oci_identity_tag_namespace",
      "name": "ArchitectureCenterTagNamespace",
      "provider": "provider[\"registry.terraform.io/oracle/oci\"].home_region",
      "instances": [
        {
          "schema_version": 0,
          "attributes": {
            "compartment_id": "ocid1.compartment.oc1..aaaaaaaalpco7s53yuj7s7d42neodtn7rtj6e2trjijpgvywy4rxnnegc4iq",
            "defined_tags": {
              "default_tags.CreatedBy": "oracleidentitycloudservice/diksha.m.munjal@oracle.com",
              "default_tags.CreatedOn": "2022-09-15T12:58:57.883Z"
            },
            "description": "ArchitectureCenterTagNamespace",
            "freeform_tags": {},
            "id": "ocid1.tagnamespace.oc1..aaaaaaaarbgqegvqfiugxxpn7r36tuybppptj44ia4y3xmx46747pm3moula",
            "is_retired": false,
            "name": "ArchitectureCenter\\ci-cd-pipe-oci-devops-63b2",
            "state": "ACTIVE",
            "time_created": "2022-09-15 12:58:58.022 +0000 UTC",
            "timeouts": null
          },
          "sensitive_attributes": [],
          "private": "eyJlMmJmYjczMC1lY2FhLTExZTYtOGY4OC0zNDM2M2JjN2M0YzAiOnsiY3JlYXRlIjoxMjAwMDAwMDAwMDAwLCJkZWxldGUiOjEyMDAwMDAwMDAwMDAsInVwZGF0ZSI6MTIwMDAwMDAwMDAwMH19",
          "dependencies": [
            "data.oci_identity_regions.home_region",
            "random_id.tag"
          ]
        }
      ]
    },
    {
      "mode": "managed",
      "type": "oci_logging_log",
      "name": "test_log",
      "provider": "provider[\"registry.terraform.io/oracle/oci\"]",
      "instances": [
        {
          "schema_version": 0,
          "attributes": {
            "compartment_id": "ocid1.compartment.oc1..aaaaaaaalpco7s53yuj7s7d42neodtn7rtj6e2trjijpgvywy4rxnnegc4iq",
            "configuration": [
              {
                "compartment_id": "ocid1.compartment.oc1..aaaaaaaalpco7s53yuj7s7d42neodtn7rtj6e2trjijpgvywy4rxnnegc4iq",
                "source": [
                  {
                    "category": "all",
                    "resource": "ocid1.devopsproject.oc1.iad.amaaaaaaak7gbriaicbzqsvu5hrpvavsjfwcpkegprfgmagqt6mgpoovf5iq",
                    "service": "devops",
                    "source_type": "OCISERVICE"
                  }
                ]
              }
            ],
            "defined_tags": {
              "ArchitectureCenter\\ci-cd-pipe-oci-devops-63b2.release": "1.1.2",
              "default_tags.CreatedBy": "oracleidentitycloudservice/diksha.m.munjal@oracle.com",
              "default_tags.CreatedOn": "2022-09-15T13:01:17.043Z"
            },
            "display_name": "devops_log_group_log",
            "freeform_tags": {},
            "id": "ocid1.log.oc1.iad.amaaaaaaak7gbriarpo6y5oart5a4y3e6rpvpp7qf5yjy7luus3r4rv6sztq",
            "is_enabled": true,
            "log_group_id": "ocid1.loggroup.oc1.iad.amaaaaaaak7gbriadcp7q6tvmu3uv6e7fw3ypuo2rq3ksw5fna633fc7ql3a",
            "log_type": "SERVICE",
            "retention_duration": 30,
            "state": "ACTIVE",
            "tenancy_id": "ocid1.tenancy.oc1..aaaaaaaaro7aox2fclu4urtpgsbacnrmjv46e7n4fw3sc2wbq24l7dzf3kba",
            "time_created": "2022-09-15 13:01:17.354 +0000 UTC",
            "time_last_modified": "2022-09-15 13:01:17.354 +0000 UTC",
            "timeouts": null
          },
          "sensitive_attributes": [],
          "private": "eyJlMmJmYjczMC1lY2FhLTExZTYtOGY4OC0zNDM2M2JjN2M0YzAiOnsiY3JlYXRlIjoxMjAwMDAwMDAwMDAwLCJkZWxldGUiOjEyMDAwMDAwMDAwMDAsInVwZGF0ZSI6MTIwMDAwMDAwMDAwMH19",
          "dependencies": [
            "data.oci_identity_regions.home_region",
            "oci_devops_project.test_project",
            "oci_identity_tag.ArchitectureCenterTag",
            "oci_identity_tag_namespace.ArchitectureCenterTagNamespace",
            "oci_logging_log_group.test_log_group",
            "oci_ons_notification_topic.test_notification_topic",
            "random_id.tag",
            "random_string.deploy_id"
          ]
        }
      ]
    },
    {
      "mode": "managed",
      "type": "oci_logging_log_group",
      "name": "test_log_group",
      "provider": "provider[\"registry.terraform.io/oracle/oci\"]",
      "instances": [
        {
          "schema_version": 0,
          "attributes": {
            "compartment_id": "ocid1.compartment.oc1..aaaaaaaalpco7s53yuj7s7d42neodtn7rtj6e2trjijpgvywy4rxnnegc4iq",
            "defined_tags": {
              "ArchitectureCenter\\ci-cd-pipe-oci-devops-63b2.release": "1.1.2",
              "default_tags.CreatedBy": "oracleidentitycloudservice/diksha.m.munjal@oracle.com",
              "default_tags.CreatedOn": "2022-09-15T13:01:12.345Z"
            },
            "description": null,
            "display_name": "devops_log_group_efBn",
            "freeform_tags": {},
            "id": "ocid1.loggroup.oc1.iad.amaaaaaaak7gbriadcp7q6tvmu3uv6e7fw3ypuo2rq3ksw5fna633fc7ql3a",
            "state": "ACTIVE",
            "time_created": "2022-09-15 13:01:12.693 +0000 UTC",
            "time_last_modified": "2022-09-15 13:01:12.693 +0000 UTC",
            "timeouts": null
          },
          "sensitive_attributes": [],
          "private": "eyJlMmJmYjczMC1lY2FhLTExZTYtOGY4OC0zNDM2M2JjN2M0YzAiOnsiY3JlYXRlIjoxMjAwMDAwMDAwMDAwLCJkZWxldGUiOjEyMDAwMDAwMDAwMDAsInVwZGF0ZSI6MTIwMDAwMDAwMDAwMH19",
          "dependencies": [
            "data.oci_identity_regions.home_region",
            "oci_identity_tag.ArchitectureCenterTag",
            "oci_identity_tag_namespace.ArchitectureCenterTagNamespace",
            "random_id.tag",
            "random_string.deploy_id"
          ]
        }
      ]
    },
    {
      "mode": "managed",
      "type": "oci_ons_notification_topic",
      "name": "test_notification_topic",
      "provider": "provider[\"registry.terraform.io/oracle/oci\"]",
      "instances": [
        {
          "schema_version": 0,
          "attributes": {
            "api_endpoint": "https://cell1.notification.us-ashburn-1.oci.oraclecloud.com",
            "compartment_id": "ocid1.compartment.oc1..aaaaaaaalpco7s53yuj7s7d42neodtn7rtj6e2trjijpgvywy4rxnnegc4iq",
            "defined_tags": {
              "ArchitectureCenter\\ci-cd-pipe-oci-devops-63b2.release": "1.1.2",
              "default_tags.CreatedBy": "oracleidentitycloudservice/diksha.m.munjal@oracle.com",
              "default_tags.CreatedOn": "2022-09-15T13:01:12.383Z"
            },
            "description": null,
            "etag": "3c7b735f",
            "freeform_tags": {},
            "id": "ocid1.onstopic.oc1.iad.aaaaaaaaltry4grrz7zpubcroou75k6h2lcl3lpx4mfecly7mbrbp7wrzlgq",
            "name": "devopstopic_efBn",
            "short_topic_id": null,
            "state": "ACTIVE",
            "time_created": "2022-09-15 13:01:12.776 +0000 UTC",
            "timeouts": null,
            "topic_id": "ocid1.onstopic.oc1.iad.aaaaaaaaltry4grrz7zpubcroou75k6h2lcl3lpx4mfecly7mbrbp7wrzlgq"
          },
          "sensitive_attributes": [],
          "private": "eyJlMmJmYjczMC1lY2FhLTExZTYtOGY4OC0zNDM2M2JjN2M0YzAiOnsiY3JlYXRlIjo5MDAwMDAwMDAwMDAsImRlbGV0ZSI6OTAwMDAwMDAwMDAwMCwidXBkYXRlIjo5MDAwMDAwMDAwMDB9fQ==",
          "dependencies": [
            "data.oci_identity_regions.home_region",
            "oci_identity_tag.ArchitectureCenterTag",
            "oci_identity_tag_namespace.ArchitectureCenterTagNamespace",
            "random_id.tag",
            "random_string.deploy_id"
          ]
        }
      ]
    },
    {
      "mode": "managed",
      "type": "random_id",
      "name": "tag",
      "provider": "provider[\"registry.terraform.io/hashicorp/random\"]",
      "instances": [
        {
          "schema_version": 0,
          "attributes": {
            "b64_std": "Y7I=",
            "b64_url": "Y7I",
            "byte_length": 2,
            "dec": "25522",
            "hex": "63b2",
            "id": "Y7I",
            "keepers": null,
            "prefix": null
          },
          "sensitive_attributes": []
        }
      ]
    },
    {
      "mode": "managed",
      "type": "random_string",
      "name": "deploy_id",
      "provider": "provider[\"registry.terraform.io/hashicorp/random\"]",
      "instances": [
        {
          "schema_version": 2,
          "attributes": {
            "id": "efBn",
            "keepers": null,
            "length": 4,
            "lower": true,
            "min_lower": 0,
            "min_numeric": 0,
            "min_special": 0,
            "min_upper": 0,
            "number": true,
            "numeric": true,
            "override_special": null,
            "result": "efBn",
            "special": false,
            "upper": true
          },
          "sensitive_attributes": []
        }
      ]
    },
    {
      "mode": "managed",
      "type": "tls_private_key",
      "name": "oke_worker_node_ssh_key",
      "provider": "provider[\"registry.terraform.io/hashicorp/tls\"]",
      "instances": [
        {
          "schema_version": 1,
          "attributes": {
            "algorithm": "RSA",
            "ecdsa_curve": "P224",
            "id": "24dc90737b8495a025390ec4f08b0b96974a624a",
            "private_key_openssh": "-----BEGIN OPENSSH PRIVATE KEY-----\nb3BlbnNzaC1rZXktdjEAAAAABG5vbmUAAAAEbm9uZQAAAAAAAAABAAABFwAAAAdz\nc2gtcnNhAAAAAwEAAQAAAQEAtJQLKoDMcnRBmDepwRzCVeXtFJkdfM52NfoZmDh3\nN1fiNxvwLr+gdKB9PPIX3uKK+EP3D4U7hoYDAT0ZVyg+Bi9IvFgvJTtsMZnvS1u/\nRorVBEJqGZrBUr9AE7Raor5//IU/eoT4LVqvDjAEDH8NCCl3X2dlDHNdbniPu5h5\nwy1NiCqx53AuPM9sMmGzIQquxNJo3X/fmxQ0sjI2jHUIG+y9/0JNu+0RwvgImcZG\n1ke/rVHtIlYzRfPfPMzTuRD3cGU5D7y+GCu1RA3CODjvVEYZlqH6MXeIAoD8cMCe\nhBtmfnfgjvmkL32dpewpUDwfl7F9Ivn8BV1yW5N6ClveLQAAA7il5wCNpecAjQAA\nAAdzc2gtcnNhAAABAQC0lAsqgMxydEGYN6nBHMJV5e0UmR18znY1+hmYOHc3V+I3\nG/Auv6B0oH088hfe4or4Q/cPhTuGhgMBPRlXKD4GL0i8WC8lO2wxme9LW79GitUE\nQmoZmsFSv0ATtFqivn/8hT96hPgtWq8OMAQMfw0IKXdfZ2UMc11ueI+7mHnDLU2I\nKrHncC48z2wyYbMhCq7E0mjdf9+bFDSyMjaMdQgb7L3/Qk277RHC+AiZxkbWR7+t\nUe0iVjNF8988zNO5EPdwZTkPvL4YK7VEDcI4OO9URhmWofoxd4gCgPxwwJ6EG2Z+\nd+CO+aQvfZ2l7ClQPB+XsX0i+fwFXXJbk3oKW94tAAAAAwEAAQAAAQBehdPmdq8O\nBj7Dr/dix2wOTKGyE4f06ZnFHVpCbOQyiwU1taEex131ToDf4xWNrOXzmJf9fs8u\n1n1CK7pU/hKhaCTZugtLoPQ8bohs2OShx1BDv4QMTQ5/Au9GoTSEVdVm2FTnDC1g\niERz17x20hZ/PD1pKhUh1E2G4wLRvrmV6QJggb9xmr5oFbTWi7eNWR5yArnnjV55\nbbNkA3Jg75tczaOmBs4QX8uBmH9ius4jiXrgh9l9WC04o7M2WXBTLg4s/mgGu9WK\nXBFd1yzbS50ah6ixQy/vakAovbV1xe2/zL7yiEcxpvrtnW4bJ9CqgOfAjWhsZXP7\n0pMEj4VfgEV9AAAAgQCxjK7Q0f/rvixvgNhUff1c4mVQS2StVqJsHJ6xjfA8hrkB\n9jme4Hmk+b56klFBCZ4ds0DTJEbtmwDCitBVGq/gg5NIBCUchWz7IzQA2zUkrlrU\nnmXiKf/78cKSfbAgYzU0ymTaCJzkCBZlRLQH3u2X7yIFnQ3nl7IC3CTuL4FrdQAA\nAIEAytvoXv/2/5OWODuU70IhFm+aodTsPBiSbtBw4qiX7i73umK8EHVi/lQjhGJm\nis8ia+KQ9VHFYbU1n8u32CQdlEoM8LXuFGahvVhZUYB9eznhcjTLpJprVAZXTUrI\nMXrSJCkEo0G9RYVx282DQErI8r2Li1TDTVN/2qSQ3IHzsEsAAACBAOPh81s6zEMI\n69rlyevTBvgH1pgo30sDjdk927J3cQrg0raWGIaEsgBCSWD9456jXjQCX6RxS3sI\nMCI35GeNO1C9UFADgyfSnZMLMyuTDPpfzan+n+bQCYMlnioS8C73KeGePMXfdEJk\nWALDs7kK7jjRivTrOJzCqrrJmF9oWdBnAAAAAAEC\n-----END OPENSSH PRIVATE KEY-----\n",
            "private_key_pem": "-----BEGIN RSA PRIVATE KEY-----\nMIIEpAIBAAKCAQEAtJQLKoDMcnRBmDepwRzCVeXtFJkdfM52NfoZmDh3N1fiNxvw\nLr+gdKB9PPIX3uKK+EP3D4U7hoYDAT0ZVyg+Bi9IvFgvJTtsMZnvS1u/RorVBEJq\nGZrBUr9AE7Raor5//IU/eoT4LVqvDjAEDH8NCCl3X2dlDHNdbniPu5h5wy1NiCqx\n53AuPM9sMmGzIQquxNJo3X/fmxQ0sjI2jHUIG+y9/0JNu+0RwvgImcZG1ke/rVHt\nIlYzRfPfPMzTuRD3cGU5D7y+GCu1RA3CODjvVEYZlqH6MXeIAoD8cMCehBtmfnfg\njvmkL32dpewpUDwfl7F9Ivn8BV1yW5N6ClveLQIDAQABAoIBAF6F0+Z2rw4GPsOv\n92LHbA5MobITh/TpmcUdWkJs5DKLBTW1oR7HXfVOgN/jFY2s5fOYl/1+zy7WfUIr\nulT+EqFoJNm6C0ug9DxuiGzY5KHHUEO/hAxNDn8C70ahNIRV1WbYVOcMLWCIRHPX\nvHbSFn88PWkqFSHUTYbjAtG+uZXpAmCBv3GavmgVtNaLt41ZHnICueeNXnlts2QD\ncmDvm1zNo6YGzhBfy4GYf2K6ziOJeuCH2X1YLTijszZZcFMuDiz+aAa71YpcEV3X\nLNtLnRqHqLFDL+9qQCi9tXXF7b/MvvKIRzGm+u2dbhsn0KqA58CNaGxlc/vSkwSP\nhV+ARX0CgYEAytvoXv/2/5OWODuU70IhFm+aodTsPBiSbtBw4qiX7i73umK8EHVi\n/lQjhGJmis8ia+KQ9VHFYbU1n8u32CQdlEoM8LXuFGahvVhZUYB9eznhcjTLpJpr\nVAZXTUrIMXrSJCkEo0G9RYVx282DQErI8r2Li1TDTVN/2qSQ3IHzsEsCgYEA4+Hz\nWzrMQwjr2uXJ69MG+AfWmCjfSwON2T3bsndxCuDStpYYhoSyAEJJYP3jnqNeNAJf\npHFLewgwIjfkZ407UL1QUAODJ9KdkwszK5MM+l/Nqf6f5tAJgyWeKhLwLvcp4Z48\nxd90QmRYAsOzuQruONGK9Os4nMKqusmYX2hZ0GcCgYAv7AdW+ezlr33bRugGJX8f\nh7nl5SDxiXR+TSt9wAo0MFBBbbWzxadfIY1KZtyGiiw9hEZuTaTtUhua5ktF+jIq\np9uqua/GjgBDdK2U/V+nTqMdka9R8VDNhrn0/meQmM0v0ajQ0GTgGYguPrx04bXa\n8kAW6C1DBSi9BAdcsC5bRQKBgQC5NDbDK1s9E/ATvHPJ/H0KcdxfV8B6R84uA88d\nEWPHEodOK1iNYyUDftwCPvWSRXXXUSKIFCfjOvlbpg80dZ0CdoniLaiXYd381rpk\nrKN8jQYqJa2xOdyxQI515WRc1zWrjx4XNw9WshSxUnorZo3LkcmcWdtt0+xL2HHF\nAJsV+wKBgQCxjK7Q0f/rvixvgNhUff1c4mVQS2StVqJsHJ6xjfA8hrkB9jme4Hmk\n+b56klFBCZ4ds0DTJEbtmwDCitBVGq/gg5NIBCUchWz7IzQA2zUkrlrUnmXiKf/7\n8cKSfbAgYzU0ymTaCJzkCBZlRLQH3u2X7yIFnQ3nl7IC3CTuL4FrdQ==\n-----END RSA PRIVATE KEY-----\n",
            "private_key_pem_pkcs8": "-----BEGIN PRIVATE KEY-----\nMIIEvgIBADANBgkqhkiG9w0BAQEFAASCBKgwggSkAgEAAoIBAQC0lAsqgMxydEGY\nN6nBHMJV5e0UmR18znY1+hmYOHc3V+I3G/Auv6B0oH088hfe4or4Q/cPhTuGhgMB\nPRlXKD4GL0i8WC8lO2wxme9LW79GitUEQmoZmsFSv0ATtFqivn/8hT96hPgtWq8O\nMAQMfw0IKXdfZ2UMc11ueI+7mHnDLU2IKrHncC48z2wyYbMhCq7E0mjdf9+bFDSy\nMjaMdQgb7L3/Qk277RHC+AiZxkbWR7+tUe0iVjNF8988zNO5EPdwZTkPvL4YK7VE\nDcI4OO9URhmWofoxd4gCgPxwwJ6EG2Z+d+CO+aQvfZ2l7ClQPB+XsX0i+fwFXXJb\nk3oKW94tAgMBAAECggEAXoXT5navDgY+w6/3YsdsDkyhshOH9OmZxR1aQmzkMosF\nNbWhHsdd9U6A3+MVjazl85iX/X7PLtZ9Qiu6VP4SoWgk2boLS6D0PG6IbNjkocdQ\nQ7+EDE0OfwLvRqE0hFXVZthU5wwtYIhEc9e8dtIWfzw9aSoVIdRNhuMC0b65lekC\nYIG/cZq+aBW01ou3jVkecgK5541eeW2zZANyYO+bXM2jpgbOEF/LgZh/YrrOI4l6\n4IfZfVgtOKOzNllwUy4OLP5oBrvVilwRXdcs20udGoeosUMv72pAKL21dcXtv8y+\n8ohHMab67Z1uGyfQqoDnwI1obGVz+9KTBI+FX4BFfQKBgQDK2+he//b/k5Y4O5Tv\nQiEWb5qh1Ow8GJJu0HDiqJfuLve6YrwQdWL+VCOEYmaKzyJr4pD1UcVhtTWfy7fY\nJB2USgzwte4UZqG9WFlRgH17OeFyNMukmmtUBldNSsgxetIkKQSjQb1FhXHbzYNA\nSsjyvYuLVMNNU3/apJDcgfOwSwKBgQDj4fNbOsxDCOva5cnr0wb4B9aYKN9LA43Z\nPduyd3EK4NK2lhiGhLIAQklg/eOeo140Al+kcUt7CDAiN+RnjTtQvVBQA4Mn0p2T\nCzMrkwz6X82p/p/m0AmDJZ4qEvAu9ynhnjzF33RCZFgCw7O5Cu440Yr06zicwqq6\nyZhfaFnQZwKBgC/sB1b57OWvfdtG6AYlfx+HueXlIPGJdH5NK33ACjQwUEFttbPF\np18hjUpm3IaKLD2ERm5NpO1SG5rmS0X6Miqn26q5r8aOAEN0rZT9X6dOox2Rr1Hx\nUM2GufT+Z5CYzS/RqNDQZOAZiC4+vHThtdryQBboLUMFKL0EB1ywLltFAoGBALk0\nNsMrWz0T8BO8c8n8fQpx3F9XwHpHzi4Dzx0RY8cSh04rWI1jJQN+3AI+9ZJFdddR\nIogUJ+M6+VumDzR1nQJ2ieItqJdh3fzWumSso3yNBiolrbE53LFAjnXlZFzXNauP\nHhc3D1ayFLFSeitmjcuRyZxZ223T7EvYccUAmxX7AoGBALGMrtDR/+u+LG+A2FR9\n/VziZVBLZK1WomwcnrGN8DyGuQH2OZ7geaT5vnqSUUEJnh2zQNMkRu2bAMKK0FUa\nr+CDk0gEJRyFbPsjNADbNSSuWtSeZeIp//vxwpJ9sCBjNTTKZNoInOQIFmVEtAfe\n7ZfvIgWdDeeXsgLcJO4vgWt1\n-----END PRIVATE KEY-----\n",
            "public_key_fingerprint_md5": "9c:5b:9b:57:55:fe:f7:21:72:dc:7f:a7:fa:07:11:ca",
            "public_key_fingerprint_sha256": "SHA256:sOwkIZLwi4BGDKmpSu2mk9Mm+MtHn2XvRJhiNIU5yXs",
            "public_key_openssh": "ssh-rsa AAAAB3NzaC1yc2EAAAADAQABAAABAQC0lAsqgMxydEGYN6nBHMJV5e0UmR18znY1+hmYOHc3V+I3G/Auv6B0oH088hfe4or4Q/cPhTuGhgMBPRlXKD4GL0i8WC8lO2wxme9LW79GitUEQmoZmsFSv0ATtFqivn/8hT96hPgtWq8OMAQMfw0IKXdfZ2UMc11ueI+7mHnDLU2IKrHncC48z2wyYbMhCq7E0mjdf9+bFDSyMjaMdQgb7L3/Qk277RHC+AiZxkbWR7+tUe0iVjNF8988zNO5EPdwZTkPvL4YK7VEDcI4OO9URhmWofoxd4gCgPxwwJ6EG2Z+d+CO+aQvfZ2l7ClQPB+XsX0i+fwFXXJbk3oKW94t\n",
            "public_key_pem": "-----BEGIN PUBLIC KEY-----\nMIIBIjANBgkqhkiG9w0BAQEFAAOCAQ8AMIIBCgKCAQEAtJQLKoDMcnRBmDepwRzC\nVeXtFJkdfM52NfoZmDh3N1fiNxvwLr+gdKB9PPIX3uKK+EP3D4U7hoYDAT0ZVyg+\nBi9IvFgvJTtsMZnvS1u/RorVBEJqGZrBUr9AE7Raor5//IU/eoT4LVqvDjAEDH8N\nCCl3X2dlDHNdbniPu5h5wy1NiCqx53AuPM9sMmGzIQquxNJo3X/fmxQ0sjI2jHUI\nG+y9/0JNu+0RwvgImcZG1ke/rVHtIlYzRfPfPMzTuRD3cGU5D7y+GCu1RA3CODjv\nVEYZlqH6MXeIAoD8cMCehBtmfnfgjvmkL32dpewpUDwfl7F9Ivn8BV1yW5N6Clve\nLQIDAQAB\n-----END PUBLIC KEY-----\n",
            "rsa_bits": 2048
          },
          "sensitive_attributes": []
        }
      ]
    },
    {
      "module": "module.oci-oke[0]",
      "mode": "data",
      "type": "oci_containerengine_cluster_kube_config",
      "name": "KubeConfig",
      "provider": "provider[\"registry.terraform.io/oracle/oci\"]",
      "instances": [
        {
          "schema_version": 0,
          "attributes": {
            "cluster_id": "ocid1.cluster.oc1.iad.aaaaaaaag65co3xrekpcmlt226wtq3bjbaz6fdn22u7fckzebc2blo2mc5bq",
            "content": "---\napiVersion: v1\nkind: \"\"\nclusters:\n- name: cluster-c2blo2mc5bq\n  cluster:\n    server: https://141.148.72.33:6443\n    certificate-authority-data: LS0tLS1CRUdJTiBDRVJUSUZJQ0FURS0tLS0tCk1JSURpRENDQW5DZ0F3SUJBZ0lRQ1hTbE81aU53SG9sMGt4MXFvUC9XekFOQmdrcWhraUc5dzBCQVFzRkFEQmUKTVE4d0RRWURWUVFEREFaTE9ITWdRMEV4Q3pBSkJnTlZCQVlUQWxWVE1ROHdEUVlEVlFRSERBWkJkWE4wYVc0eApEekFOQmdOVkJBb01Cazl5WVdOc1pURU1NQW9HQTFVRUN3d0RUMk5wTVE0d0RBWURWUVFJREFWVVpYaGhjekFlCkZ3MHlNakE1TVRVeE16QXlNRE5hRncweU56QTVNVFV4TXpBeU1ETmFNRjR4RHpBTkJnTlZCQU1NQmtzNGN5QkQKUVRFTE1Ba0dBMVVFQmhNQ1ZWTXhEekFOQmdOVkJBY01Ca0YxYzNScGJqRVBNQTBHQTFVRUNnd0dUM0poWTJ4bApNUXd3Q2dZRFZRUUxEQU5QWTJreERqQU1CZ05WQkFnTUJWUmxlR0Z6TUlJQklqQU5CZ2txaGtpRzl3MEJBUUVGCkFBT0NBUThBTUlJQkNnS0NBUUVBczVtbmErdVcwUWo5ZHJoSWp0dU1tV1pJNXZUWkpISmU4R1o0N0hCb00yYnkKamRqUkxHeFE0ejRiUmVmbEo0aENwaXBqL0RPdjZibXd5bFl2RHRHYmlRTHFZNDY5QVNQYlJRRVZmOXExT0JvVQpSWG5NUFo5MDk0WWI5RXdKZkR6SERvWnRYOVFQaFJYd3ZxQysyZ3FrQUZkWkJaejFjeWxOMVdmUVV5ZnAvOVVRCkNLZFVQTUFGTWVoZEZCejRmY3FBaUxMNkF6ZFhONDlNSS85dHRsZTFrYy9yM2RIYjZOSlBYQUZDKzRsV1ozWGMKalNuL3VZdks4QXNOdDAxWVJ6bDVtSE1JTXFGbXFOYSs0OGU2ekNmZlJublNCZXhtMnBtVVhLUy9PSXo1dVZBbQpyZnlYVWtJbXUrUjM1NUV4SENLWHJNTllKc1kxYmRtclFyYXZNRGhYNVFJREFRQUJvMEl3UURBUEJnTlZIUk1CCkFmOEVCVEFEQVFIL01BNEdBMVVkRHdFQi93UUVBd0lCQmpBZEJnTlZIUTRFRmdRVW9ZTE91TFlZVjZjNVZvL2kKNWdLbTAwQjhrb2d3RFFZSktvWklodmNOQVFFTEJRQURnZ0VCQUpLTGVYVHhnV0FHK2dFSEFQcFZiZ01xVWZHaQpqUDNycm5UZHNMVXFRWlJ6RElZZ1g3d3J2VzFvZEtPa0NtVUJVTmlobmt1UWhSS2d5YnZNV2dOZ0JDL0Y0VGt5ClhiaHB1ZlE5QlhBZ0FobUY0T2Fmem1TZlZNWmJNRFh2SXRCMEVuK2hGdW9Zci92N2JsYWFZT3ppbVNuMUdRR0gKaW4xanF2Wk9kN2hYdG9CY3BGNGlLTWp3dlFpTklIWjJMN3AyYmFVQjYxdHh4L01qcWE5azZ4dVpXTjVuQXlKZwpkcGtWSlprTE5mZkI5RE1lVE9JbzdOOVlWM0VkY252SDl2b201ZFRvNkFrcy9sdkdBYUlrcmYzblZHK0VWYmI1CjY2RFNJc2Z4SExIRElTYzhSbmxOc24vNzdNUU9QMURPNmpXcTFHTU1DWVM2aHV6bHdtRjZuS3lnWkpjPQotLS0tLUVORCBDRVJUSUZJQ0FURS0tLS0tCg==\nusers:\n- name: user-c2blo2mc5bq\n  user:\n    exec:\n      apiVersion: client.authentication.k8s.io/v1beta1\n      command: oci\n      args:\n      - ce\n      - cluster\n      - generate-token\n      - --cluster-id\n      - ocid1.cluster.oc1.iad.aaaaaaaag65co3xrekpcmlt226wtq3bjbaz6fdn22u7fckzebc2blo2mc5bq\n      - --region\n      - us-ashburn-1\n      env: []\ncontexts:\n- name: context-c2blo2mc5bq\n  context:\n    cluster: cluster-c2blo2mc5bq\n    user: user-c2blo2mc5bq\ncurrent-context: context-c2blo2mc5bq\n",
            "endpoint": null,
            "expiration": null,
            "id": "ContainerengineClusterKubeConfigDataSource-648675986",
            "token_version": "2.0.0"
          },
          "sensitive_attributes": []
        }
      ]
    },
    {
      "module": "module.oci-oke[0]",
      "mode": "data",
      "type": "oci_containerengine_cluster_option",
      "name": "oci_oke_cluster_option",
      "provider": "provider[\"registry.terraform.io/oracle/oci\"]",
      "instances": [
        {
          "schema_version": 0,
          "attributes": {
            "cluster_option_id": "all",
            "cluster_pod_network_options": [
              {
                "cni_type": "OCI_VCN_IP_NATIVE"
              },
              {
                "cni_type": "FLANNEL_OVERLAY"
              }
            ],
            "compartment_id": null,
            "id": "ContainerengineClusterOptionDataSource-1870923232",
            "kubernetes_versions": [
              "v1.21.5",
              "v1.22.5",
              "v1.23.4",
              "v1.24.1"
            ]
          },
          "sensitive_attributes": []
        }
      ]
    },
    {
      "module": "module.oci-oke[0]",
      "mode": "data",
      "type": "oci_containerengine_node_pool_option",
      "name": "oci_oke_node_pool_option",
      "provider": "provider[\"registry.terraform.io/oracle/oci\"]",
      "instances": [
        {
          "schema_version": 0,
          "attributes": {
            "compartment_id": null,
            "id": "ContainerengineNodePoolOptionDataSource-1870923232",
            "images": [
              "Oracle-Linux-7.4",
              "Oracle-Linux-7.5",
              "Oracle-Linux-7.6"
            ],
            "kubernetes_versions": [
              "v1.21.5",
              "v1.22.5",
              "v1.23.4",
              "v1.24.1"
            ],
            "node_pool_option_id": "all",
            "shapes": [
              "BM.DenseIO.E4.128",
              "BM.DenseIO2.52",
              "BM.GPU2.2",
              "BM.GPU3.8",
              "BM.HPC2.36",
              "BM.Optimized3.36",
              "BM.Standard.A1.160",
              "BM.Standard.B1.44",
              "BM.Standard.E2.64",
              "BM.Standard.E3.128",
              "BM.Standard.E4.128",
              "BM.Standard1.36",
              "BM.Standard2.52",
              "BM.Standard3.64",
              "VM.DenseIO.E4.Flex",
              "VM.DenseIO2.16",
              "VM.DenseIO2.24",
              "VM.DenseIO2.8",
              "VM.GPU2.1",
              "VM.GPU3.1",
              "VM.GPU3.2",
              "VM.GPU3.4",
              "VM.Optimized3.Flex",
              "VM.Standard.A1.Flex",
              "VM.Standard.B1.1",
              "VM.Standard.B1.16",
              "VM.Standard.B1.2",
              "VM.Standard.B1.4",
              "VM.Standard.B1.8",
              "VM.Standard.E2.1",
              "VM.Standard.E2.2",
              "VM.Standard.E2.4",
              "VM.Standard.E2.8",
              "VM.Standard.E3.Flex",
              "VM.Standard.E4.Flex",
              "VM.Standard1.1",
              "VM.Standard1.16",
              "VM.Standard1.2",
              "VM.Standard1.4",
              "VM.Standard1.8",
              "VM.Standard2.1",
              "VM.Standard2.16",
              "VM.Standard2.2",
              "VM.Standard2.24",
              "VM.Standard2.4",
              "VM.Standard2.8",
              "VM.Standard3.Flex"
            ],
            "sources": [
              {
                "image_id": "ocid1.image.oc1.iad.aaaaaaaax2qgsvj7glbaurba3d22asvmd4fwy7jbfeofai7aggo3cyaguigq",
                "source_name": "Oracle-Linux-7.9-2022.06.30-0-OKE-1.23.4-392",
                "source_type": "IMAGE"
              },
              {
                "image_id": "ocid1.image.oc1.iad.aaaaaaaanwu6jgqy6axn7tyohl6rn2p6vnkkgy2ap53ixefi5xkesgdfutza",
                "source_name": "Oracle-Linux-7.9-2022.05.31-0-OKE-1.23.4-312",
                "source_type": "IMAGE"
              },
              {
                "image_id": "ocid1.image.oc1.iad.aaaaaaaacich65ocy3fp6uqg66qqjmku7yeqwjz5ojfhvhwxvcwqo44kj2oq",
                "source_name": "Oracle-Linux-7.9-2022.04.26-0-OKE-1.23.4-248",
                "source_type": "IMAGE"
              },
              {
                "image_id": "ocid1.image.oc1.iad.aaaaaaaaqb5sfzgvpnlk43ou54ou5553lthn2l3xjuti6jgawoqjgnfixkeq",
                "source_name": "Oracle-Linux-7.9-Gen2-GPU-2022.06.30-0-OKE-1.23.4-392",
                "source_type": "IMAGE"
              },
              {
                "image_id": "ocid1.image.oc1.iad.aaaaaaaaggx5ruu4x2qjh6tfbu5uu2gdkz53eefpu5bsgd3u74zrc2qszcla",
                "source_name": "Oracle-Linux-7.9-Gen2-GPU-2022.05.31-0-OKE-1.23.4-312",
                "source_type": "IMAGE"
              },
              {
                "image_id": "ocid1.image.oc1.iad.aaaaaaaa2d2gy4gwndxk4pblirred4lisfg3dj4yu4noqyz2zikpucurneoa",
                "source_name": "Oracle-Linux-7.9-Gen2-GPU-2022.04.25-0-OKE-1.23.4-251",
                "source_type": "IMAGE"
              },
              {
                "image_id": "ocid1.image.oc1.iad.aaaaaaaa3ibobhdxnkycnsk7wfhjgf36xzt6z4kjpwmqlbsvoh5foyvzfboa",
                "source_name": "Oracle-Linux-7.9-aarch64-2022.06.30-0-OKE-1.23.4-392",
                "source_type": "IMAGE"
              },
              {
                "image_id": "ocid1.image.oc1.iad.aaaaaaaawkpo4hfaqcvbstmsjhoo4itb5ydkiwggbpgkjfk6mlvrhfo5jmtq",
                "source_name": "Oracle-Linux-7.9-aarch64-2022.05.30-0-OKE-1.23.4-309",
                "source_type": "IMAGE"
              },
              {
                "image_id": "ocid1.image.oc1.iad.aaaaaaaat25yy37g6docsbikjpr2ekuex6yquohxztfzawpilxbvxq32u73a",
                "source_name": "Oracle-Linux-7.9-aarch64-2022.04.26-0-OKE-1.23.4-246",
                "source_type": "IMAGE"
              },
              {
                "image_id": "ocid1.image.oc1.iad.aaaaaaaal2ji5v6zd3tuckxl3zhkvbkhb7cdywb5minqud4xfo4partzrqnq",
                "source_name": "Oracle-Linux-7.9-2022.06.30-0-OKE-1.22.5-392",
                "source_type": "IMAGE"
              },
              {
                "image_id": "ocid1.image.oc1.iad.aaaaaaaap4ijun3sz56cpql7r7lus63acwz26rnt73tx73hphhaftr23heya",
                "source_name": "Oracle-Linux-7.9-2022.05.31-0-OKE-1.22.5-312",
                "source_type": "IMAGE"
              },
              {
                "image_id": "ocid1.image.oc1.iad.aaaaaaaawqwjpvwefv565gkp5q3ojvppsyts7eljuf4xd6vihjy2se2arbpq",
                "source_name": "Oracle-Linux-7.9-2022.04.26-0-OKE-1.22.5-248",
                "source_type": "IMAGE"
              },
              {
                "image_id": "ocid1.image.oc1.iad.aaaaaaaavx6aofxk2tv4zmyjsswkv2tvbijv6562qbwjw4zftgl73mytu4cq",
                "source_name": "Oracle-Linux-7.9-Gen2-GPU-2022.06.30-0-OKE-1.22.5-392",
                "source_type": "IMAGE"
              },
              {
                "image_id": "ocid1.image.oc1.iad.aaaaaaaadbgbalas6ziqgkpr744sldc2bmcclgmr6pjoojkpd2f6blvgwjra",
                "source_name": "Oracle-Linux-7.9-Gen2-GPU-2022.05.31-0-OKE-1.22.5-312",
                "source_type": "IMAGE"
              },
              {
                "image_id": "ocid1.image.oc1.iad.aaaaaaaa3xo7tlzist4ac726qernbtyjxssbktrbkg4n5q5m5yllnzzf6ssa",
                "source_name": "Oracle-Linux-7.9-Gen2-GPU-2022.04.25-0-OKE-1.22.5-252",
                "source_type": "IMAGE"
              },
              {
                "image_id": "ocid1.image.oc1.iad.aaaaaaaac22wo5lfac2xss5myhtiqvhtby3bx7of7xd3osax5rxvw7xlddsa",
                "source_name": "Oracle-Linux-7.9-aarch64-2022.06.30-0-OKE-1.22.5-392",
                "source_type": "IMAGE"
              },
              {
                "image_id": "ocid1.image.oc1.iad.aaaaaaaacdcddtiagmoblojg3fzsygzuvmox2poj4pkxq623ii643k2kypcq",
                "source_name": "Oracle-Linux-7.9-aarch64-2022.05.30-0-OKE-1.22.5-309",
                "source_type": "IMAGE"
              },
              {
                "image_id": "ocid1.image.oc1.iad.aaaaaaaacqixpnt45ixkqjrcze32s3l4qv2zyak5eojgax46xdfpkgp4czha",
                "source_name": "Oracle-Linux-7.9-aarch64-2022.04.26-0-OKE-1.22.5-250",
                "source_type": "IMAGE"
              },
              {
                "image_id": "ocid1.image.oc1.iad.aaaaaaaa2qh2cwwm7f23wrj2qamec5vmw3w72uvxbnsng5rddnizflsypsva",
                "source_name": "Oracle-Linux-7.9-2022.06.30-0-OKE-1.21.5-392",
                "source_type": "IMAGE"
              },
              {
                "image_id": "ocid1.image.oc1.iad.aaaaaaaasga5xvg577hhrs5pgecd36audczqnk5zxjbedorx5sms7yzrc6bq",
                "source_name": "Oracle-Linux-7.9-2022.05.31-0-OKE-1.21.5-315",
                "source_type": "IMAGE"
              },
              {
                "image_id": "ocid1.image.oc1.iad.aaaaaaaal4ylfzxz7i6s4ynmouzbnjwtxmlydkep2d2ohdx2xlesjqcvmugq",
                "source_name": "Oracle-Linux-7.9-2022.04.26-0-OKE-1.21.5-248",
                "source_type": "IMAGE"
              },
              {
                "image_id": "ocid1.image.oc1.iad.aaaaaaaawfnjrmfx7zetbskgt2ssv75kwizghvodx3an4n3b6kwzi5tcnukq",
                "source_name": "Oracle-Linux-7.9-Gen2-GPU-2022.06.30-0-OKE-1.21.5-392",
                "source_type": "IMAGE"
              },
              {
                "image_id": "ocid1.image.oc1.iad.aaaaaaaadypwc3q7wpxv5qnppqeqkopsvq7wlltsattf6pl72iuys62varqq",
                "source_name": "Oracle-Linux-7.9-Gen2-GPU-2022.05.31-0-OKE-1.21.5-316",
                "source_type": "IMAGE"
              },
              {
                "image_id": "ocid1.image.oc1.iad.aaaaaaaaf6zaaprnphrbv57ynkchntwfelu67pr3ckocjvw5ofluowtf5sfq",
                "source_name": "Oracle-Linux-7.9-Gen2-GPU-2022.04.25-0-OKE-1.21.5-251",
                "source_type": "IMAGE"
              },
              {
                "image_id": "ocid1.image.oc1.iad.aaaaaaaayh36i4ktxyok3dt2q6y5m75w3knpmmk4dosct3qammwgfg7emusq",
                "source_name": "Oracle-Linux-7.9-aarch64-2022.06.30-0-OKE-1.21.5-392",
                "source_type": "IMAGE"
              },
              {
                "image_id": "ocid1.image.oc1.iad.aaaaaaaarvlnyq6k37uyviulxg6sfoaramsn5f3e4jvesidgg6s4nrl7m3ya",
                "source_name": "Oracle-Linux-7.9-aarch64-2022.05.30-0-OKE-1.21.5-309",
                "source_type": "IMAGE"
              },
              {
                "image_id": "ocid1.image.oc1.iad.aaaaaaaa3xucevqgdret5ssdcwuoj4xt6l5i3rtothjkficzzob6m4imxxza",
                "source_name": "Oracle-Linux-7.9-aarch64-2022.04.26-0-OKE-1.21.5-250",
                "source_type": "IMAGE"
              },
              {
                "image_id": "ocid1.image.oc1.iad.aaaaaaaabq34jg7e6v3niwwytgxloo5eges3zy4vbvdpjcb7ojtrew3edbda",
                "source_name": "Oracle-Linux-7.9-2022.06.30-0-OKE-1.24.1-417",
                "source_type": "IMAGE"
              },
              {
                "image_id": "ocid1.image.oc1.iad.aaaaaaaa7lyt5l4dhpqdp6ddzbvmj3getvqhmhlrw6akpkospfjscmbsxjmq",
                "source_name": "Oracle-Linux-7.9-Gen2-GPU-2022.06.30-0-OKE-1.24.1-417",
                "source_type": "IMAGE"
              },
              {
                "image_id": "ocid1.image.oc1.iad.aaaaaaaaauzhh6fwwdyadbr743hfam7iuh5eqaxturj43a24j2cshhshwk2q",
                "source_name": "Oracle-Linux-7.9-aarch64-2022.06.30-0-OKE-1.24.1-417",
                "source_type": "IMAGE"
              },
              {
                "image_id": "ocid1.image.oc1.iad.aaaaaaaammndnkjpb2fz5cjwpxhfthvx7wfcst2ihezze276lkei2cnon4vq",
                "source_name": "Oracle-Linux-8.6-2022.06.30-0-OKE-1.23.4-392",
                "source_type": "IMAGE"
              },
              {
                "image_id": "ocid1.image.oc1.iad.aaaaaaaaev3phftpcnv35ofzhevkj2e3hrqxsvzuz4fhylbcawvmgd2qe3gq",
                "source_name": "Oracle-Linux-8.6-2022.05.31-0-OKE-1.23.4-309",
                "source_type": "IMAGE"
              },
              {
                "image_id": "ocid1.image.oc1.iad.aaaaaaaankve2e2lp2wlvohoh2oho5ldrc7djma2vbv7ct6lx3b7v7avxkya",
                "source_name": "Oracle-Linux-8.5-2022.04.26-0-OKE-1.23.4-250",
                "source_type": "IMAGE"
              },
              {
                "image_id": "ocid1.image.oc1.iad.aaaaaaaaqar44shvmohx5fcdfxdgj7zrw7mu75k2xuss2yoeeqzdpk2xbkla",
                "source_name": "Oracle-Linux-8.6-Gen2-GPU-2022.06.30-0-OKE-1.23.4-392",
                "source_type": "IMAGE"
              },
              {
                "image_id": "ocid1.image.oc1.iad.aaaaaaaab3uvzxljj5tworqf4j4mnktswxsdl2xj77sluxirdmon7l5acccq",
                "source_name": "Oracle-Linux-8.6-Gen2-GPU-2022.05.31-0-OKE-1.23.4-311",
                "source_type": "IMAGE"
              },
              {
                "image_id": "ocid1.image.oc1.iad.aaaaaaaaev4vopmuia6dlt2ycy4tmcy2n2uuvkkds2lmr6ky5teopz4t2wcq",
                "source_name": "Oracle-Linux-8.5-Gen2-GPU-2022.04.25-0-OKE-1.23.4-250",
                "source_type": "IMAGE"
              },
              {
                "image_id": "ocid1.image.oc1.iad.aaaaaaaacl5qd37luerbwp57thhpyrabjlzoj2eh2z73wipr5ud75ifxnrua",
                "source_name": "Oracle-Linux-8.6-aarch64-2022.06.30-0-OKE-1.23.4-392",
                "source_type": "IMAGE"
              },
              {
                "image_id": "ocid1.image.oc1.iad.aaaaaaaaiiqhdnlwlfrlrtnwalhrell23mvtzxopreyk5qgcvcjeffvi5una",
                "source_name": "Oracle-Linux-8.6-aarch64-2022.05.30-0-OKE-1.23.4-311",
                "source_type": "IMAGE"
              },
              {
                "image_id": "ocid1.image.oc1.iad.aaaaaaaais6sbdphbvos4ro5qjlzix4qovkgkzofxgzsksdlivtfgin6xsqa",
                "source_name": "Oracle-Linux-8.5-aarch64-2022.04.26-0-OKE-1.23.4-246",
                "source_type": "IMAGE"
              },
              {
                "image_id": "ocid1.image.oc1.iad.aaaaaaaawtzypmhqmhft4m7mkgybe2butmpy7e5xw7r6ulpewvb74sk7wkaa",
                "source_name": "Oracle-Linux-8.6-2022.06.30-0-OKE-1.22.5-392",
                "source_type": "IMAGE"
              },
              {
                "image_id": "ocid1.image.oc1.iad.aaaaaaaad5vdq76fjxo5dqwxvnl53eq4rugcwufbk4z5b4d4s6zvxoewqkga",
                "source_name": "Oracle-Linux-8.6-2022.05.31-0-OKE-1.22.5-309",
                "source_type": "IMAGE"
              },
              {
                "image_id": "ocid1.image.oc1.iad.aaaaaaaaozzqpqz5bgezptxlusfiflqwqppinbajkv5tghldueofl2gti3rq",
                "source_name": "Oracle-Linux-8.5-2022.04.26-0-OKE-1.22.5-250",
                "source_type": "IMAGE"
              },
              {
                "image_id": "ocid1.image.oc1.iad.aaaaaaaax5vkp4de5fckvkm73owp3dggi7n6bdbrlo3zkellhfejbcxgggxa",
                "source_name": "Oracle-Linux-8.6-Gen2-GPU-2022.06.30-0-OKE-1.22.5-392",
                "source_type": "IMAGE"
              },
              {
                "image_id": "ocid1.image.oc1.iad.aaaaaaaaqrhuskx5x344ey6tn2d66nnx5osnm3iubq65hv4cwlztcxbllcnq",
                "source_name": "Oracle-Linux-8.6-Gen2-GPU-2022.05.31-0-OKE-1.22.5-311",
                "source_type": "IMAGE"
              },
              {
                "image_id": "ocid1.image.oc1.iad.aaaaaaaajvp2l3ijz6yx766fem6vuqnzswuluct2mzqwqe7pjjuhw3vnwyhq",
                "source_name": "Oracle-Linux-8.5-Gen2-GPU-2022.04.25-0-OKE-1.22.5-252",
                "source_type": "IMAGE"
              },
              {
                "image_id": "ocid1.image.oc1.iad.aaaaaaaa4nixs32b5vjlhgzpbmupklriafia7ejrvyc5plhsu5q2ej274dxa",
                "source_name": "Oracle-Linux-8.6-aarch64-2022.06.30-0-OKE-1.22.5-392",
                "source_type": "IMAGE"
              },
              {
                "image_id": "ocid1.image.oc1.iad.aaaaaaaac4hyff6coauzrt3csiwxtipup5eyilcgmfic5o4cgkiubf7xddyq",
                "source_name": "Oracle-Linux-8.6-aarch64-2022.05.30-0-OKE-1.22.5-311",
                "source_type": "IMAGE"
              },
              {
                "image_id": "ocid1.image.oc1.iad.aaaaaaaa25o4mhr37q3z7j5b4o4tzesgmd6oidnh4jb27pxbln2em2rhfmfq",
                "source_name": "Oracle-Linux-8.5-aarch64-2022.04.26-0-OKE-1.22.5-246",
                "source_type": "IMAGE"
              },
              {
                "image_id": "ocid1.image.oc1.iad.aaaaaaaafqyb26kj55yp6jqmtjinarv2bbhypsky3xls6tkoa5bupbgcgvpq",
                "source_name": "Oracle-Linux-8.6-2022.06.30-0-OKE-1.21.5-392",
                "source_type": "IMAGE"
              },
              {
                "image_id": "ocid1.image.oc1.iad.aaaaaaaa2mafuq2ykskolwcx626meqjn44t2r7dkp3rapx762hhvu2kfunka",
                "source_name": "Oracle-Linux-8.6-2022.05.31-0-OKE-1.21.5-309",
                "source_type": "IMAGE"
              },
              {
                "image_id": "ocid1.image.oc1.iad.aaaaaaaadvfx42i7kwpwhwwxos5phqr7er3soimdde3ms5h7jand6xafilka",
                "source_name": "Oracle-Linux-8.5-2022.04.26-0-OKE-1.21.5-250",
                "source_type": "IMAGE"
              },
              {
                "image_id": "ocid1.image.oc1.iad.aaaaaaaapdzuwscpvijhj4r4nsvmyun6qwdq6ysbzz7yunjehbeuccbbghgq",
                "source_name": "Oracle-Linux-8.6-Gen2-GPU-2022.06.30-0-OKE-1.21.5-392",
                "source_type": "IMAGE"
              },
              {
                "image_id": "ocid1.image.oc1.iad.aaaaaaaanvhxwjtrns3vpewyqjslr6p52jqrphrtzucwrbday6inwedu6u4a",
                "source_name": "Oracle-Linux-8.6-Gen2-GPU-2022.05.31-0-OKE-1.21.5-311",
                "source_type": "IMAGE"
              },
              {
                "image_id": "ocid1.image.oc1.iad.aaaaaaaadzv7zpnib33ptdhicjeqm42mzopvhjhnn6xaolple2gouauqwkvq",
                "source_name": "Oracle-Linux-8.5-Gen2-GPU-2022.04.25-0-OKE-1.21.5-248",
                "source_type": "IMAGE"
              },
              {
                "image_id": "ocid1.image.oc1.iad.aaaaaaaapmges56kbakqbhscp4johy5jtzc4hmqnv3wekxgqkvm2vaedeuja",
                "source_name": "Oracle-Linux-8.6-aarch64-2022.06.30-0-OKE-1.21.5-392",
                "source_type": "IMAGE"
              },
              {
                "image_id": "ocid1.image.oc1.iad.aaaaaaaa2caix56v5ul62sdeeb25uogau3fgklit5subvkd62sbqetvvoy5q",
                "source_name": "Oracle-Linux-8.6-aarch64-2022.05.30-0-OKE-1.21.5-311",
                "source_type": "IMAGE"
              },
              {
                "image_id": "ocid1.image.oc1.iad.aaaaaaaatjpjpp6dvmt2hhess3ekilybdvcpwl5cuijaaj6mnndxoa6s3lka",
                "source_name": "Oracle-Linux-8.5-aarch64-2022.04.26-0-OKE-1.21.5-246",
                "source_type": "IMAGE"
              },
              {
                "image_id": "ocid1.image.oc1.iad.aaaaaaaamlvsgoxcm5ekjiouodayntysovjxjcggle3aioweoptwwrfdy77a",
                "source_name": "Oracle-Linux-8.6-2022.06.30-0-OKE-1.24.1-417",
                "source_type": "IMAGE"
              },
              {
                "image_id": "ocid1.image.oc1.iad.aaaaaaaacpxx4kxgknrz5ks4bsql32wat5653oq4jixtfula7zfhvnilineq",
                "source_name": "Oracle-Linux-8.6-Gen2-GPU-2022.06.30-0-OKE-1.24.1-417",
                "source_type": "IMAGE"
              },
              {
                "image_id": "ocid1.image.oc1.iad.aaaaaaaadl5lond67wh3qx64qjpzh2apqmnranxaorhww3vlxxoipjqa53lq",
                "source_name": "Oracle-Linux-8.6-aarch64-2022.06.30-0-OKE-1.24.1-417",
                "source_type": "IMAGE"
              },
              {
                "image_id": "ocid1.image.oc1.iad.aaaaaaaa7l6ujcgbc4sljhemjxyn2nohi3bwuxiz75iqyxp7o4ir4bl5j63a",
                "source_name": "Oracle-Linux-8.6-aarch64-2022.08.29-0",
                "source_type": "IMAGE"
              },
              {
                "image_id": "ocid1.image.oc1.iad.aaaaaaaaznxeujxmpb4spx23p7lo4ovgurzljfgvw7fdk4haivkcxjk7wraa",
                "source_name": "Oracle-Linux-8.6-aarch64-2022.08.08-0",
                "source_type": "IMAGE"
              },
              {
                "image_id": "ocid1.image.oc1.iad.aaaaaaaabibzfmbo7aulkqsh4vnb3h5noehrvd366yr3bpmrqg6dxjunlrda",
                "source_name": "Oracle-Linux-8.6-aarch64-2022.06.30-0",
                "source_type": "IMAGE"
              },
              {
                "image_id": "ocid1.image.oc1.iad.aaaaaaaa3bpybqycr2fp3mwusjdmdnrg6mwx7xevn35av6obekjizma4ph4q",
                "source_name": "Oracle-Linux-8.6-Gen2-GPU-2022.08.29-0",
                "source_type": "IMAGE"
              },
              {
                "image_id": "ocid1.image.oc1.iad.aaaaaaaa5r5rrmygz247s5z7lco3p5oghiuazqfifalxodpvrx4b3uppiuwa",
                "source_name": "Oracle-Linux-8.6-Gen2-GPU-2022.06.30-0",
                "source_type": "IMAGE"
              },
              {
                "image_id": "ocid1.image.oc1.iad.aaaaaaaaayz3f3gtuo64fmiochcvbhw6d6dodtawncoiqvrzvsgpxzulvrla",
                "source_name": "Oracle-Linux-8.6-Gen2-GPU-2022.05.31-0",
                "source_type": "IMAGE"
              },
              {
                "image_id": "ocid1.image.oc1.iad.aaaaaaaasdqmcux7p5sdhhsqygmfzf2n6smemihykfv4bv7qh4235zre75da",
                "source_name": "Oracle-Linux-8.6-2022.08.29-0",
                "source_type": "IMAGE"
              },
              {
                "image_id": "ocid1.image.oc1.iad.aaaaaaaanpammf3j2xcbcoykbwlk3m35ko6svsdj2sut2fjtmnmujcnh3pvq",
                "source_name": "Oracle-Linux-8.6-2022.08.08-0",
                "source_type": "IMAGE"
              },
              {
                "image_id": "ocid1.image.oc1.iad.aaaaaaaapcf3o54qeigj22nowwdtceyepisigpz3fho67l3xm7lmqkrgb62q",
                "source_name": "Oracle-Linux-8.6-2022.06.30-0",
                "source_type": "IMAGE"
              },
              {
                "image_id": "ocid1.image.oc1.iad.aaaaaaaanzjxwelzastd5shw6dp5vp27mun5pbho6wx6stq3bkkdd6qavipq",
                "source_name": "Oracle-Linux-7.9-aarch64-2022.08.29-0",
                "source_type": "IMAGE"
              },
              {
                "image_id": "ocid1.image.oc1.iad.aaaaaaaapmxc6w2u7okcabgaxi4kn6fpqafqbe5aunvieujej6nggpwbtssa",
                "source_name": "Oracle-Linux-7.9-aarch64-2022.08.08-0",
                "source_type": "IMAGE"
              },
              {
                "image_id": "ocid1.image.oc1.iad.aaaaaaaaqzv6xstora7q2kgpnqzy64qcltpbheslarcb4uosal5oudos3vsa",
                "source_name": "Oracle-Linux-7.9-aarch64-2022.06.30-0",
                "source_type": "IMAGE"
              },
              {
                "image_id": "ocid1.image.oc1.iad.aaaaaaaapb2bjo6cirbbitdkyv5723n5ei6h3vocaay2h6b6kqmdajlhjs6a",
                "source_name": "Oracle-Linux-7.9-Gen2-GPU-2022.08.29-0",
                "source_type": "IMAGE"
              },
              {
                "image_id": "ocid1.image.oc1.iad.aaaaaaaa3enxrw3zmppgfydgkmjww32gcwzaqlzqrjg6l4tbz7ntqiwmelba",
                "source_name": "Oracle-Linux-7.9-Gen2-GPU-2022.06.30-0",
                "source_type": "IMAGE"
              },
              {
                "image_id": "ocid1.image.oc1.iad.aaaaaaaa7poxzuhgc4thyi6ozxyrbedzbl56bh3tczfbjiwmzz7aqkdaabwq",
                "source_name": "Oracle-Linux-7.9-Gen2-GPU-2022.05.31-0",
                "source_type": "IMAGE"
              },
              {
                "image_id": "ocid1.image.oc1.iad.aaaaaaaakv7vhpdllpbotmmjvxus3j5nh6wt2n43ddcg3cl5fnq5p6kngkza",
                "source_name": "Oracle-Linux-7.9-2022.08.29-0",
                "source_type": "IMAGE"
              },
              {
                "image_id": "ocid1.image.oc1.iad.aaaaaaaay7aycmqdnjc3y4prhsapf73c6awhevptoik5qeqgzi43s2cdtifq",
                "source_name": "Oracle-Linux-7.9-2022.08.08-0",
                "source_type": "IMAGE"
              },
              {
                "image_id": "ocid1.image.oc1.iad.aaaaaaaaueyjkij7hhvyofeqw5l3efhead27amqvv6dxeq2cbi5ho65iud3a",
                "source_name": "Oracle-Linux-7.9-2022.06.30-0",
                "source_type": "IMAGE"
              },
              {
                "image_id": "ocid1.image.oc1.iad.aaaaaaaay66pu7z27ltbx2uuatzgfywzixbp34wx7xoze52pk33psz47vlfa",
                "source_name": "Oracle-Linux-7.6",
                "source_type": "IMAGE"
              }
            ]
          },
          "sensitive_attributes": []
        }
      ]
    },
    {
      "module": "module.oci-oke[0]",
      "mode": "data",
      "type": "oci_identity_availability_domains",
      "name": "AD",
      "provider": "provider[\"registry.terraform.io/oracle/oci\"]",
      "instances": [
        {
          "schema_version": 0,
          "attributes": {
            "availability_domains": [],
            "compartment_id": "ocid1.tenancy.oc1..aaaaaaaaro7aox2fclu4urtpgsbacnrmjv46e7n4fw3sc2wbq24l7dzf3kba",
            "filter": [
              {
                "name": "name",
                "regex": false,
                "values": [
                  ""
                ]
              }
            ],
            "id": "IdentityAvailabilityDomainsDataSource-1169075442"
          },
          "sensitive_attributes": []
        }
      ]
    },
    {
      "module": "module.oci-oke[0]",
      "mode": "data",
      "type": "oci_identity_availability_domains",
      "name": "ADs",
      "provider": "provider[\"registry.terraform.io/oracle/oci\"]",
      "instances": [
        {
          "schema_version": 0,
          "attributes": {
            "availability_domains": [
              {
                "compartment_id": "ocid1.tenancy.oc1..aaaaaaaaro7aox2fclu4urtpgsbacnrmjv46e7n4fw3sc2wbq24l7dzf3kba",
                "id": "ocid1.availabilitydomain.oc1..aaaaaaaaztunlny6ae4yw2vghp5go2zceaonwp6wiioe3tnh2vlaxjjl2n3a",
                "name": "bxtG:US-ASHBURN-AD-1"
              },
              {
                "compartment_id": "ocid1.tenancy.oc1..aaaaaaaaro7aox2fclu4urtpgsbacnrmjv46e7n4fw3sc2wbq24l7dzf3kba",
                "id": "ocid1.availabilitydomain.oc1..aaaaaaaauvt2n7pijol7uqgdnnsoojcukrijtmcltvfwxazmitk235wyohta",
                "name": "bxtG:US-ASHBURN-AD-2"
              },
              {
                "compartment_id": "ocid1.tenancy.oc1..aaaaaaaaro7aox2fclu4urtpgsbacnrmjv46e7n4fw3sc2wbq24l7dzf3kba",
                "id": "ocid1.availabilitydomain.oc1..aaaaaaaatrwxaogr7dl4yschqtrmqrdv6uzis3mgbnomiagqrfhcb7mxsfdq",
                "name": "bxtG:US-ASHBURN-AD-3"
              }
            ],
            "compartment_id": "ocid1.tenancy.oc1..aaaaaaaaro7aox2fclu4urtpgsbacnrmjv46e7n4fw3sc2wbq24l7dzf3kba",
            "filter": null,
            "id": "IdentityAvailabilityDomainsDataSource-1169075442"
          },
          "sensitive_attributes": []
        }
      ]
    },
    {
      "module": "module.oci-oke[0]",
      "mode": "managed",
      "type": "oci_containerengine_cluster",
      "name": "oci_oke_cluster",
      "provider": "provider[\"registry.terraform.io/oracle/oci\"]",
      "instances": [
        {
          "schema_version": 0,
          "attributes": {
            "available_kubernetes_upgrades": [],
            "cluster_pod_network_options": [
              {
                "cni_type": "FLANNEL_OVERLAY"
              }
            ],
            "compartment_id": "ocid1.compartment.oc1..aaaaaaaalpco7s53yuj7s7d42neodtn7rtj6e2trjijpgvywy4rxnnegc4iq",
            "defined_tags": {
              "ArchitectureCenter\\ci-cd-pipe-oci-devops-63b2.release": "1.1.2",
              "default_tags.CreatedBy": "oracleidentitycloudservice/diksha.m.munjal@oracle.com",
              "default_tags.CreatedOn": "2022-09-15T13:01:24.839Z"
            },
            "endpoint_config": [
              {
                "is_public_ip_enabled": true,
                "nsg_ids": null,
                "subnet_id": "ocid1.subnet.oc1.iad.aaaaaaaagxbcephymi46rqjg5v6fr66ixutaamg23vd26frnr7y2cadiih7a"
              }
            ],
            "endpoints": [
              {
                "kubernetes": "",
                "private_endpoint": "10.20.0.10:6443",
                "public_endpoint": "141.148.72.33:6443",
                "vcn_hostname_endpoint": "c2blo2mc5bq.okek8snefbn.okeefbn.oraclevcn.com:6443"
              }
            ],
            "freeform_tags": {},
            "id": "ocid1.cluster.oc1.iad.aaaaaaaag65co3xrekpcmlt226wtq3bjbaz6fdn22u7fckzebc2blo2mc5bq",
            "image_policy_config": [
              {
                "is_policy_enabled": false,
                "key_details": []
              }
            ],
            "kms_key_id": null,
            "kubernetes_version": "v1.24.1",
            "lifecycle_details": null,
            "metadata": [
              {
                "created_by_user_id": "ocid1.user.oc1..aaaaaaaaubwuervv4b4x2dczcxqpbd25wldhv5ayin2fdh4s3elb7wd52cba",
                "created_by_work_request_id": "ocid1.clustersworkrequest.oc1.iad.aaaaaaaaojncjklnmszlhkdp5zukoxpxerxlowkqbusg33shbw2ufty635ha",
                "deleted_by_user_id": "",
                "deleted_by_work_request_id": "",
                "time_created": "2022-09-15 13:01:26 +0000 UTC",
                "time_deleted": "",
                "time_updated": "",
                "updated_by_user_id": "",
                "updated_by_work_request_id": ""
              }
            ],
            "name": "DevOps (efBn)",
            "options": [
              {
                "add_ons": [
                  {
                    "is_kubernetes_dashboard_enabled": false,
                    "is_tiller_enabled": false
                  }
                ],
                "admission_controller_options": [
                  {
                    "is_pod_security_policy_enabled": false
                  }
                ],
                "kubernetes_network_config": [
                  {
                    "pods_cidr": "10.244.0.0/16",
                    "services_cidr": "10.96.0.0/16"
                  }
                ],
                "persistent_volume_config": [
                  {
                    "defined_tags": {},
                    "freeform_tags": {}
                  }
                ],
                "service_lb_config": [
                  {
                    "defined_tags": {},
                    "freeform_tags": {}
                  }
                ],
                "service_lb_subnet_ids": [
                  "ocid1.subnet.oc1.iad.aaaaaaaaxaalzjpebuhpppjsse4o3fbviamlr2uzq4crqo4mkbop75v7tr7q"
                ]
              }
            ],
            "state": "ACTIVE",
            "timeouts": null,
            "vcn_id": "ocid1.vcn.oc1.iad.amaaaaaaak7gbrias3pznj6j4jwz4dd5tfz2if76kuzbv3voh46s25xq5mkq"
          },
          "sensitive_attributes": [],
          "private": "eyJlMmJmYjczMC1lY2FhLTExZTYtOGY4OC0zNDM2M2JjN2M0YzAiOnsiY3JlYXRlIjozNjAwMDAwMDAwMDAwLCJkZWxldGUiOjM2MDAwMDAwMDAwMDAsInVwZGF0ZSI6MzYwMDAwMDAwMDAwMH19",
          "dependencies": [
            "data.oci_containerengine_cluster_option.oke",
            "data.oci_core_services.all_services",
            "data.oci_identity_regions.home_region",
            "module.oci-oke.oci_core_subnet.oke_api_endpoint_subnet",
            "module.oci-oke.oci_core_subnet.oke_lb_subnet",
            "module.oci-oke.oci_core_vcn.oke_vcn",
            "oci_core_internet_gateway.oke_internet_gateway",
            "oci_core_nat_gateway.oke_nat_gateway",
            "oci_core_route_table.oke_private_route_table",
            "oci_core_route_table.oke_public_route_table",
            "oci_core_security_list.oke_endpoint_security_list",
            "oci_core_security_list.oke_lb_security_list",
            "oci_core_service_gateway.oke_service_gateway",
            "oci_core_subnet.oke_k8s_endpoint_subnet",
            "oci_core_subnet.oke_lb_subnet",
            "oci_core_virtual_network.oke_vcn",
            "oci_identity_tag.ArchitectureCenterTag",
            "oci_identity_tag_namespace.ArchitectureCenterTagNamespace",
            "random_id.tag",
            "random_string.deploy_id"
          ]
        }
      ]
    },
    {
      "module": "module.oci-oke[0]",
      "mode": "managed",
      "type": "oci_containerengine_node_pool",
      "name": "oci_oke_node_pool",
      "provider": "provider[\"registry.terraform.io/oracle/oci\"]",
      "instances": [
        {
          "schema_version": 0,
          "attributes": {
            "cluster_id": "ocid1.cluster.oc1.iad.aaaaaaaag65co3xrekpcmlt226wtq3bjbaz6fdn22u7fckzebc2blo2mc5bq",
            "compartment_id": "ocid1.compartment.oc1..aaaaaaaalpco7s53yuj7s7d42neodtn7rtj6e2trjijpgvywy4rxnnegc4iq",
            "defined_tags": {
              "ArchitectureCenter\\ci-cd-pipe-oci-devops-63b2.release": "1.1.2",
              "default_tags.CreatedBy": "oracleidentitycloudservice/diksha.m.munjal@oracle.com",
              "default_tags.CreatedOn": "2022-09-15T13:10:08.170Z"
            },
            "freeform_tags": {},
            "id": "ocid1.nodepool.oc1.iad.aaaaaaaapjfyp67wwvcxa3sqqbe6isxe3th4e6tbugvwv5afgnrt3hu4fndq",
            "initial_node_labels": [
              {
                "key": "key",
                "value": "value"
              }
            ],
            "kubernetes_version": "v1.24.1",
            "lifecycle_details": null,
            "name": "pool1",
            "node_config_details": [
              {
                "defined_tags": {
                  "ArchitectureCenter\\ci-cd-pipe-oci-devops-63b2.release": "1.1.2"
                },
                "freeform_tags": {},
                "is_pv_encryption_in_transit_enabled": false,
                "kms_key_id": "",
                "node_pool_pod_network_option_details": [
                  {
                    "cni_type": "FLANNEL_OVERLAY",
                    "max_pods_per_node": 0,
                    "pod_nsg_ids": [],
                    "pod_subnet_ids": []
                  }
                ],
                "nsg_ids": [],
                "placement_configs": [
                  {
                    "availability_domain": "bxtG:US-ASHBURN-AD-1",
                    "capacity_reservation_id": "",
                    "fault_domains": [],
                    "subnet_id": "ocid1.subnet.oc1.iad.aaaaaaaaxy4aygpfxe6lwk6dl54tdupwivsskliqxlqoxnh6jfilq7lyrxwa"
                  },
                  {
                    "availability_domain": "bxtG:US-ASHBURN-AD-2",
                    "capacity_reservation_id": "",
                    "fault_domains": [],
                    "subnet_id": "ocid1.subnet.oc1.iad.aaaaaaaaxy4aygpfxe6lwk6dl54tdupwivsskliqxlqoxnh6jfilq7lyrxwa"
                  },
                  {
                    "availability_domain": "bxtG:US-ASHBURN-AD-3",
                    "capacity_reservation_id": "",
                    "fault_domains": [],
                    "subnet_id": "ocid1.subnet.oc1.iad.aaaaaaaaxy4aygpfxe6lwk6dl54tdupwivsskliqxlqoxnh6jfilq7lyrxwa"
                  }
                ],
                "size": 3
              }
            ],
            "node_eviction_node_pool_settings": [],
            "node_image_id": "ocid1.image.oc1.iad.aaaaaaaabq34jg7e6v3niwwytgxloo5eges3zy4vbvdpjcb7ojtrew3edbda",
            "node_image_name": "Oracle-Linux-7.9-2022.06.30-0-OKE-1.24.1-417",
            "node_metadata": {},
            "node_shape": "VM.Standard.E3.Flex",
            "node_shape_config": [
              {
                "memory_in_gbs": 16,
                "ocpus": 1
              }
            ],
            "node_source": [
              {
                "image_id": "ocid1.image.oc1.iad.aaaaaaaabq34jg7e6v3niwwytgxloo5eges3zy4vbvdpjcb7ojtrew3edbda",
                "source_name": "Oracle-Linux-7.9-2022.06.30-0-OKE-1.24.1-417",
                "source_type": "IMAGE"
              }
            ],
            "node_source_details": [
              {
                "boot_volume_size_in_gbs": "60",
                "image_id": "ocid1.image.oc1.iad.aaaaaaaabq34jg7e6v3niwwytgxloo5eges3zy4vbvdpjcb7ojtrew3edbda",
                "source_type": "IMAGE"
              }
            ],
            "nodes": [
              {
                "availability_domain": "bxtG:US-ASHBURN-AD-3",
                "defined_tags": {},
                "error": [],
                "fault_domain": "FAULT-DOMAIN-1",
                "freeform_tags": {},
                "id": "ocid1.instance.oc1.iad.anuwcljtak7gbric3rukd4tuvtmcsjvoolwcuzyw5hoyenxk7wlx5lekhh2a",
                "kubernetes_version": "v1.24.1",
                "lifecycle_details": "",
                "name": "oke-c2blo2mc5bq-nrt3hu4fndq-silq7lyrxwa-0",
                "node_pool_id": "ocid1.nodepool.oc1.iad.aaaaaaaapjfyp67wwvcxa3sqqbe6isxe3th4e6tbugvwv5afgnrt3hu4fndq",
                "private_ip": "10.20.10.24",
                "public_ip": "",
                "state": "ACTIVE",
                "subnet_id": "ocid1.subnet.oc1.iad.aaaaaaaaxy4aygpfxe6lwk6dl54tdupwivsskliqxlqoxnh6jfilq7lyrxwa"
              },
              {
                "availability_domain": "bxtG:US-ASHBURN-AD-2",
                "defined_tags": {},
                "error": [],
                "fault_domain": "FAULT-DOMAIN-2",
                "freeform_tags": {},
                "id": "ocid1.instance.oc1.iad.anuwcljrak7gbricymi7c43nw2vythlp4ccibo4lfjwquop2y5wpwqdjbo7a",
                "kubernetes_version": "v1.24.1",
                "lifecycle_details": "",
                "name": "oke-c2blo2mc5bq-nrt3hu4fndq-silq7lyrxwa-1",
                "node_pool_id": "ocid1.nodepool.oc1.iad.aaaaaaaapjfyp67wwvcxa3sqqbe6isxe3th4e6tbugvwv5afgnrt3hu4fndq",
                "private_ip": "10.20.10.153",
                "public_ip": "",
                "state": "ACTIVE",
                "subnet_id": "ocid1.subnet.oc1.iad.aaaaaaaaxy4aygpfxe6lwk6dl54tdupwivsskliqxlqoxnh6jfilq7lyrxwa"
              },
              {
                "availability_domain": "bxtG:US-ASHBURN-AD-1",
                "defined_tags": {},
                "error": [],
                "fault_domain": "FAULT-DOMAIN-3",
                "freeform_tags": {},
                "id": "ocid1.instance.oc1.iad.anuwcljsak7gbricirmj7a2l5xdnth4hl6ho4mb344lzedvicephuxsdgnpq",
                "kubernetes_version": "v1.24.1",
                "lifecycle_details": "",
                "name": "oke-c2blo2mc5bq-nrt3hu4fndq-silq7lyrxwa-2",
                "node_pool_id": "ocid1.nodepool.oc1.iad.aaaaaaaapjfyp67wwvcxa3sqqbe6isxe3th4e6tbugvwv5afgnrt3hu4fndq",
                "private_ip": "10.20.10.202",
                "public_ip": "",
                "state": "ACTIVE",
                "subnet_id": "ocid1.subnet.oc1.iad.aaaaaaaaxy4aygpfxe6lwk6dl54tdupwivsskliqxlqoxnh6jfilq7lyrxwa"
              }
            ],
            "quantity_per_subnet": 0,
            "ssh_public_key": "ssh-rsa AAAAB3NzaC1yc2EAAAADAQABAAABAQC0lAsqgMxydEGYN6nBHMJV5e0UmR18znY1+hmYOHc3V+I3G/Auv6B0oH088hfe4or4Q/cPhTuGhgMBPRlXKD4GL0i8WC8lO2wxme9LW79GitUEQmoZmsFSv0ATtFqivn/8hT96hPgtWq8OMAQMfw0IKXdfZ2UMc11ueI+7mHnDLU2IKrHncC48z2wyYbMhCq7E0mjdf9+bFDSyMjaMdQgb7L3/Qk277RHC+AiZxkbWR7+tUe0iVjNF8988zNO5EPdwZTkPvL4YK7VEDcI4OO9URhmWofoxd4gCgPxwwJ6EG2Z+d+CO+aQvfZ2l7ClQPB+XsX0i+fwFXXJbk3oKW94t\n",
            "state": "ACTIVE",
            "subnet_ids": [
              "ocid1.subnet.oc1.iad.aaaaaaaaxy4aygpfxe6lwk6dl54tdupwivsskliqxlqoxnh6jfilq7lyrxwa"
            ],
            "timeouts": null
          },
          "sensitive_attributes": [],
          "private": "eyJlMmJmYjczMC1lY2FhLTExZTYtOGY4OC0zNDM2M2JjN2M0YzAiOnsiY3JlYXRlIjozMDAwMDAwMDAwMDAwLCJkZWxldGUiOjMwMDAwMDAwMDAwMDAsInVwZGF0ZSI6MzAwMDAwMDAwMDAwMH19",
          "dependencies": [
            "data.oci_containerengine_cluster_option.oke",
            "data.oci_core_services.all_services",
            "data.oci_identity_regions.home_region",
            "module.oci-oke.data.oci_containerengine_node_pool_option.oci_oke_node_pool_option",
            "module.oci-oke.data.oci_identity_availability_domains.AD",
            "module.oci-oke.data.oci_identity_availability_domains.ADs",
            "module.oci-oke.oci_containerengine_cluster.oci_oke_cluster",
            "module.oci-oke.oci_core_subnet.oke_api_endpoint_subnet",
            "module.oci-oke.oci_core_subnet.oke_lb_subnet",
            "module.oci-oke.oci_core_subnet.oke_nodepool_subnet",
            "module.oci-oke.oci_core_vcn.oke_vcn",
            "module.oci-oke.tls_private_key.public_private_key_pair",
            "oci_core_internet_gateway.oke_internet_gateway",
            "oci_core_nat_gateway.oke_nat_gateway",
            "oci_core_route_table.oke_private_route_table",
            "oci_core_route_table.oke_public_route_table",
            "oci_core_security_list.oke_endpoint_security_list",
            "oci_core_security_list.oke_lb_security_list",
            "oci_core_security_list.oke_nodes_security_list",
            "oci_core_service_gateway.oke_service_gateway",
            "oci_core_subnet.oke_k8s_endpoint_subnet",
            "oci_core_subnet.oke_lb_subnet",
            "oci_core_subnet.oke_nodes_subnet",
            "oci_core_virtual_network.oke_vcn",
            "oci_identity_tag.ArchitectureCenterTag",
            "oci_identity_tag_namespace.ArchitectureCenterTagNamespace",
            "random_id.tag",
            "random_string.deploy_id",
            "tls_private_key.oke_worker_node_ssh_key"
          ]
        }
      ]
    },
    {
      "module": "module.oci-oke[0]",
      "mode": "managed",
      "type": "tls_private_key",
      "name": "public_private_key_pair",
      "provider": "provider[\"registry.terraform.io/hashicorp/tls\"]",
      "instances": [
        {
          "schema_version": 1,
          "attributes": {
            "algorithm": "RSA",
            "ecdsa_curve": "P224",
            "id": "2c51dac8af536a55279f8da3ae309c374fda0c12",
            "private_key_openssh": "-----BEGIN OPENSSH PRIVATE KEY-----\nb3BlbnNzaC1rZXktdjEAAAAABG5vbmUAAAAEbm9uZQAAAAAAAAABAAABFwAAAAdz\nc2gtcnNhAAAAAwEAAQAAAQEAvZItgsCuP/MR2qU1YPmKNoNbuH6mWzTvDYBRLTax\nSaIk9r86i/bTxaFIozFYso+lQoL3w9NIsom2+3U7LzrW5M4Nn8OdGRPmkghwoBi2\nXiCX5JI9tkR6BB8U9ts7lmTK/0hvenF4tzFgtufXLBjMTPWpc02GREYeehyKlXCa\nS21Zqpedjh8l0eDSK9djqFhgZswmEoK6pUIkaO09LzgvYn7aM+jvTNqh+gFubdF1\niN70bNVyjikbs4f0N7LwhaC35LHw+WZDzQRKbjAL8h7S/CL8nTZTTG9fSqmy5tLB\n0ez1iw/W2UiP+sUMBJeCqjmPU8njAWxRIjntZzrdabIDbQAAA7j5U/+u+VP/rgAA\nAAdzc2gtcnNhAAABAQC9ki2CwK4/8xHapTVg+Yo2g1u4fqZbNO8NgFEtNrFJoiT2\nvzqL9tPFoUijMViyj6VCgvfD00iyibb7dTsvOtbkzg2fw50ZE+aSCHCgGLZeIJfk\nkj22RHoEHxT22zuWZMr/SG96cXi3MWC259csGMxM9alzTYZERh56HIqVcJpLbVmq\nl52OHyXR4NIr12OoWGBmzCYSgrqlQiRo7T0vOC9iftoz6O9M2qH6AW5t0XWI3vRs\n1XKOKRuzh/Q3svCFoLfksfD5ZkPNBEpuMAvyHtL8IvydNlNMb19KqbLm0sHR7PWL\nD9bZSI/6xQwEl4KqOY9TyeMBbFEiOe1nOt1psgNtAAAAAwEAAQAAAQEAoqHlqWbk\nFrjReGKDiM6MZHgNGBqPXW/sJgkPm1pwfls8mvMzpx/6TnIvftG25nmVrZnuNXHt\nzD2ZXeEVBU/VTDX6OjX3cKxCAsZ62N5aliYgKVfM2bGlfCOuOJmcZUnTXW8nNERk\n68TQ1BnR32Lm4p9e4CyCI9CEFP6nZc1UkZ+kaUV926FEa7k+hqf1hv/pezyvsmM4\n4xMQX8Z4kKB7rKHIIyxCMjXyOzuyn2TTlak/0ViKFcr7GYC814hhGGLLxbFQG82p\nhkRJOZI0/NeaYMKN+KNbzoeYzQjbebLSgZY5Jz4XsZ2BCoHq1xzGpqrwrsLgKbhM\nMb7DJEBZnDS1gQAAAIAlmgZ9Eltegu+EFBqS0+VBC4LgdqiBVSokXr98SEViWBZP\nmhDvGGXn/BjPOpa6H93X5vkyHc4S+Ex4fW9yHfGRJOygfNEcJyoiuFOxwAh1Gzqu\nAASKKkWgVzgsg3At6cbs/pvVtpvsZ1GqD28hMKdMn4p9Ih3tTRcjgCWImEbXmAAA\nAIEA2aAdmyjSXkbNz0PY1fwTNL8uf76HyiJYirDXWOThvSV/xp1a4s75Bv/VtulW\nEwPbB2aFlSajVf3bEc3ySXV68bl+yxonkr9Ri6EMqvV6rfVNXMFAZqcO5jPf1Iuc\nw+0MKt0jFtiX+zjrW11FBB8Qto1e5/fb/Dz9+36w433l3QMAAACBAN7/pkVEqpyl\nv59kP9h/ATKrqtvgye6WrHZfijKSyJ8OF3XE8PTlEx/HsbNQgUWyDUx8EyCnY+Ru\nvKoPrzOps2Dd2EaYcYSF/GaD3tULJ3aCZ407K+MYB4+UOy/K5mHmJlDiIFVsHzr3\nvzh6/m8VWfzwJUREwOWIXxwmAnt3dhrPAAAAAAEC\n-----END OPENSSH PRIVATE KEY-----\n",
            "private_key_pem": "-----BEGIN RSA PRIVATE KEY-----\nMIIEpAIBAAKCAQEAvZItgsCuP/MR2qU1YPmKNoNbuH6mWzTvDYBRLTaxSaIk9r86\ni/bTxaFIozFYso+lQoL3w9NIsom2+3U7LzrW5M4Nn8OdGRPmkghwoBi2XiCX5JI9\ntkR6BB8U9ts7lmTK/0hvenF4tzFgtufXLBjMTPWpc02GREYeehyKlXCaS21Zqped\njh8l0eDSK9djqFhgZswmEoK6pUIkaO09LzgvYn7aM+jvTNqh+gFubdF1iN70bNVy\njikbs4f0N7LwhaC35LHw+WZDzQRKbjAL8h7S/CL8nTZTTG9fSqmy5tLB0ez1iw/W\n2UiP+sUMBJeCqjmPU8njAWxRIjntZzrdabIDbQIDAQABAoIBAQCioeWpZuQWuNF4\nYoOIzoxkeA0YGo9db+wmCQ+bWnB+Wzya8zOnH/pOci9+0bbmeZWtme41ce3MPZld\n4RUFT9VMNfo6NfdwrEICxnrY3lqWJiApV8zZsaV8I644mZxlSdNdbyc0RGTrxNDU\nGdHfYubin17gLIIj0IQU/qdlzVSRn6RpRX3boURruT6Gp/WG/+l7PK+yYzjjExBf\nxniQoHusocgjLEIyNfI7O7KfZNOVqT/RWIoVyvsZgLzXiGEYYsvFsVAbzamGREk5\nkjT815pgwo34o1vOh5jNCNt5stKBljknPhexnYEKgerXHMamqvCuwuApuEwxvsMk\nQFmcNLWBAoGBANmgHZso0l5Gzc9D2NX8EzS/Ln++h8oiWIqw11jk4b0lf8adWuLO\n+Qb/1bbpVhMD2wdmhZUmo1X92xHN8kl1evG5fssaJ5K/UYuhDKr1eq31TVzBQGan\nDuYz39SLnMPtDCrdIxbYl/s461tdRQQfELaNXuf32/w8/ft+sON95d0DAoGBAN7/\npkVEqpylv59kP9h/ATKrqtvgye6WrHZfijKSyJ8OF3XE8PTlEx/HsbNQgUWyDUx8\nEyCnY+RuvKoPrzOps2Dd2EaYcYSF/GaD3tULJ3aCZ407K+MYB4+UOy/K5mHmJlDi\nIFVsHzr3vzh6/m8VWfzwJUREwOWIXxwmAnt3dhrPAoGBAMTgxoftCUvC8EQW1B7a\nOiHY518n5j6mjcWCsH86KUJtn0f2aReRONbtMdGVDIqNTWRHiofheZi83Kgh0ZRF\nVOFD+AIT+kMXE9Wm8AflpoOjzMYiCnoTnjYCLfdiCoNxezV381uivPPIjZuNKHfP\nBtav1HE02W47W2ZfOfXEmuQzAoGAaoh9mYf1bgKtKeuNqNL78oYaiRK5xbbLy31X\nG1QObhYgVQ3yAzzQxxTyqvSh3XbzbX+075uoWEAi96eojqja3kL9iLRZPvN3ok4L\njYHXp4EjEVCcZdBcBFbPc8SeDVUTJv7wbX7K6LPk8Ymotc7gf7sGQrgJ414j+eGa\nu/tVO/cCgYAlmgZ9Eltegu+EFBqS0+VBC4LgdqiBVSokXr98SEViWBZPmhDvGGXn\n/BjPOpa6H93X5vkyHc4S+Ex4fW9yHfGRJOygfNEcJyoiuFOxwAh1GzquAASKKkWg\nVzgsg3At6cbs/pvVtpvsZ1GqD28hMKdMn4p9Ih3tTRcjgCWImEbXmA==\n-----END RSA PRIVATE KEY-----\n",
            "private_key_pem_pkcs8": "-----BEGIN PRIVATE KEY-----\nMIIEvgIBADANBgkqhkiG9w0BAQEFAASCBKgwggSkAgEAAoIBAQC9ki2CwK4/8xHa\npTVg+Yo2g1u4fqZbNO8NgFEtNrFJoiT2vzqL9tPFoUijMViyj6VCgvfD00iyibb7\ndTsvOtbkzg2fw50ZE+aSCHCgGLZeIJfkkj22RHoEHxT22zuWZMr/SG96cXi3MWC2\n59csGMxM9alzTYZERh56HIqVcJpLbVmql52OHyXR4NIr12OoWGBmzCYSgrqlQiRo\n7T0vOC9iftoz6O9M2qH6AW5t0XWI3vRs1XKOKRuzh/Q3svCFoLfksfD5ZkPNBEpu\nMAvyHtL8IvydNlNMb19KqbLm0sHR7PWLD9bZSI/6xQwEl4KqOY9TyeMBbFEiOe1n\nOt1psgNtAgMBAAECggEBAKKh5alm5Ba40Xhig4jOjGR4DRgaj11v7CYJD5tacH5b\nPJrzM6cf+k5yL37RtuZ5la2Z7jVx7cw9mV3hFQVP1Uw1+jo193CsQgLGetjeWpYm\nIClXzNmxpXwjrjiZnGVJ011vJzREZOvE0NQZ0d9i5uKfXuAsgiPQhBT+p2XNVJGf\npGlFfduhRGu5Poan9Yb/6Xs8r7JjOOMTEF/GeJCge6yhyCMsQjI18js7sp9k05Wp\nP9FYihXK+xmAvNeIYRhiy8WxUBvNqYZESTmSNPzXmmDCjfijW86HmM0I23my0oGW\nOSc+F7GdgQqB6tccxqaq8K7C4Cm4TDG+wyRAWZw0tYECgYEA2aAdmyjSXkbNz0PY\n1fwTNL8uf76HyiJYirDXWOThvSV/xp1a4s75Bv/VtulWEwPbB2aFlSajVf3bEc3y\nSXV68bl+yxonkr9Ri6EMqvV6rfVNXMFAZqcO5jPf1Iucw+0MKt0jFtiX+zjrW11F\nBB8Qto1e5/fb/Dz9+36w433l3QMCgYEA3v+mRUSqnKW/n2Q/2H8BMquq2+DJ7pas\ndl+KMpLInw4XdcTw9OUTH8exs1CBRbINTHwTIKdj5G68qg+vM6mzYN3YRphxhIX8\nZoPe1QsndoJnjTsr4xgHj5Q7L8rmYeYmUOIgVWwfOve/OHr+bxVZ/PAlRETA5Yhf\nHCYCe3d2Gs8CgYEAxODGh+0JS8LwRBbUHto6IdjnXyfmPqaNxYKwfzopQm2fR/Zp\nF5E41u0x0ZUMio1NZEeKh+F5mLzcqCHRlEVU4UP4AhP6QxcT1abwB+Wmg6PMxiIK\nehOeNgIt92IKg3F7NXfzW6K888iNm40od88G1q/UcTTZbjtbZl859cSa5DMCgYBq\niH2Zh/VuAq0p642o0vvyhhqJErnFtsvLfVcbVA5uFiBVDfIDPNDHFPKq9KHddvNt\nf7Tvm6hYQCL3p6iOqNreQv2ItFk+83eiTguNgdengSMRUJxl0FwEVs9zxJ4NVRMm\n/vBtfsros+Txiai1zuB/uwZCuAnjXiP54Zq7+1U79wKBgCWaBn0SW16C74QUGpLT\n5UELguB2qIFVKiRev3xIRWJYFk+aEO8YZef8GM86lrof3dfm+TIdzhL4THh9b3Id\n8ZEk7KB80RwnKiK4U7HACHUbOq4ABIoqRaBXOCyDcC3pxuz+m9W2m+xnUaoPbyEw\np0yfin0iHe1NFyOAJYiYRteY\n-----END PRIVATE KEY-----\n",
            "public_key_fingerprint_md5": "c1:1f:b5:d7:f8:fb:76:32:23:12:6b:fe:71:16:cd:c8",
            "public_key_fingerprint_sha256": "SHA256:X6QVSjNO7BGjnZfeWksI4xWsknLgbgOS/C96aaJnHC0",
            "public_key_openssh": "ssh-rsa AAAAB3NzaC1yc2EAAAADAQABAAABAQC9ki2CwK4/8xHapTVg+Yo2g1u4fqZbNO8NgFEtNrFJoiT2vzqL9tPFoUijMViyj6VCgvfD00iyibb7dTsvOtbkzg2fw50ZE+aSCHCgGLZeIJfkkj22RHoEHxT22zuWZMr/SG96cXi3MWC259csGMxM9alzTYZERh56HIqVcJpLbVmql52OHyXR4NIr12OoWGBmzCYSgrqlQiRo7T0vOC9iftoz6O9M2qH6AW5t0XWI3vRs1XKOKRuzh/Q3svCFoLfksfD5ZkPNBEpuMAvyHtL8IvydNlNMb19KqbLm0sHR7PWLD9bZSI/6xQwEl4KqOY9TyeMBbFEiOe1nOt1psgNt\n",
            "public_key_pem": "-----BEGIN PUBLIC KEY-----\nMIIBIjANBgkqhkiG9w0BAQEFAAOCAQ8AMIIBCgKCAQEAvZItgsCuP/MR2qU1YPmK\nNoNbuH6mWzTvDYBRLTaxSaIk9r86i/bTxaFIozFYso+lQoL3w9NIsom2+3U7LzrW\n5M4Nn8OdGRPmkghwoBi2XiCX5JI9tkR6BB8U9ts7lmTK/0hvenF4tzFgtufXLBjM\nTPWpc02GREYeehyKlXCaS21Zqpedjh8l0eDSK9djqFhgZswmEoK6pUIkaO09Lzgv\nYn7aM+jvTNqh+gFubdF1iN70bNVyjikbs4f0N7LwhaC35LHw+WZDzQRKbjAL8h7S\n/CL8nTZTTG9fSqmy5tLB0ez1iw/W2UiP+sUMBJeCqjmPU8njAWxRIjntZzrdabID\nbQIDAQAB\n-----END PUBLIC KEY-----\n",
            "rsa_bits": 2048
          },
          "sensitive_attributes": []
        }
      ]
    }
  ]
}
